// !$*UTF8*$!
{
	archiveVersion = 1;
	classes = {
	};
	objectVersion = 60;
	objects = {

/* Begin PBXBuildFile section */
		27AAD0462B815D7D000343C4 /* Preview Assets.xcassets in Resources */ = {isa = PBXBuildFile; fileRef = 27AAD0452B815D7D000343C4 /* Preview Assets.xcassets */; };
		27AAD07A2B83F6E6000343C4 /* HouseholdRowView.swift in Sources */ = {isa = PBXBuildFile; fileRef = 27AAD04D2B83F6E5000343C4 /* HouseholdRowView.swift */; };
		27AAD07B2B83F6E6000343C4 /* DateSelectionView.swift in Sources */ = {isa = PBXBuildFile; fileRef = 27AAD04E2B83F6E5000343C4 /* DateSelectionView.swift */; };
		27AAD07C2B83F6E6000343C4 /* FamilyJoinHouseholdPhaseView.swift in Sources */ = {isa = PBXBuildFile; fileRef = 27AAD04F2B83F6E5000343C4 /* FamilyJoinHouseholdPhaseView.swift */; };
		27AAD07D2B83F6E6000343C4 /* BirthdaysView.swift in Sources */ = {isa = PBXBuildFile; fileRef = 27AAD0502B83F6E5000343C4 /* BirthdaysView.swift */; };
		27AAD07E2B83F6E6000343C4 /* DataCheckReportView.swift in Sources */ = {isa = PBXBuildFile; fileRef = 27AAD0512B83F6E5000343C4 /* DataCheckReportView.swift */; };
		27AAD07F2B83F6E6000343C4 /* FamilyRelationship.swift in Sources */ = {isa = PBXBuildFile; fileRef = 27AAD0522B83F6E5000343C4 /* FamilyRelationship.swift */; };
		27AAD0802B83F6E6000343C4 /* CryptoKey.swift in Sources */ = {isa = PBXBuildFile; fileRef = 27AAD0532B83F6E5000343C4 /* CryptoKey.swift */; };
		27AAD0812B83F6E6000343C4 /* DataCheckReport.swift in Sources */ = {isa = PBXBuildFile; fileRef = 27AAD0542B83F6E5000343C4 /* DataCheckReport.swift */; };
		27AAD0822B83F6E6000343C4 /* BaptismsView.swift in Sources */ = {isa = PBXBuildFile; fileRef = 27AAD0552B83F6E5000343C4 /* BaptismsView.swift */; };
		27AAD0832B83F6E6000343C4 /* BaptismsEntryView.swift in Sources */ = {isa = PBXBuildFile; fileRef = 27AAD0562B83F6E5000343C4 /* BaptismsEntryView.swift */; };
		27AAD0842B83F6E6000343C4 /* EditDisplayView.swift in Sources */ = {isa = PBXBuildFile; fileRef = 27AAD0572B83F6E5000343C4 /* EditDisplayView.swift */; };
		27AAD0852B83F6E6000343C4 /* EditOptionalTextView.swift in Sources */ = {isa = PBXBuildFile; fileRef = 27AAD0582B83F6E5000343C4 /* EditOptionalTextView.swift */; };
		27AAD0862B83F6E6000343C4 /* CoreMemberView.swift in Sources */ = {isa = PBXBuildFile; fileRef = 27AAD0592B83F6E5000343C4 /* CoreMemberView.swift */; };
		27AAD0872B83F6E6000343C4 /* CompactToggleView.swift in Sources */ = {isa = PBXBuildFile; fileRef = 27AAD05A2B83F6E5000343C4 /* CompactToggleView.swift */; };
		27AAD0882B83F6E6000343C4 /* DirectoryView.swift in Sources */ = {isa = PBXBuildFile; fileRef = 27AAD05B2B83F6E5000343C4 /* DirectoryView.swift */; };
		27AAD0892B83F6E6000343C4 /* FamilyDismissedTransactionView.swift in Sources */ = {isa = PBXBuildFile; fileRef = 27AAD05C2B83F6E5000343C4 /* FamilyDismissedTransactionView.swift */; };
		27AAD08A2B83F6E6000343C4 /* FamilyDismissedVerificationView.swift in Sources */ = {isa = PBXBuildFile; fileRef = 27AAD05D2B83F6E5000343C4 /* FamilyDismissedVerificationView.swift */; };
		27AAD08B2B83F6E6000343C4 /* BirthdaysResultsView.swift in Sources */ = {isa = PBXBuildFile; fileRef = 27AAD05E2B83F6E5000343C4 /* BirthdaysResultsView.swift */; };
		27AAD08C2B83F6E6000343C4 /* EditTextView.swift in Sources */ = {isa = PBXBuildFile; fileRef = 27AAD05F2B83F6E5000343C4 /* EditTextView.swift */; };
		27AAD08D2B83F6E6000343C4 /* FileView.swift in Sources */ = {isa = PBXBuildFile; fileRef = 27AAD0602B83F6E5000343C4 /* FileView.swift */; };
		27AAD08E2B83F6E6000343C4 /* AddressEditView.swift in Sources */ = {isa = PBXBuildFile; fileRef = 27AAD0612B83F6E5000343C4 /* AddressEditView.swift */; };
		27AAD08F2B83F6E6000343C4 /* BirthdaysEntryView.swift in Sources */ = {isa = PBXBuildFile; fileRef = 27AAD0622B83F6E5000343C4 /* BirthdaysEntryView.swift */; };
		27AAD0902B83F6E6000343C4 /* FamilyJoinTransactionPhaseView.swift in Sources */ = {isa = PBXBuildFile; fileRef = 27AAD0632B83F6E5000343C4 /* FamilyJoinTransactionPhaseView.swift */; };
		27AAD0922B83F6E6000343C4 /* CheckboxToggleStyle.swift in Sources */ = {isa = PBXBuildFile; fileRef = 27AAD0652B83F6E5000343C4 /* CheckboxToggleStyle.swift */; };
		27AAD0932B83F6E6000343C4 /* EditOptionalDateView.swift in Sources */ = {isa = PBXBuildFile; fileRef = 27AAD0662B83F6E5000343C4 /* EditOptionalDateView.swift */; };
		27AAD0942B83F6E6000343C4 /* DirectoryMaker.swift in Sources */ = {isa = PBXBuildFile; fileRef = 27AAD0672B83F6E5000343C4 /* DirectoryMaker.swift */; };
		27AAD0952B83F6E6000343C4 /* ExplainError.swift in Sources */ = {isa = PBXBuildFile; fileRef = 27AAD0682B83F6E5000343C4 /* ExplainError.swift */; };
		27AAD0962B83F6E6000343C4 /* ContentView.swift in Sources */ = {isa = PBXBuildFile; fileRef = 27AAD0692B83F6E5000343C4 /* ContentView.swift */; };
		27AAD0972B83F6E6000343C4 /* DataCheckerView.swift in Sources */ = {isa = PBXBuildFile; fileRef = 27AAD06A2B83F6E5000343C4 /* DataCheckerView.swift */; };
		27AAD0982B83F6E6000343C4 /* FamilyDismissedView.swift in Sources */ = {isa = PBXBuildFile; fileRef = 27AAD06B2B83F6E5000343C4 /* FamilyDismissedView.swift */; };
		27AAD0992B83F6E6000343C4 /* BaptismsResultsView.swift in Sources */ = {isa = PBXBuildFile; fileRef = 27AAD06C2B83F6E5000343C4 /* BaptismsResultsView.swift */; };
		27AAD09A2B83F6E6000343C4 /* EditSexView.swift in Sources */ = {isa = PBXBuildFile; fileRef = 27AAD06D2B83F6E5000343C4 /* EditSexView.swift */; };
		27AAD09B2B83F6E6000343C4 /* FamilyJoinView.swift in Sources */ = {isa = PBXBuildFile; fileRef = 27AAD06E2B83F6E5000343C4 /* FamilyJoinView.swift */; };
		27AAD09C2B83F6E6000343C4 /* HouseholdsView.swift in Sources */ = {isa = PBXBuildFile; fileRef = 27AAD06F2B83F6E5000343C4 /* HouseholdsView.swift */; };
		27AAD09D2B83F6E6000343C4 /* DataChecker.swift in Sources */ = {isa = PBXBuildFile; fileRef = 27AAD0702B83F6E5000343C4 /* DataChecker.swift */; };
		27AAD09E2B83F6E6000343C4 /* EditBoolView.swift in Sources */ = {isa = PBXBuildFile; fileRef = 27AAD0712B83F6E5000343C4 /* EditBoolView.swift */; };
		27AAD09F2B83F6E6000343C4 /* ChooseHouseholdView.swift in Sources */ = {isa = PBXBuildFile; fileRef = 27AAD0722B83F6E5000343C4 /* ChooseHouseholdView.swift */; };
		27AAD0A02B83F6E6000343C4 /* DocumentExportPicker.swift in Sources */ = {isa = PBXBuildFile; fileRef = 27AAD0732B83F6E5000343C4 /* DocumentExportPicker.swift */; };
		27AAD0A12B83F6E6000343C4 /* EditOptionalParentView.swift in Sources */ = {isa = PBXBuildFile; fileRef = 27AAD0742B83F6E5000343C4 /* EditOptionalParentView.swift */; };
		27AAD0A22B83F6E6000343C4 /* ChooseMemberView.swift in Sources */ = {isa = PBXBuildFile; fileRef = 27AAD0752B83F6E5000343C4 /* ChooseMemberView.swift */; };
		27AAD0A32B83F6E6000343C4 /* FamilyJoinAccumulator.swift in Sources */ = {isa = PBXBuildFile; fileRef = 27AAD0762B83F6E5000343C4 /* FamilyJoinAccumulator.swift */; };
		27AAD0A42B83F6E6000343C4 /* FamilyDismissedAccumulator.swift in Sources */ = {isa = PBXBuildFile; fileRef = 27AAD0772B83F6E5000343C4 /* FamilyDismissedAccumulator.swift */; };
		27AAD0A52B83F6E6000343C4 /* FamilyJoinHeadPhaseView.swift in Sources */ = {isa = PBXBuildFile; fileRef = 27AAD0782B83F6E5000343C4 /* FamilyJoinHeadPhaseView.swift */; };
		27AAD0A62B83F6E6000343C4 /* HouseholdView.swift in Sources */ = {isa = PBXBuildFile; fileRef = 27AAD0792B83F6E5000343C4 /* HouseholdView.swift */; };
		27AAD0A82B83F6F8000343C4 /* Assets.xcassets in Resources */ = {isa = PBXBuildFile; fileRef = 27AAD0A72B83F6F8000343C4 /* Assets.xcassets */; };
		27AAD1002B83F712000343C4 /* ProfessionAccumulator.swift in Sources */ = {isa = PBXBuildFile; fileRef = 27AAD0A92B83F710000343C4 /* ProfessionAccumulator.swift */; };
		27AAD1012B83F712000343C4 /* RepairMemberEditView.swift in Sources */ = {isa = PBXBuildFile; fileRef = 27AAD0AA2B83F710000343C4 /* RepairMemberEditView.swift */; };
		27AAD1022B83F712000343C4 /* PhonelistEntryView.swift in Sources */ = {isa = PBXBuildFile; fileRef = 27AAD0AB2B83F710000343C4 /* PhonelistEntryView.swift */; };
		27AAD1032B83F712000343C4 /* TransactionsQueryResults.swift in Sources */ = {isa = PBXBuildFile; fileRef = 27AAD0AC2B83F710000343C4 /* TransactionsQueryResults.swift */; };
		27AAD1042B83F712000343C4 /* MemberMarriesMember.swift in Sources */ = {isa = PBXBuildFile; fileRef = 27AAD0AD2B83F711000343C4 /* MemberMarriesMember.swift */; };
		27AAD1052B83F712000343C4 /* WorkflowsView.swift in Sources */ = {isa = PBXBuildFile; fileRef = 27AAD0AE2B83F711000343C4 /* WorkflowsView.swift */; };
		27AAD1062B83F712000343C4 /* Transactions.swift in Sources */ = {isa = PBXBuildFile; fileRef = 27AAD0AF2B83F711000343C4 /* Transactions.swift */; };
		27AAD1072B83F712000343C4 /* View+debug.swift in Sources */ = {isa = PBXBuildFile; fileRef = 27AAD0B02B83F711000343C4 /* View+debug.swift */; };
		27AAD1082B83F712000343C4 /* MemberEditView.swift in Sources */ = {isa = PBXBuildFile; fileRef = 27AAD0B12B83F711000343C4 /* MemberEditView.swift */; };
		27AAD1092B83F712000343C4 /* MemberMarriesMemberAccumulator.swift in Sources */ = {isa = PBXBuildFile; fileRef = 27AAD0B22B83F711000343C4 /* MemberMarriesMemberAccumulator.swift */; };
		27AAD10A2B83F712000343C4 /* MemberHouseholdCheckerView.swift in Sources */ = {isa = PBXBuildFile; fileRef = 27AAD0B32B83F711000343C4 /* MemberHouseholdCheckerView.swift */; };
		27AAD10B2B83F712000343C4 /* RemoveHouseholdView.swift in Sources */ = {isa = PBXBuildFile; fileRef = 27AAD0B42B83F711000343C4 /* RemoveHouseholdView.swift */; };
		27AAD10C2B83F712000343C4 /* MembersView.swift in Sources */ = {isa = PBXBuildFile; fileRef = 27AAD0B52B83F711000343C4 /* MembersView.swift */; };
		27AAD10D2B83F712000343C4 /* MembersByAgeEntryView.swift in Sources */ = {isa = PBXBuildFile; fileRef = 27AAD0B62B83F711000343C4 /* MembersByAgeEntryView.swift */; };
		27AAD10E2B83F712000343C4 /* RemoveMemberView.swift in Sources */ = {isa = PBXBuildFile; fileRef = 27AAD0B72B83F711000343C4 /* RemoveMemberView.swift */; };
		27AAD10F2B83F712000343C4 /* MemberMarriesProblemView.swift in Sources */ = {isa = PBXBuildFile; fileRef = 27AAD0B82B83F711000343C4 /* MemberMarriesProblemView.swift */; };
		27AAD1102B83F712000343C4 /* RepairHouseholdView.swift in Sources */ = {isa = PBXBuildFile; fileRef = 27AAD0B92B83F711000343C4 /* RepairHouseholdView.swift */; };
		27AAD1112B83F712000343C4 /* MembersByStatusEntryView.swift in Sources */ = {isa = PBXBuildFile; fileRef = 27AAD0BA2B83F711000343C4 /* MembersByStatusEntryView.swift */; };
		27AAD1122B83F712000343C4 /* MockedData.swift in Sources */ = {isa = PBXBuildFile; fileRef = 27AAD0BB2B83F711000343C4 /* MockedData.swift */; };
		27AAD1132B83F712000343C4 /* ShareSheet.swift in Sources */ = {isa = PBXBuildFile; fileRef = 27AAD0BC2B83F711000343C4 /* ShareSheet.swift */; };
		27AAD1142B83F712000343C4 /* Keychain.swift in Sources */ = {isa = PBXBuildFile; fileRef = 27AAD0BD2B83F711000343C4 /* Keychain.swift */; };
		27AAD1152B83F712000343C4 /* MemberDiesState.swift in Sources */ = {isa = PBXBuildFile; fileRef = 27AAD0BE2B83F711000343C4 /* MemberDiesState.swift */; };
		27AAD1162B83F712000343C4 /* PasswordView.swift in Sources */ = {isa = PBXBuildFile; fileRef = 27AAD0BF2B83F711000343C4 /* PasswordView.swift */; };
		27AAD1172B83F712000343C4 /* MemberRowView.swift in Sources */ = {isa = PBXBuildFile; fileRef = 27AAD0C02B83F711000343C4 /* MemberRowView.swift */; };
		27AAD1182B83F712000343C4 /* MoveToHouseholdOtherSheet.swift in Sources */ = {isa = PBXBuildFile; fileRef = 27AAD0C12B83F711000343C4 /* MoveToHouseholdOtherSheet.swift */; };
		27AAD1192B83F712000343C4 /* RemoveMemberSheet.swift in Sources */ = {isa = PBXBuildFile; fileRef = 27AAD0C22B83F711000343C4 /* RemoveMemberSheet.swift */; };
		27AAD11A2B83F712000343C4 /* MoveToHouseholdNewSheet.swift in Sources */ = {isa = PBXBuildFile; fileRef = 27AAD0C32B83F711000343C4 /* MoveToHouseholdNewSheet.swift */; };
		27AAD11B2B83F712000343C4 /* QueriesView.swift in Sources */ = {isa = PBXBuildFile; fileRef = 27AAD0C42B83F711000343C4 /* QueriesView.swift */; };
		27AAD11C2B83F712000343C4 /* ServiceEditView.swift in Sources */ = {isa = PBXBuildFile; fileRef = 27AAD0C52B83F711000343C4 /* ServiceEditView.swift */; };
		27AAD11D2B83F712000343C4 /* MemberDiesSheet.swift in Sources */ = {isa = PBXBuildFile; fileRef = 27AAD0C62B83F711000343C4 /* MemberDiesSheet.swift */; };
		27AAD11E2B83F712000343C4 /* SomeMembersView.swift in Sources */ = {isa = PBXBuildFile; fileRef = 27AAD0C72B83F711000343C4 /* SomeMembersView.swift */; };
		27AAD11F2B83F712000343C4 /* Member+isActive.swift in Sources */ = {isa = PBXBuildFile; fileRef = 27AAD0C82B83F711000343C4 /* Member+isActive.swift */; };
		27AAD1202B83F712000343C4 /* MemberHouseholdChecker.swift in Sources */ = {isa = PBXBuildFile; fileRef = 27AAD0C92B83F711000343C4 /* MemberHouseholdChecker.swift */; };
		27AAD1212B83F712000343C4 /* TransactionsQuery.swift in Sources */ = {isa = PBXBuildFile; fileRef = 27AAD0CA2B83F711000343C4 /* TransactionsQuery.swift */; };
		27AAD1222B83F712000343C4 /* ProfessionView.swift in Sources */ = {isa = PBXBuildFile; fileRef = 27AAD0CB2B83F711000343C4 /* ProfessionView.swift */; };
		27AAD1232B83F712000343C4 /* TransactionEditView.swift in Sources */ = {isa = PBXBuildFile; fileRef = 27AAD0CC2B83F711000343C4 /* TransactionEditView.swift */; };
		27AAD1242B83F712000343C4 /* RemoveHouseholdSheet.swift in Sources */ = {isa = PBXBuildFile; fileRef = 27AAD0CD2B83F711000343C4 /* RemoveHouseholdSheet.swift */; };
		27AAD1252B83F712000343C4 /* MembersByAgeResultsView.swift in Sources */ = {isa = PBXBuildFile; fileRef = 27AAD0CE2B83F711000343C4 /* MembersByAgeResultsView.swift */; };
		27AAD1262B83F712000343C4 /* ProfessionEntryView.swift in Sources */ = {isa = PBXBuildFile; fileRef = 27AAD0CF2B83F711000343C4 /* ProfessionEntryView.swift */; };
		27AAD1272B83F712000343C4 /* Services.swift in Sources */ = {isa = PBXBuildFile; fileRef = 27AAD0D02B83F711000343C4 /* Services.swift */; };
		27AAD1282B83F712000343C4 /* Sidebar.swift in Sources */ = {isa = PBXBuildFile; fileRef = 27AAD0D12B83F711000343C4 /* Sidebar.swift */; };
		27AAD1292B83F712000343C4 /* SolidButton.swift in Sources */ = {isa = PBXBuildFile; fileRef = 27AAD0D22B83F711000343C4 /* SolidButton.swift */; };
		27AAD12A2B83F712000343C4 /* TransactionsQueryEntry.swift in Sources */ = {isa = PBXBuildFile; fileRef = 27AAD0D32B83F711000343C4 /* TransactionsQueryEntry.swift */; };
		27AAD12B2B83F712000343C4 /* MainView.swift in Sources */ = {isa = PBXBuildFile; fileRef = 27AAD0D42B83F711000343C4 /* MainView.swift */; };
		27AAD12C2B83F712000343C4 /* TextAttributeView.swift in Sources */ = {isa = PBXBuildFile; fileRef = 27AAD0D52B83F711000343C4 /* TextAttributeView.swift */; };
		27AAD12D2B83F712000343C4 /* PreviewProviderModifier.swift in Sources */ = {isa = PBXBuildFile; fileRef = 27AAD0D62B83F711000343C4 /* PreviewProviderModifier.swift */; };
		27AAD12E2B83F712000343C4 /* NewPasswordView.swift in Sources */ = {isa = PBXBuildFile; fileRef = 27AAD0D72B83F711000343C4 /* NewPasswordView.swift */; };
		27AAD12F2B83F712000343C4 /* MemberView.swift in Sources */ = {isa = PBXBuildFile; fileRef = 27AAD0D82B83F711000343C4 /* MemberView.swift */; };
		27AAD1302B83F712000343C4 /* PeriMeleonDocument.swift in Sources */ = {isa = PBXBuildFile; fileRef = 27AAD0D92B83F711000343C4 /* PeriMeleonDocument.swift */; };
		27AAD1312B83F712000343C4 /* NewAdditionEntryView.swift in Sources */ = {isa = PBXBuildFile; fileRef = 27AAD0DA2B83F711000343C4 /* NewAdditionEntryView.swift */; };
		27AAD1322B83F712000343C4 /* PeriMeleonApp.swift in Sources */ = {isa = PBXBuildFile; fileRef = 27AAD0DB2B83F711000343C4 /* PeriMeleonApp.swift */; };
		27AAD1332B83F712000343C4 /* RemoveMemberState.swift in Sources */ = {isa = PBXBuildFile; fileRef = 27AAD0DC2B83F711000343C4 /* RemoveMemberState.swift */; };
		27AAD1342B83F712000343C4 /* QueryResults.swift in Sources */ = {isa = PBXBuildFile; fileRef = 27AAD0DD2B83F711000343C4 /* QueryResults.swift */; };
		27AAD1352B83F712000343C4 /* MoveToHouseholdState.swift in Sources */ = {isa = PBXBuildFile; fileRef = 27AAD0DE2B83F711000343C4 /* MoveToHouseholdState.swift */; };
		27AAD1362B83F712000343C4 /* MemberMarriesEntryView.swift in Sources */ = {isa = PBXBuildFile; fileRef = 27AAD0DF2B83F711000343C4 /* MemberMarriesEntryView.swift */; };
		27AAD1372B83F712000343C4 /* PhonelistView.swift in Sources */ = {isa = PBXBuildFile; fileRef = 27AAD0E02B83F711000343C4 /* PhonelistView.swift */; };
		27AAD1382B83F712000343C4 /* IntegerTextField.swift in Sources */ = {isa = PBXBuildFile; fileRef = 27AAD0E12B83F711000343C4 /* IntegerTextField.swift */; };
		27AAD1392B83F712000343C4 /* RepairMemberView.swift in Sources */ = {isa = PBXBuildFile; fileRef = 27AAD0E22B83F711000343C4 /* RepairMemberView.swift */; };
		27AAD13A2B83F712000343C4 /* MoveToHouseholdDubiousSheet.swift in Sources */ = {isa = PBXBuildFile; fileRef = 27AAD0E32B83F711000343C4 /* MoveToHouseholdDubiousSheet.swift */; };
		27AAD13B2B83F712000343C4 /* PhonelistResultsView.swift in Sources */ = {isa = PBXBuildFile; fileRef = 27AAD0E42B83F711000343C4 /* PhonelistResultsView.swift */; };
		27AAD13C2B83F712000343C4 /* MembersByStatusResultsView.swift in Sources */ = {isa = PBXBuildFile; fileRef = 27AAD0E52B83F711000343C4 /* MembersByStatusResultsView.swift */; };
		27AAD13D2B83F712000343C4 /* NewAdditionAccumulator.swift in Sources */ = {isa = PBXBuildFile; fileRef = 27AAD0E62B83F711000343C4 /* NewAdditionAccumulator.swift */; };
		27AAD13E2B83F712000343C4 /* SearchField.swift in Sources */ = {isa = PBXBuildFile; fileRef = 27AAD0E72B83F711000343C4 /* SearchField.swift */; };
		27AAD13F2B83F712000343C4 /* InformationView.swift in Sources */ = {isa = PBXBuildFile; fileRef = 27AAD0E82B83F711000343C4 /* InformationView.swift */; };
		27AAD1402B83F712000343C4 /* PreviewShowoffView.swift in Sources */ = {isa = PBXBuildFile; fileRef = 27AAD0E92B83F711000343C4 /* PreviewShowoffView.swift */; };
		27AAD1412B83F712000343C4 /* LICENSE.txt in Resources */ = {isa = PBXBuildFile; fileRef = 27AAD0EA2B83F711000343C4 /* LICENSE.txt */; };
		27AAD1422B83F712000343C4 /* NavigationStylingModifier.swift in Sources */ = {isa = PBXBuildFile; fileRef = 27AAD0EB2B83F712000343C4 /* NavigationStylingModifier.swift */; };
		27AAD1432B83F712000343C4 /* SortedArray.swift in Sources */ = {isa = PBXBuildFile; fileRef = 27AAD0EC2B83F712000343C4 /* SortedArray.swift */; };
		27AAD1442B83F712000343C4 /* Member+Age.swift in Sources */ = {isa = PBXBuildFile; fileRef = 27AAD0ED2B83F712000343C4 /* Member+Age.swift */; };
		27AAD1452B83F712000343C4 /* NewAddition.swift in Sources */ = {isa = PBXBuildFile; fileRef = 27AAD0EE2B83F712000343C4 /* NewAddition.swift */; };
		27AAD1462B83F712000343C4 /* MoveToHouseholdView.swift in Sources */ = {isa = PBXBuildFile; fileRef = 27AAD0EF2B83F712000343C4 /* MoveToHouseholdView.swift */; };
		27AAD1472B83F712000343C4 /* MemberMarriesVerificationView.swift in Sources */ = {isa = PBXBuildFile; fileRef = 27AAD0F02B83F712000343C4 /* MemberMarriesVerificationView.swift */; };
		27AAD1482B83F712000343C4 /* NewAdditionVerificationView.swift in Sources */ = {isa = PBXBuildFile; fileRef = 27AAD0F12B83F712000343C4 /* NewAdditionVerificationView.swift */; };
		27AAD1492B83F712000343C4 /* ProfessionVerificationView.swift in Sources */ = {isa = PBXBuildFile; fileRef = 27AAD0F22B83F712000343C4 /* ProfessionVerificationView.swift */; };
		27AAD14A2B83F712000343C4 /* MoveToHouseholdSheet.swift in Sources */ = {isa = PBXBuildFile; fileRef = 27AAD0F32B83F712000343C4 /* MoveToHouseholdSheet.swift */; };
		27AAD14B2B83F712000343C4 /* NormalizedHousehold.swift in Sources */ = {isa = PBXBuildFile; fileRef = 27AAD0F42B83F712000343C4 /* NormalizedHousehold.swift */; };
		27AAD14C2B83F712000343C4 /* PhonelistMaker.swift in Sources */ = {isa = PBXBuildFile; fileRef = 27AAD0F52B83F712000343C4 /* PhonelistMaker.swift */; };
		27AAD14D2B83F712000343C4 /* RepairHouseholdEditView.swift in Sources */ = {isa = PBXBuildFile; fileRef = 27AAD0F62B83F712000343C4 /* RepairHouseholdEditView.swift */; };
		27AAD14E2B83F712000343C4 /* MembersByStatusView.swift in Sources */ = {isa = PBXBuildFile; fileRef = 27AAD0F72B83F712000343C4 /* MembersByStatusView.swift */; };
		27AAD14F2B83F712000343C4 /* Model.swift in Sources */ = {isa = PBXBuildFile; fileRef = 27AAD0F82B83F712000343C4 /* Model.swift */; };
		27AAD1502B83F712000343C4 /* RoundedOutlineButton.swift in Sources */ = {isa = PBXBuildFile; fileRef = 27AAD0F92B83F712000343C4 /* RoundedOutlineButton.swift */; };
		27AAD1512B83F712000343C4 /* MoveToHouseholdTarget.swift in Sources */ = {isa = PBXBuildFile; fileRef = 27AAD0FA2B83F712000343C4 /* MoveToHouseholdTarget.swift */; };
		27AAD1532B83F712000343C4 /* RemoveHouseholdState.swift in Sources */ = {isa = PBXBuildFile; fileRef = 27AAD0FD2B83F712000343C4 /* RemoveHouseholdState.swift */; };
		27AAD1542B83F712000343C4 /* MembersByAgeView.swift in Sources */ = {isa = PBXBuildFile; fileRef = 27AAD0FE2B83F712000343C4 /* MembersByAgeView.swift */; };
		27AAD1552B83F712000343C4 /* MemberDiesView.swift in Sources */ = {isa = PBXBuildFile; fileRef = 27AAD0FF2B83F712000343C4 /* MemberDiesView.swift */; };
		27AAD1582B83F818000343C4 /* PMDataTypes in Frameworks */ = {isa = PBXBuildFile; productRef = 27AAD1572B83F818000343C4 /* PMDataTypes */; };
/* End PBXBuildFile section */

/* Begin PBXFileReference section */
		27AAD0372B815D7C000343C4 /* PeriMeleon.app */ = {isa = PBXFileReference; explicitFileType = wrapper.application; includeInIndex = 0; path = PeriMeleon.app; sourceTree = BUILT_PRODUCTS_DIR; };
		27AAD0402B815D7D000343C4 /* Assets.xcassets */ = {isa = PBXFileReference; lastKnownFileType = folder.assetcatalog; path = Assets.xcassets; sourceTree = "<group>"; };
		27AAD0422B815D7D000343C4 /* Info.plist */ = {isa = PBXFileReference; lastKnownFileType = text.plist.xml; path = Info.plist; sourceTree = "<group>"; };
		27AAD0432B815D7D000343C4 /* PeriMeleon.entitlements */ = {isa = PBXFileReference; lastKnownFileType = text.plist.entitlements; path = PeriMeleon.entitlements; sourceTree = "<group>"; };
		27AAD0452B815D7D000343C4 /* Preview Assets.xcassets */ = {isa = PBXFileReference; lastKnownFileType = folder.assetcatalog; path = "Preview Assets.xcassets"; sourceTree = "<group>"; };
		27AAD04C2B83F6E5000343C4 /* PeriMeleon-Bridging-Header.h */ = {isa = PBXFileReference; lastKnownFileType = sourcecode.c.h; path = "PeriMeleon-Bridging-Header.h"; sourceTree = "<group>"; };
		27AAD04D2B83F6E5000343C4 /* HouseholdRowView.swift */ = {isa = PBXFileReference; fileEncoding = 4; lastKnownFileType = sourcecode.swift; name = HouseholdRowView.swift; path = PeriMeleon/HouseholdRowView.swift; sourceTree = "<group>"; };
		27AAD04E2B83F6E5000343C4 /* DateSelectionView.swift */ = {isa = PBXFileReference; fileEncoding = 4; lastKnownFileType = sourcecode.swift; name = DateSelectionView.swift; path = PeriMeleon/DateSelectionView.swift; sourceTree = "<group>"; };
		27AAD04F2B83F6E5000343C4 /* FamilyJoinHouseholdPhaseView.swift */ = {isa = PBXFileReference; fileEncoding = 4; lastKnownFileType = sourcecode.swift; name = FamilyJoinHouseholdPhaseView.swift; path = PeriMeleon/FamilyJoinHouseholdPhaseView.swift; sourceTree = "<group>"; };
		27AAD0502B83F6E5000343C4 /* BirthdaysView.swift */ = {isa = PBXFileReference; fileEncoding = 4; lastKnownFileType = sourcecode.swift; name = BirthdaysView.swift; path = PeriMeleon/BirthdaysView.swift; sourceTree = "<group>"; };
		27AAD0512B83F6E5000343C4 /* DataCheckReportView.swift */ = {isa = PBXFileReference; fileEncoding = 4; lastKnownFileType = sourcecode.swift; name = DataCheckReportView.swift; path = PeriMeleon/DataCheckReportView.swift; sourceTree = "<group>"; };
		27AAD0522B83F6E5000343C4 /* FamilyRelationship.swift */ = {isa = PBXFileReference; fileEncoding = 4; lastKnownFileType = sourcecode.swift; name = FamilyRelationship.swift; path = PeriMeleon/FamilyRelationship.swift; sourceTree = "<group>"; };
		27AAD0532B83F6E5000343C4 /* CryptoKey.swift */ = {isa = PBXFileReference; fileEncoding = 4; lastKnownFileType = sourcecode.swift; name = CryptoKey.swift; path = PeriMeleon/CryptoKey.swift; sourceTree = "<group>"; };
		27AAD0542B83F6E5000343C4 /* DataCheckReport.swift */ = {isa = PBXFileReference; fileEncoding = 4; lastKnownFileType = sourcecode.swift; name = DataCheckReport.swift; path = PeriMeleon/DataCheckReport.swift; sourceTree = "<group>"; };
		27AAD0552B83F6E5000343C4 /* BaptismsView.swift */ = {isa = PBXFileReference; fileEncoding = 4; lastKnownFileType = sourcecode.swift; name = BaptismsView.swift; path = PeriMeleon/BaptismsView.swift; sourceTree = "<group>"; };
		27AAD0562B83F6E5000343C4 /* BaptismsEntryView.swift */ = {isa = PBXFileReference; fileEncoding = 4; lastKnownFileType = sourcecode.swift; name = BaptismsEntryView.swift; path = PeriMeleon/BaptismsEntryView.swift; sourceTree = "<group>"; };
		27AAD0572B83F6E5000343C4 /* EditDisplayView.swift */ = {isa = PBXFileReference; fileEncoding = 4; lastKnownFileType = sourcecode.swift; name = EditDisplayView.swift; path = PeriMeleon/EditDisplayView.swift; sourceTree = "<group>"; };
		27AAD0582B83F6E5000343C4 /* EditOptionalTextView.swift */ = {isa = PBXFileReference; fileEncoding = 4; lastKnownFileType = sourcecode.swift; name = EditOptionalTextView.swift; path = PeriMeleon/EditOptionalTextView.swift; sourceTree = "<group>"; };
		27AAD0592B83F6E5000343C4 /* CoreMemberView.swift */ = {isa = PBXFileReference; fileEncoding = 4; lastKnownFileType = sourcecode.swift; name = CoreMemberView.swift; path = PeriMeleon/CoreMemberView.swift; sourceTree = "<group>"; };
		27AAD05A2B83F6E5000343C4 /* CompactToggleView.swift */ = {isa = PBXFileReference; fileEncoding = 4; lastKnownFileType = sourcecode.swift; name = CompactToggleView.swift; path = PeriMeleon/CompactToggleView.swift; sourceTree = "<group>"; };
		27AAD05B2B83F6E5000343C4 /* DirectoryView.swift */ = {isa = PBXFileReference; fileEncoding = 4; lastKnownFileType = sourcecode.swift; name = DirectoryView.swift; path = PeriMeleon/DirectoryView.swift; sourceTree = "<group>"; };
		27AAD05C2B83F6E5000343C4 /* FamilyDismissedTransactionView.swift */ = {isa = PBXFileReference; fileEncoding = 4; lastKnownFileType = sourcecode.swift; name = FamilyDismissedTransactionView.swift; path = PeriMeleon/FamilyDismissedTransactionView.swift; sourceTree = "<group>"; };
		27AAD05D2B83F6E5000343C4 /* FamilyDismissedVerificationView.swift */ = {isa = PBXFileReference; fileEncoding = 4; lastKnownFileType = sourcecode.swift; name = FamilyDismissedVerificationView.swift; path = PeriMeleon/FamilyDismissedVerificationView.swift; sourceTree = "<group>"; };
		27AAD05E2B83F6E5000343C4 /* BirthdaysResultsView.swift */ = {isa = PBXFileReference; fileEncoding = 4; lastKnownFileType = sourcecode.swift; name = BirthdaysResultsView.swift; path = PeriMeleon/BirthdaysResultsView.swift; sourceTree = "<group>"; };
		27AAD05F2B83F6E5000343C4 /* EditTextView.swift */ = {isa = PBXFileReference; fileEncoding = 4; lastKnownFileType = sourcecode.swift; name = EditTextView.swift; path = PeriMeleon/EditTextView.swift; sourceTree = "<group>"; };
		27AAD0602B83F6E5000343C4 /* FileView.swift */ = {isa = PBXFileReference; fileEncoding = 4; lastKnownFileType = sourcecode.swift; name = FileView.swift; path = PeriMeleon/FileView.swift; sourceTree = "<group>"; };
		27AAD0612B83F6E5000343C4 /* AddressEditView.swift */ = {isa = PBXFileReference; fileEncoding = 4; lastKnownFileType = sourcecode.swift; name = AddressEditView.swift; path = PeriMeleon/AddressEditView.swift; sourceTree = "<group>"; };
		27AAD0622B83F6E5000343C4 /* BirthdaysEntryView.swift */ = {isa = PBXFileReference; fileEncoding = 4; lastKnownFileType = sourcecode.swift; name = BirthdaysEntryView.swift; path = PeriMeleon/BirthdaysEntryView.swift; sourceTree = "<group>"; };
		27AAD0632B83F6E5000343C4 /* FamilyJoinTransactionPhaseView.swift */ = {isa = PBXFileReference; fileEncoding = 4; lastKnownFileType = sourcecode.swift; name = FamilyJoinTransactionPhaseView.swift; path = PeriMeleon/FamilyJoinTransactionPhaseView.swift; sourceTree = "<group>"; };
		27AAD0652B83F6E5000343C4 /* CheckboxToggleStyle.swift */ = {isa = PBXFileReference; fileEncoding = 4; lastKnownFileType = sourcecode.swift; name = CheckboxToggleStyle.swift; path = PeriMeleon/CheckboxToggleStyle.swift; sourceTree = "<group>"; };
		27AAD0662B83F6E5000343C4 /* EditOptionalDateView.swift */ = {isa = PBXFileReference; fileEncoding = 4; lastKnownFileType = sourcecode.swift; name = EditOptionalDateView.swift; path = PeriMeleon/EditOptionalDateView.swift; sourceTree = "<group>"; };
		27AAD0672B83F6E5000343C4 /* DirectoryMaker.swift */ = {isa = PBXFileReference; fileEncoding = 4; lastKnownFileType = sourcecode.swift; name = DirectoryMaker.swift; path = PeriMeleon/DirectoryMaker.swift; sourceTree = "<group>"; };
		27AAD0682B83F6E5000343C4 /* ExplainError.swift */ = {isa = PBXFileReference; fileEncoding = 4; lastKnownFileType = sourcecode.swift; name = ExplainError.swift; path = PeriMeleon/ExplainError.swift; sourceTree = "<group>"; };
		27AAD0692B83F6E5000343C4 /* ContentView.swift */ = {isa = PBXFileReference; fileEncoding = 4; lastKnownFileType = sourcecode.swift; name = ContentView.swift; path = PeriMeleon/ContentView.swift; sourceTree = "<group>"; };
		27AAD06A2B83F6E5000343C4 /* DataCheckerView.swift */ = {isa = PBXFileReference; fileEncoding = 4; lastKnownFileType = sourcecode.swift; name = DataCheckerView.swift; path = PeriMeleon/DataCheckerView.swift; sourceTree = "<group>"; };
		27AAD06B2B83F6E5000343C4 /* FamilyDismissedView.swift */ = {isa = PBXFileReference; fileEncoding = 4; lastKnownFileType = sourcecode.swift; name = FamilyDismissedView.swift; path = PeriMeleon/FamilyDismissedView.swift; sourceTree = "<group>"; };
		27AAD06C2B83F6E5000343C4 /* BaptismsResultsView.swift */ = {isa = PBXFileReference; fileEncoding = 4; lastKnownFileType = sourcecode.swift; name = BaptismsResultsView.swift; path = PeriMeleon/BaptismsResultsView.swift; sourceTree = "<group>"; };
		27AAD06D2B83F6E5000343C4 /* EditSexView.swift */ = {isa = PBXFileReference; fileEncoding = 4; lastKnownFileType = sourcecode.swift; name = EditSexView.swift; path = PeriMeleon/EditSexView.swift; sourceTree = "<group>"; };
		27AAD06E2B83F6E5000343C4 /* FamilyJoinView.swift */ = {isa = PBXFileReference; fileEncoding = 4; lastKnownFileType = sourcecode.swift; name = FamilyJoinView.swift; path = PeriMeleon/FamilyJoinView.swift; sourceTree = "<group>"; };
		27AAD06F2B83F6E5000343C4 /* HouseholdsView.swift */ = {isa = PBXFileReference; fileEncoding = 4; lastKnownFileType = sourcecode.swift; name = HouseholdsView.swift; path = PeriMeleon/HouseholdsView.swift; sourceTree = "<group>"; };
		27AAD0702B83F6E5000343C4 /* DataChecker.swift */ = {isa = PBXFileReference; fileEncoding = 4; lastKnownFileType = sourcecode.swift; name = DataChecker.swift; path = PeriMeleon/DataChecker.swift; sourceTree = "<group>"; };
		27AAD0712B83F6E5000343C4 /* EditBoolView.swift */ = {isa = PBXFileReference; fileEncoding = 4; lastKnownFileType = sourcecode.swift; name = EditBoolView.swift; path = PeriMeleon/EditBoolView.swift; sourceTree = "<group>"; };
		27AAD0722B83F6E5000343C4 /* ChooseHouseholdView.swift */ = {isa = PBXFileReference; fileEncoding = 4; lastKnownFileType = sourcecode.swift; name = ChooseHouseholdView.swift; path = PeriMeleon/ChooseHouseholdView.swift; sourceTree = "<group>"; };
		27AAD0732B83F6E5000343C4 /* DocumentExportPicker.swift */ = {isa = PBXFileReference; fileEncoding = 4; lastKnownFileType = sourcecode.swift; name = DocumentExportPicker.swift; path = PeriMeleon/DocumentExportPicker.swift; sourceTree = "<group>"; };
		27AAD0742B83F6E5000343C4 /* EditOptionalParentView.swift */ = {isa = PBXFileReference; fileEncoding = 4; lastKnownFileType = sourcecode.swift; name = EditOptionalParentView.swift; path = PeriMeleon/EditOptionalParentView.swift; sourceTree = "<group>"; };
		27AAD0752B83F6E5000343C4 /* ChooseMemberView.swift */ = {isa = PBXFileReference; fileEncoding = 4; lastKnownFileType = sourcecode.swift; name = ChooseMemberView.swift; path = PeriMeleon/ChooseMemberView.swift; sourceTree = "<group>"; };
		27AAD0762B83F6E5000343C4 /* FamilyJoinAccumulator.swift */ = {isa = PBXFileReference; fileEncoding = 4; lastKnownFileType = sourcecode.swift; name = FamilyJoinAccumulator.swift; path = PeriMeleon/FamilyJoinAccumulator.swift; sourceTree = "<group>"; };
		27AAD0772B83F6E5000343C4 /* FamilyDismissedAccumulator.swift */ = {isa = PBXFileReference; fileEncoding = 4; lastKnownFileType = sourcecode.swift; name = FamilyDismissedAccumulator.swift; path = PeriMeleon/FamilyDismissedAccumulator.swift; sourceTree = "<group>"; };
		27AAD0782B83F6E5000343C4 /* FamilyJoinHeadPhaseView.swift */ = {isa = PBXFileReference; fileEncoding = 4; lastKnownFileType = sourcecode.swift; name = FamilyJoinHeadPhaseView.swift; path = PeriMeleon/FamilyJoinHeadPhaseView.swift; sourceTree = "<group>"; };
		27AAD0792B83F6E5000343C4 /* HouseholdView.swift */ = {isa = PBXFileReference; fileEncoding = 4; lastKnownFileType = sourcecode.swift; name = HouseholdView.swift; path = PeriMeleon/HouseholdView.swift; sourceTree = "<group>"; };
		27AAD0A72B83F6F8000343C4 /* Assets.xcassets */ = {isa = PBXFileReference; lastKnownFileType = folder.assetcatalog; name = Assets.xcassets; path = PeriMeleon/Assets.xcassets; sourceTree = "<group>"; };
		27AAD0A92B83F710000343C4 /* ProfessionAccumulator.swift */ = {isa = PBXFileReference; fileEncoding = 4; lastKnownFileType = sourcecode.swift; name = ProfessionAccumulator.swift; path = PeriMeleon/ProfessionAccumulator.swift; sourceTree = "<group>"; };
		27AAD0AA2B83F710000343C4 /* RepairMemberEditView.swift */ = {isa = PBXFileReference; fileEncoding = 4; lastKnownFileType = sourcecode.swift; name = RepairMemberEditView.swift; path = PeriMeleon/RepairMemberEditView.swift; sourceTree = "<group>"; };
		27AAD0AB2B83F710000343C4 /* PhonelistEntryView.swift */ = {isa = PBXFileReference; fileEncoding = 4; lastKnownFileType = sourcecode.swift; name = PhonelistEntryView.swift; path = PeriMeleon/PhonelistEntryView.swift; sourceTree = "<group>"; };
		27AAD0AC2B83F710000343C4 /* TransactionsQueryResults.swift */ = {isa = PBXFileReference; fileEncoding = 4; lastKnownFileType = sourcecode.swift; name = TransactionsQueryResults.swift; path = PeriMeleon/TransactionsQueryResults.swift; sourceTree = "<group>"; };
		27AAD0AD2B83F711000343C4 /* MemberMarriesMember.swift */ = {isa = PBXFileReference; fileEncoding = 4; lastKnownFileType = sourcecode.swift; name = MemberMarriesMember.swift; path = PeriMeleon/MemberMarriesMember.swift; sourceTree = "<group>"; };
		27AAD0AE2B83F711000343C4 /* WorkflowsView.swift */ = {isa = PBXFileReference; fileEncoding = 4; lastKnownFileType = sourcecode.swift; name = WorkflowsView.swift; path = PeriMeleon/WorkflowsView.swift; sourceTree = "<group>"; };
		27AAD0AF2B83F711000343C4 /* Transactions.swift */ = {isa = PBXFileReference; fileEncoding = 4; lastKnownFileType = sourcecode.swift; name = Transactions.swift; path = PeriMeleon/Transactions.swift; sourceTree = "<group>"; };
		27AAD0B02B83F711000343C4 /* View+debug.swift */ = {isa = PBXFileReference; fileEncoding = 4; lastKnownFileType = sourcecode.swift; name = "View+debug.swift"; path = "PeriMeleon/View+debug.swift"; sourceTree = "<group>"; };
		27AAD0B12B83F711000343C4 /* MemberEditView.swift */ = {isa = PBXFileReference; fileEncoding = 4; lastKnownFileType = sourcecode.swift; name = MemberEditView.swift; path = PeriMeleon/MemberEditView.swift; sourceTree = "<group>"; };
		27AAD0B22B83F711000343C4 /* MemberMarriesMemberAccumulator.swift */ = {isa = PBXFileReference; fileEncoding = 4; lastKnownFileType = sourcecode.swift; name = MemberMarriesMemberAccumulator.swift; path = PeriMeleon/MemberMarriesMemberAccumulator.swift; sourceTree = "<group>"; };
		27AAD0B32B83F711000343C4 /* MemberHouseholdCheckerView.swift */ = {isa = PBXFileReference; fileEncoding = 4; lastKnownFileType = sourcecode.swift; name = MemberHouseholdCheckerView.swift; path = PeriMeleon/MemberHouseholdCheckerView.swift; sourceTree = "<group>"; };
		27AAD0B42B83F711000343C4 /* RemoveHouseholdView.swift */ = {isa = PBXFileReference; fileEncoding = 4; lastKnownFileType = sourcecode.swift; name = RemoveHouseholdView.swift; path = PeriMeleon/RemoveHouseholdView.swift; sourceTree = "<group>"; };
		27AAD0B52B83F711000343C4 /* MembersView.swift */ = {isa = PBXFileReference; fileEncoding = 4; lastKnownFileType = sourcecode.swift; name = MembersView.swift; path = PeriMeleon/MembersView.swift; sourceTree = "<group>"; };
		27AAD0B62B83F711000343C4 /* MembersByAgeEntryView.swift */ = {isa = PBXFileReference; fileEncoding = 4; lastKnownFileType = sourcecode.swift; name = MembersByAgeEntryView.swift; path = PeriMeleon/MembersByAgeEntryView.swift; sourceTree = "<group>"; };
		27AAD0B72B83F711000343C4 /* RemoveMemberView.swift */ = {isa = PBXFileReference; fileEncoding = 4; lastKnownFileType = sourcecode.swift; name = RemoveMemberView.swift; path = PeriMeleon/RemoveMemberView.swift; sourceTree = "<group>"; };
		27AAD0B82B83F711000343C4 /* MemberMarriesProblemView.swift */ = {isa = PBXFileReference; fileEncoding = 4; lastKnownFileType = sourcecode.swift; name = MemberMarriesProblemView.swift; path = PeriMeleon/MemberMarriesProblemView.swift; sourceTree = "<group>"; };
		27AAD0B92B83F711000343C4 /* RepairHouseholdView.swift */ = {isa = PBXFileReference; fileEncoding = 4; lastKnownFileType = sourcecode.swift; name = RepairHouseholdView.swift; path = PeriMeleon/RepairHouseholdView.swift; sourceTree = "<group>"; };
		27AAD0BA2B83F711000343C4 /* MembersByStatusEntryView.swift */ = {isa = PBXFileReference; fileEncoding = 4; lastKnownFileType = sourcecode.swift; name = MembersByStatusEntryView.swift; path = PeriMeleon/MembersByStatusEntryView.swift; sourceTree = "<group>"; };
		27AAD0BB2B83F711000343C4 /* MockedData.swift */ = {isa = PBXFileReference; fileEncoding = 4; lastKnownFileType = sourcecode.swift; name = MockedData.swift; path = PeriMeleon/MockedData.swift; sourceTree = "<group>"; };
		27AAD0BC2B83F711000343C4 /* ShareSheet.swift */ = {isa = PBXFileReference; fileEncoding = 4; lastKnownFileType = sourcecode.swift; name = ShareSheet.swift; path = PeriMeleon/ShareSheet.swift; sourceTree = "<group>"; };
		27AAD0BD2B83F711000343C4 /* Keychain.swift */ = {isa = PBXFileReference; fileEncoding = 4; lastKnownFileType = sourcecode.swift; name = Keychain.swift; path = PeriMeleon/Keychain.swift; sourceTree = "<group>"; };
		27AAD0BE2B83F711000343C4 /* MemberDiesState.swift */ = {isa = PBXFileReference; fileEncoding = 4; lastKnownFileType = sourcecode.swift; name = MemberDiesState.swift; path = PeriMeleon/MemberDiesState.swift; sourceTree = "<group>"; };
		27AAD0BF2B83F711000343C4 /* PasswordView.swift */ = {isa = PBXFileReference; fileEncoding = 4; lastKnownFileType = sourcecode.swift; name = PasswordView.swift; path = PeriMeleon/PasswordView.swift; sourceTree = "<group>"; };
		27AAD0C02B83F711000343C4 /* MemberRowView.swift */ = {isa = PBXFileReference; fileEncoding = 4; lastKnownFileType = sourcecode.swift; name = MemberRowView.swift; path = PeriMeleon/MemberRowView.swift; sourceTree = "<group>"; };
		27AAD0C12B83F711000343C4 /* MoveToHouseholdOtherSheet.swift */ = {isa = PBXFileReference; fileEncoding = 4; lastKnownFileType = sourcecode.swift; name = MoveToHouseholdOtherSheet.swift; path = PeriMeleon/MoveToHouseholdOtherSheet.swift; sourceTree = "<group>"; };
		27AAD0C22B83F711000343C4 /* RemoveMemberSheet.swift */ = {isa = PBXFileReference; fileEncoding = 4; lastKnownFileType = sourcecode.swift; name = RemoveMemberSheet.swift; path = PeriMeleon/RemoveMemberSheet.swift; sourceTree = "<group>"; };
		27AAD0C32B83F711000343C4 /* MoveToHouseholdNewSheet.swift */ = {isa = PBXFileReference; fileEncoding = 4; lastKnownFileType = sourcecode.swift; name = MoveToHouseholdNewSheet.swift; path = PeriMeleon/MoveToHouseholdNewSheet.swift; sourceTree = "<group>"; };
		27AAD0C42B83F711000343C4 /* QueriesView.swift */ = {isa = PBXFileReference; fileEncoding = 4; lastKnownFileType = sourcecode.swift; name = QueriesView.swift; path = PeriMeleon/QueriesView.swift; sourceTree = "<group>"; };
		27AAD0C52B83F711000343C4 /* ServiceEditView.swift */ = {isa = PBXFileReference; fileEncoding = 4; lastKnownFileType = sourcecode.swift; name = ServiceEditView.swift; path = PeriMeleon/ServiceEditView.swift; sourceTree = "<group>"; };
		27AAD0C62B83F711000343C4 /* MemberDiesSheet.swift */ = {isa = PBXFileReference; fileEncoding = 4; lastKnownFileType = sourcecode.swift; name = MemberDiesSheet.swift; path = PeriMeleon/MemberDiesSheet.swift; sourceTree = "<group>"; };
		27AAD0C72B83F711000343C4 /* SomeMembersView.swift */ = {isa = PBXFileReference; fileEncoding = 4; lastKnownFileType = sourcecode.swift; name = SomeMembersView.swift; path = PeriMeleon/SomeMembersView.swift; sourceTree = "<group>"; };
		27AAD0C82B83F711000343C4 /* Member+isActive.swift */ = {isa = PBXFileReference; fileEncoding = 4; lastKnownFileType = sourcecode.swift; name = "Member+isActive.swift"; path = "PeriMeleon/Member+isActive.swift"; sourceTree = "<group>"; };
		27AAD0C92B83F711000343C4 /* MemberHouseholdChecker.swift */ = {isa = PBXFileReference; fileEncoding = 4; lastKnownFileType = sourcecode.swift; name = MemberHouseholdChecker.swift; path = PeriMeleon/MemberHouseholdChecker.swift; sourceTree = "<group>"; };
		27AAD0CA2B83F711000343C4 /* TransactionsQuery.swift */ = {isa = PBXFileReference; fileEncoding = 4; lastKnownFileType = sourcecode.swift; name = TransactionsQuery.swift; path = PeriMeleon/TransactionsQuery.swift; sourceTree = "<group>"; };
		27AAD0CB2B83F711000343C4 /* ProfessionView.swift */ = {isa = PBXFileReference; fileEncoding = 4; lastKnownFileType = sourcecode.swift; name = ProfessionView.swift; path = PeriMeleon/ProfessionView.swift; sourceTree = "<group>"; };
		27AAD0CC2B83F711000343C4 /* TransactionEditView.swift */ = {isa = PBXFileReference; fileEncoding = 4; lastKnownFileType = sourcecode.swift; name = TransactionEditView.swift; path = PeriMeleon/TransactionEditView.swift; sourceTree = "<group>"; };
		27AAD0CD2B83F711000343C4 /* RemoveHouseholdSheet.swift */ = {isa = PBXFileReference; fileEncoding = 4; lastKnownFileType = sourcecode.swift; name = RemoveHouseholdSheet.swift; path = PeriMeleon/RemoveHouseholdSheet.swift; sourceTree = "<group>"; };
		27AAD0CE2B83F711000343C4 /* MembersByAgeResultsView.swift */ = {isa = PBXFileReference; fileEncoding = 4; lastKnownFileType = sourcecode.swift; name = MembersByAgeResultsView.swift; path = PeriMeleon/MembersByAgeResultsView.swift; sourceTree = "<group>"; };
		27AAD0CF2B83F711000343C4 /* ProfessionEntryView.swift */ = {isa = PBXFileReference; fileEncoding = 4; lastKnownFileType = sourcecode.swift; name = ProfessionEntryView.swift; path = PeriMeleon/ProfessionEntryView.swift; sourceTree = "<group>"; };
		27AAD0D02B83F711000343C4 /* Services.swift */ = {isa = PBXFileReference; fileEncoding = 4; lastKnownFileType = sourcecode.swift; name = Services.swift; path = PeriMeleon/Services.swift; sourceTree = "<group>"; };
		27AAD0D12B83F711000343C4 /* Sidebar.swift */ = {isa = PBXFileReference; fileEncoding = 4; lastKnownFileType = sourcecode.swift; name = Sidebar.swift; path = PeriMeleon/Sidebar.swift; sourceTree = "<group>"; };
		27AAD0D22B83F711000343C4 /* SolidButton.swift */ = {isa = PBXFileReference; fileEncoding = 4; lastKnownFileType = sourcecode.swift; name = SolidButton.swift; path = PeriMeleon/SolidButton.swift; sourceTree = "<group>"; };
		27AAD0D32B83F711000343C4 /* TransactionsQueryEntry.swift */ = {isa = PBXFileReference; fileEncoding = 4; lastKnownFileType = sourcecode.swift; name = TransactionsQueryEntry.swift; path = PeriMeleon/TransactionsQueryEntry.swift; sourceTree = "<group>"; };
		27AAD0D42B83F711000343C4 /* MainView.swift */ = {isa = PBXFileReference; fileEncoding = 4; lastKnownFileType = sourcecode.swift; name = MainView.swift; path = PeriMeleon/MainView.swift; sourceTree = "<group>"; };
		27AAD0D52B83F711000343C4 /* TextAttributeView.swift */ = {isa = PBXFileReference; fileEncoding = 4; lastKnownFileType = sourcecode.swift; name = TextAttributeView.swift; path = PeriMeleon/TextAttributeView.swift; sourceTree = "<group>"; };
		27AAD0D62B83F711000343C4 /* PreviewProviderModifier.swift */ = {isa = PBXFileReference; fileEncoding = 4; lastKnownFileType = sourcecode.swift; name = PreviewProviderModifier.swift; path = PeriMeleon/PreviewProviderModifier.swift; sourceTree = "<group>"; };
		27AAD0D72B83F711000343C4 /* NewPasswordView.swift */ = {isa = PBXFileReference; fileEncoding = 4; lastKnownFileType = sourcecode.swift; name = NewPasswordView.swift; path = PeriMeleon/NewPasswordView.swift; sourceTree = "<group>"; };
		27AAD0D82B83F711000343C4 /* MemberView.swift */ = {isa = PBXFileReference; fileEncoding = 4; lastKnownFileType = sourcecode.swift; name = MemberView.swift; path = PeriMeleon/MemberView.swift; sourceTree = "<group>"; };
		27AAD0D92B83F711000343C4 /* PeriMeleonDocument.swift */ = {isa = PBXFileReference; fileEncoding = 4; lastKnownFileType = sourcecode.swift; name = PeriMeleonDocument.swift; path = PeriMeleon/PeriMeleonDocument.swift; sourceTree = "<group>"; };
		27AAD0DA2B83F711000343C4 /* NewAdditionEntryView.swift */ = {isa = PBXFileReference; fileEncoding = 4; lastKnownFileType = sourcecode.swift; name = NewAdditionEntryView.swift; path = PeriMeleon/NewAdditionEntryView.swift; sourceTree = "<group>"; };
		27AAD0DB2B83F711000343C4 /* PeriMeleonApp.swift */ = {isa = PBXFileReference; fileEncoding = 4; lastKnownFileType = sourcecode.swift; name = PeriMeleonApp.swift; path = PeriMeleon/PeriMeleonApp.swift; sourceTree = "<group>"; };
		27AAD0DC2B83F711000343C4 /* RemoveMemberState.swift */ = {isa = PBXFileReference; fileEncoding = 4; lastKnownFileType = sourcecode.swift; name = RemoveMemberState.swift; path = PeriMeleon/RemoveMemberState.swift; sourceTree = "<group>"; };
		27AAD0DD2B83F711000343C4 /* QueryResults.swift */ = {isa = PBXFileReference; fileEncoding = 4; lastKnownFileType = sourcecode.swift; name = QueryResults.swift; path = PeriMeleon/QueryResults.swift; sourceTree = "<group>"; };
		27AAD0DE2B83F711000343C4 /* MoveToHouseholdState.swift */ = {isa = PBXFileReference; fileEncoding = 4; lastKnownFileType = sourcecode.swift; name = MoveToHouseholdState.swift; path = PeriMeleon/MoveToHouseholdState.swift; sourceTree = "<group>"; };
		27AAD0DF2B83F711000343C4 /* MemberMarriesEntryView.swift */ = {isa = PBXFileReference; fileEncoding = 4; lastKnownFileType = sourcecode.swift; name = MemberMarriesEntryView.swift; path = PeriMeleon/MemberMarriesEntryView.swift; sourceTree = "<group>"; };
		27AAD0E02B83F711000343C4 /* PhonelistView.swift */ = {isa = PBXFileReference; fileEncoding = 4; lastKnownFileType = sourcecode.swift; name = PhonelistView.swift; path = PeriMeleon/PhonelistView.swift; sourceTree = "<group>"; };
		27AAD0E12B83F711000343C4 /* IntegerTextField.swift */ = {isa = PBXFileReference; fileEncoding = 4; lastKnownFileType = sourcecode.swift; name = IntegerTextField.swift; path = PeriMeleon/IntegerTextField.swift; sourceTree = "<group>"; };
		27AAD0E22B83F711000343C4 /* RepairMemberView.swift */ = {isa = PBXFileReference; fileEncoding = 4; lastKnownFileType = sourcecode.swift; name = RepairMemberView.swift; path = PeriMeleon/RepairMemberView.swift; sourceTree = "<group>"; };
		27AAD0E32B83F711000343C4 /* MoveToHouseholdDubiousSheet.swift */ = {isa = PBXFileReference; fileEncoding = 4; lastKnownFileType = sourcecode.swift; name = MoveToHouseholdDubiousSheet.swift; path = PeriMeleon/MoveToHouseholdDubiousSheet.swift; sourceTree = "<group>"; };
		27AAD0E42B83F711000343C4 /* PhonelistResultsView.swift */ = {isa = PBXFileReference; fileEncoding = 4; lastKnownFileType = sourcecode.swift; name = PhonelistResultsView.swift; path = PeriMeleon/PhonelistResultsView.swift; sourceTree = "<group>"; };
		27AAD0E52B83F711000343C4 /* MembersByStatusResultsView.swift */ = {isa = PBXFileReference; fileEncoding = 4; lastKnownFileType = sourcecode.swift; name = MembersByStatusResultsView.swift; path = PeriMeleon/MembersByStatusResultsView.swift; sourceTree = "<group>"; };
		27AAD0E62B83F711000343C4 /* NewAdditionAccumulator.swift */ = {isa = PBXFileReference; fileEncoding = 4; lastKnownFileType = sourcecode.swift; name = NewAdditionAccumulator.swift; path = PeriMeleon/NewAdditionAccumulator.swift; sourceTree = "<group>"; };
		27AAD0E72B83F711000343C4 /* SearchField.swift */ = {isa = PBXFileReference; fileEncoding = 4; lastKnownFileType = sourcecode.swift; name = SearchField.swift; path = PeriMeleon/SearchField.swift; sourceTree = "<group>"; };
		27AAD0E82B83F711000343C4 /* InformationView.swift */ = {isa = PBXFileReference; fileEncoding = 4; lastKnownFileType = sourcecode.swift; name = InformationView.swift; path = PeriMeleon/InformationView.swift; sourceTree = "<group>"; };
		27AAD0E92B83F711000343C4 /* PreviewShowoffView.swift */ = {isa = PBXFileReference; fileEncoding = 4; lastKnownFileType = sourcecode.swift; name = PreviewShowoffView.swift; path = PeriMeleon/PreviewShowoffView.swift; sourceTree = "<group>"; };
		27AAD0EA2B83F711000343C4 /* LICENSE.txt */ = {isa = PBXFileReference; fileEncoding = 4; lastKnownFileType = text; name = LICENSE.txt; path = PeriMeleon/LICENSE.txt; sourceTree = "<group>"; };
		27AAD0EB2B83F712000343C4 /* NavigationStylingModifier.swift */ = {isa = PBXFileReference; fileEncoding = 4; lastKnownFileType = sourcecode.swift; name = NavigationStylingModifier.swift; path = PeriMeleon/NavigationStylingModifier.swift; sourceTree = "<group>"; };
		27AAD0EC2B83F712000343C4 /* SortedArray.swift */ = {isa = PBXFileReference; fileEncoding = 4; lastKnownFileType = sourcecode.swift; name = SortedArray.swift; path = PeriMeleon/SortedArray.swift; sourceTree = "<group>"; };
		27AAD0ED2B83F712000343C4 /* Member+Age.swift */ = {isa = PBXFileReference; fileEncoding = 4; lastKnownFileType = sourcecode.swift; name = "Member+Age.swift"; path = "PeriMeleon/Member+Age.swift"; sourceTree = "<group>"; };
		27AAD0EE2B83F712000343C4 /* NewAddition.swift */ = {isa = PBXFileReference; fileEncoding = 4; lastKnownFileType = sourcecode.swift; name = NewAddition.swift; path = PeriMeleon/NewAddition.swift; sourceTree = "<group>"; };
		27AAD0EF2B83F712000343C4 /* MoveToHouseholdView.swift */ = {isa = PBXFileReference; fileEncoding = 4; lastKnownFileType = sourcecode.swift; name = MoveToHouseholdView.swift; path = PeriMeleon/MoveToHouseholdView.swift; sourceTree = "<group>"; };
		27AAD0F02B83F712000343C4 /* MemberMarriesVerificationView.swift */ = {isa = PBXFileReference; fileEncoding = 4; lastKnownFileType = sourcecode.swift; name = MemberMarriesVerificationView.swift; path = PeriMeleon/MemberMarriesVerificationView.swift; sourceTree = "<group>"; };
		27AAD0F12B83F712000343C4 /* NewAdditionVerificationView.swift */ = {isa = PBXFileReference; fileEncoding = 4; lastKnownFileType = sourcecode.swift; name = NewAdditionVerificationView.swift; path = PeriMeleon/NewAdditionVerificationView.swift; sourceTree = "<group>"; };
		27AAD0F22B83F712000343C4 /* ProfessionVerificationView.swift */ = {isa = PBXFileReference; fileEncoding = 4; lastKnownFileType = sourcecode.swift; name = ProfessionVerificationView.swift; path = PeriMeleon/ProfessionVerificationView.swift; sourceTree = "<group>"; };
		27AAD0F32B83F712000343C4 /* MoveToHouseholdSheet.swift */ = {isa = PBXFileReference; fileEncoding = 4; lastKnownFileType = sourcecode.swift; name = MoveToHouseholdSheet.swift; path = PeriMeleon/MoveToHouseholdSheet.swift; sourceTree = "<group>"; };
		27AAD0F42B83F712000343C4 /* NormalizedHousehold.swift */ = {isa = PBXFileReference; fileEncoding = 4; lastKnownFileType = sourcecode.swift; name = NormalizedHousehold.swift; path = PeriMeleon/NormalizedHousehold.swift; sourceTree = "<group>"; };
		27AAD0F52B83F712000343C4 /* PhonelistMaker.swift */ = {isa = PBXFileReference; fileEncoding = 4; lastKnownFileType = sourcecode.swift; name = PhonelistMaker.swift; path = PeriMeleon/PhonelistMaker.swift; sourceTree = "<group>"; };
		27AAD0F62B83F712000343C4 /* RepairHouseholdEditView.swift */ = {isa = PBXFileReference; fileEncoding = 4; lastKnownFileType = sourcecode.swift; name = RepairHouseholdEditView.swift; path = PeriMeleon/RepairHouseholdEditView.swift; sourceTree = "<group>"; };
		27AAD0F72B83F712000343C4 /* MembersByStatusView.swift */ = {isa = PBXFileReference; fileEncoding = 4; lastKnownFileType = sourcecode.swift; name = MembersByStatusView.swift; path = PeriMeleon/MembersByStatusView.swift; sourceTree = "<group>"; };
		27AAD0F82B83F712000343C4 /* Model.swift */ = {isa = PBXFileReference; fileEncoding = 4; lastKnownFileType = sourcecode.swift; name = Model.swift; path = PeriMeleon/Model.swift; sourceTree = "<group>"; };
		27AAD0F92B83F712000343C4 /* RoundedOutlineButton.swift */ = {isa = PBXFileReference; fileEncoding = 4; lastKnownFileType = sourcecode.swift; name = RoundedOutlineButton.swift; path = PeriMeleon/RoundedOutlineButton.swift; sourceTree = "<group>"; };
		27AAD0FA2B83F712000343C4 /* MoveToHouseholdTarget.swift */ = {isa = PBXFileReference; fileEncoding = 4; lastKnownFileType = sourcecode.swift; name = MoveToHouseholdTarget.swift; path = PeriMeleon/MoveToHouseholdTarget.swift; sourceTree = "<group>"; };
		27AAD0FC2B83F712000343C4 /* Preview Assets.xcassets */ = {isa = PBXFileReference; lastKnownFileType = folder.assetcatalog; path = "Preview Assets.xcassets"; sourceTree = "<group>"; };
		27AAD0FD2B83F712000343C4 /* RemoveHouseholdState.swift */ = {isa = PBXFileReference; fileEncoding = 4; lastKnownFileType = sourcecode.swift; name = RemoveHouseholdState.swift; path = PeriMeleon/RemoveHouseholdState.swift; sourceTree = "<group>"; };
		27AAD0FE2B83F712000343C4 /* MembersByAgeView.swift */ = {isa = PBXFileReference; fileEncoding = 4; lastKnownFileType = sourcecode.swift; name = MembersByAgeView.swift; path = PeriMeleon/MembersByAgeView.swift; sourceTree = "<group>"; };
		27AAD0FF2B83F712000343C4 /* MemberDiesView.swift */ = {isa = PBXFileReference; fileEncoding = 4; lastKnownFileType = sourcecode.swift; name = MemberDiesView.swift; path = PeriMeleon/MemberDiesView.swift; sourceTree = "<group>"; };
/* End PBXFileReference section */

/* Begin PBXFrameworksBuildPhase section */
		27AAD0342B815D7C000343C4 /* Frameworks */ = {
			isa = PBXFrameworksBuildPhase;
			buildActionMask = 2147483647;
			files = (
				27AAD1582B83F818000343C4 /* PMDataTypes in Frameworks */,
			);
			runOnlyForDeploymentPostprocessing = 0;
		};
/* End PBXFrameworksBuildPhase section */

/* Begin PBXGroup section */
		27AAD02E2B815D7C000343C4 = {
			isa = PBXGroup;
			children = (
				27AAD0612B83F6E5000343C4 /* AddressEditView.swift */,
				27AAD0A72B83F6F8000343C4 /* Assets.xcassets */,
				27AAD0562B83F6E5000343C4 /* BaptismsEntryView.swift */,
				27AAD06C2B83F6E5000343C4 /* BaptismsResultsView.swift */,
				27AAD0552B83F6E5000343C4 /* BaptismsView.swift */,
				27AAD0622B83F6E5000343C4 /* BirthdaysEntryView.swift */,
				27AAD05E2B83F6E5000343C4 /* BirthdaysResultsView.swift */,
				27AAD0502B83F6E5000343C4 /* BirthdaysView.swift */,
				27AAD0652B83F6E5000343C4 /* CheckboxToggleStyle.swift */,
				27AAD0722B83F6E5000343C4 /* ChooseHouseholdView.swift */,
				27AAD0752B83F6E5000343C4 /* ChooseMemberView.swift */,
				27AAD05A2B83F6E5000343C4 /* CompactToggleView.swift */,
				27AAD0692B83F6E5000343C4 /* ContentView.swift */,
				27AAD0592B83F6E5000343C4 /* CoreMemberView.swift */,
				27AAD0532B83F6E5000343C4 /* CryptoKey.swift */,
				27AAD0702B83F6E5000343C4 /* DataChecker.swift */,
				27AAD06A2B83F6E5000343C4 /* DataCheckerView.swift */,
				27AAD0542B83F6E5000343C4 /* DataCheckReport.swift */,
				27AAD0512B83F6E5000343C4 /* DataCheckReportView.swift */,
				27AAD04E2B83F6E5000343C4 /* DateSelectionView.swift */,
				27AAD0672B83F6E5000343C4 /* DirectoryMaker.swift */,
				27AAD05B2B83F6E5000343C4 /* DirectoryView.swift */,
				27AAD0732B83F6E5000343C4 /* DocumentExportPicker.swift */,
				27AAD0712B83F6E5000343C4 /* EditBoolView.swift */,
				27AAD0572B83F6E5000343C4 /* EditDisplayView.swift */,
				27AAD0662B83F6E5000343C4 /* EditOptionalDateView.swift */,
				27AAD0742B83F6E5000343C4 /* EditOptionalParentView.swift */,
				27AAD0582B83F6E5000343C4 /* EditOptionalTextView.swift */,
				27AAD06D2B83F6E5000343C4 /* EditSexView.swift */,
				27AAD05F2B83F6E5000343C4 /* EditTextView.swift */,
				27AAD0682B83F6E5000343C4 /* ExplainError.swift */,
				27AAD0772B83F6E5000343C4 /* FamilyDismissedAccumulator.swift */,
				27AAD05C2B83F6E5000343C4 /* FamilyDismissedTransactionView.swift */,
				27AAD05D2B83F6E5000343C4 /* FamilyDismissedVerificationView.swift */,
				27AAD06B2B83F6E5000343C4 /* FamilyDismissedView.swift */,
				27AAD0762B83F6E5000343C4 /* FamilyJoinAccumulator.swift */,
				27AAD0782B83F6E5000343C4 /* FamilyJoinHeadPhaseView.swift */,
				27AAD04F2B83F6E5000343C4 /* FamilyJoinHouseholdPhaseView.swift */,
				27AAD0632B83F6E5000343C4 /* FamilyJoinTransactionPhaseView.swift */,
				27AAD06E2B83F6E5000343C4 /* FamilyJoinView.swift */,
				27AAD0522B83F6E5000343C4 /* FamilyRelationship.swift */,
				27AAD0602B83F6E5000343C4 /* FileView.swift */,
				27AAD04D2B83F6E5000343C4 /* HouseholdRowView.swift */,
				27AAD06F2B83F6E5000343C4 /* HouseholdsView.swift */,
				27AAD0792B83F6E5000343C4 /* HouseholdView.swift */,
				27AAD0E82B83F711000343C4 /* InformationView.swift */,
				27AAD0E12B83F711000343C4 /* IntegerTextField.swift */,
				27AAD0BD2B83F711000343C4 /* Keychain.swift */,
				27AAD0EA2B83F711000343C4 /* LICENSE.txt */,
				27AAD0D42B83F711000343C4 /* MainView.swift */,
				27AAD0ED2B83F712000343C4 /* Member+Age.swift */,
				27AAD0C82B83F711000343C4 /* Member+isActive.swift */,
				27AAD0C62B83F711000343C4 /* MemberDiesSheet.swift */,
				27AAD0BE2B83F711000343C4 /* MemberDiesState.swift */,
				27AAD0FF2B83F712000343C4 /* MemberDiesView.swift */,
				27AAD0B12B83F711000343C4 /* MemberEditView.swift */,
				27AAD0C92B83F711000343C4 /* MemberHouseholdChecker.swift */,
				27AAD0B32B83F711000343C4 /* MemberHouseholdCheckerView.swift */,
				27AAD0DF2B83F711000343C4 /* MemberMarriesEntryView.swift */,
				27AAD0AD2B83F711000343C4 /* MemberMarriesMember.swift */,
				27AAD0B22B83F711000343C4 /* MemberMarriesMemberAccumulator.swift */,
				27AAD0B82B83F711000343C4 /* MemberMarriesProblemView.swift */,
				27AAD0F02B83F712000343C4 /* MemberMarriesVerificationView.swift */,
				27AAD0C02B83F711000343C4 /* MemberRowView.swift */,
				27AAD0B62B83F711000343C4 /* MembersByAgeEntryView.swift */,
				27AAD0CE2B83F711000343C4 /* MembersByAgeResultsView.swift */,
				27AAD0FE2B83F712000343C4 /* MembersByAgeView.swift */,
				27AAD0BA2B83F711000343C4 /* MembersByStatusEntryView.swift */,
				27AAD0E52B83F711000343C4 /* MembersByStatusResultsView.swift */,
				27AAD0F72B83F712000343C4 /* MembersByStatusView.swift */,
				27AAD0B52B83F711000343C4 /* MembersView.swift */,
				27AAD0D82B83F711000343C4 /* MemberView.swift */,
				27AAD0BB2B83F711000343C4 /* MockedData.swift */,
				27AAD0F82B83F712000343C4 /* Model.swift */,
				27AAD0E32B83F711000343C4 /* MoveToHouseholdDubiousSheet.swift */,
				27AAD0C32B83F711000343C4 /* MoveToHouseholdNewSheet.swift */,
				27AAD0C12B83F711000343C4 /* MoveToHouseholdOtherSheet.swift */,
				27AAD0F32B83F712000343C4 /* MoveToHouseholdSheet.swift */,
				27AAD0DE2B83F711000343C4 /* MoveToHouseholdState.swift */,
				27AAD0FA2B83F712000343C4 /* MoveToHouseholdTarget.swift */,
				27AAD0EF2B83F712000343C4 /* MoveToHouseholdView.swift */,
				27AAD0EB2B83F712000343C4 /* NavigationStylingModifier.swift */,
				27AAD0EE2B83F712000343C4 /* NewAddition.swift */,
				27AAD0E62B83F711000343C4 /* NewAdditionAccumulator.swift */,
				27AAD0DA2B83F711000343C4 /* NewAdditionEntryView.swift */,
				27AAD0F12B83F712000343C4 /* NewAdditionVerificationView.swift */,
				27AAD0D72B83F711000343C4 /* NewPasswordView.swift */,
				27AAD0F42B83F712000343C4 /* NormalizedHousehold.swift */,
				27AAD0BF2B83F711000343C4 /* PasswordView.swift */,
				27AAD0392B815D7C000343C4 /* PeriMeleon */,
				27AAD04C2B83F6E5000343C4 /* PeriMeleon-Bridging-Header.h */,
				27AAD0DB2B83F711000343C4 /* PeriMeleonApp.swift */,
				27AAD0D92B83F711000343C4 /* PeriMeleonDocument.swift */,
				27AAD0AB2B83F710000343C4 /* PhonelistEntryView.swift */,
				27AAD0F52B83F712000343C4 /* PhonelistMaker.swift */,
				27AAD0E42B83F711000343C4 /* PhonelistResultsView.swift */,
				27AAD0E02B83F711000343C4 /* PhonelistView.swift */,
				27AAD0FB2B83F712000343C4 /* Preview Content */,
				27AAD0D62B83F711000343C4 /* PreviewProviderModifier.swift */,
				27AAD0E92B83F711000343C4 /* PreviewShowoffView.swift */,
				27AAD0382B815D7C000343C4 /* Products */,
				27AAD0A92B83F710000343C4 /* ProfessionAccumulator.swift */,
				27AAD0CF2B83F711000343C4 /* ProfessionEntryView.swift */,
				27AAD0F22B83F712000343C4 /* ProfessionVerificationView.swift */,
				27AAD0CB2B83F711000343C4 /* ProfessionView.swift */,
				27AAD0C42B83F711000343C4 /* QueriesView.swift */,
				27AAD0DD2B83F711000343C4 /* QueryResults.swift */,
				27AAD0CD2B83F711000343C4 /* RemoveHouseholdSheet.swift */,
				27AAD0FD2B83F712000343C4 /* RemoveHouseholdState.swift */,
				27AAD0B42B83F711000343C4 /* RemoveHouseholdView.swift */,
				27AAD0C22B83F711000343C4 /* RemoveMemberSheet.swift */,
				27AAD0DC2B83F711000343C4 /* RemoveMemberState.swift */,
				27AAD0B72B83F711000343C4 /* RemoveMemberView.swift */,
				27AAD0F62B83F712000343C4 /* RepairHouseholdEditView.swift */,
				27AAD0B92B83F711000343C4 /* RepairHouseholdView.swift */,
				27AAD0AA2B83F710000343C4 /* RepairMemberEditView.swift */,
				27AAD0E22B83F711000343C4 /* RepairMemberView.swift */,
				27AAD0F92B83F712000343C4 /* RoundedOutlineButton.swift */,
				27AAD0E72B83F711000343C4 /* SearchField.swift */,
				27AAD0C52B83F711000343C4 /* ServiceEditView.swift */,
				27AAD0D02B83F711000343C4 /* Services.swift */,
				27AAD0BC2B83F711000343C4 /* ShareSheet.swift */,
				27AAD0D12B83F711000343C4 /* Sidebar.swift */,
				27AAD0D22B83F711000343C4 /* SolidButton.swift */,
				27AAD0C72B83F711000343C4 /* SomeMembersView.swift */,
				27AAD0EC2B83F712000343C4 /* SortedArray.swift */,
				27AAD0D52B83F711000343C4 /* TextAttributeView.swift */,
				27AAD0CC2B83F711000343C4 /* TransactionEditView.swift */,
				27AAD0AF2B83F711000343C4 /* Transactions.swift */,
				27AAD0CA2B83F711000343C4 /* TransactionsQuery.swift */,
				27AAD0D32B83F711000343C4 /* TransactionsQueryEntry.swift */,
				27AAD0AC2B83F710000343C4 /* TransactionsQueryResults.swift */,
				27AAD0B02B83F711000343C4 /* View+debug.swift */,
				27AAD0AE2B83F711000343C4 /* WorkflowsView.swift */,
			);
			sourceTree = "<group>";
		};
		27AAD0382B815D7C000343C4 /* Products */ = {
			isa = PBXGroup;
			children = (
				27AAD0372B815D7C000343C4 /* PeriMeleon.app */,
			);
			name = Products;
			sourceTree = "<group>";
		};
		27AAD0392B815D7C000343C4 /* PeriMeleon */ = {
			isa = PBXGroup;
			children = (
				27AAD0402B815D7D000343C4 /* Assets.xcassets */,
				27AAD0422B815D7D000343C4 /* Info.plist */,
				27AAD0432B815D7D000343C4 /* PeriMeleon.entitlements */,
				27AAD0442B815D7D000343C4 /* Preview Content */,
			);
			path = PeriMeleon;
			sourceTree = "<group>";
		};
		27AAD0442B815D7D000343C4 /* Preview Content */ = {
			isa = PBXGroup;
			children = (
				27AAD0452B815D7D000343C4 /* Preview Assets.xcassets */,
			);
			path = "Preview Content";
			sourceTree = "<group>";
		};
		27AAD0FB2B83F712000343C4 /* Preview Content */ = {
			isa = PBXGroup;
			children = (
				27AAD0FC2B83F712000343C4 /* Preview Assets.xcassets */,
			);
			name = "Preview Content";
			path = "PeriMeleon/Preview Content";
			sourceTree = "<group>";
		};
/* End PBXGroup section */

/* Begin PBXNativeTarget section */
		27AAD0362B815D7C000343C4 /* PeriMeleon */ = {
			isa = PBXNativeTarget;
			buildConfigurationList = 27AAD0492B815D7D000343C4 /* Build configuration list for PBXNativeTarget "PeriMeleon" */;
			buildPhases = (
				27AAD0332B815D7C000343C4 /* Sources */,
				27AAD0342B815D7C000343C4 /* Frameworks */,
				27AAD0352B815D7C000343C4 /* Resources */,
			);
			buildRules = (
			);
			dependencies = (
			);
			name = PeriMeleon;
			packageProductDependencies = (
				27AAD1572B83F818000343C4 /* PMDataTypes */,
			);
			productName = PeriMeleon;
			productReference = 27AAD0372B815D7C000343C4 /* PeriMeleon.app */;
			productType = "com.apple.product-type.application";
		};
/* End PBXNativeTarget section */

/* Begin PBXProject section */
		27AAD02F2B815D7C000343C4 /* Project object */ = {
			isa = PBXProject;
			attributes = {
				BuildIndependentTargetsInParallel = 1;
				LastSwiftUpdateCheck = 1520;
				LastUpgradeCheck = 1620;
				TargetAttributes = {
					27AAD0362B815D7C000343C4 = {
						CreatedOnToolsVersion = 15.2;
						LastSwiftMigration = 1520;
					};
				};
			};
			buildConfigurationList = 27AAD0322B815D7C000343C4 /* Build configuration list for PBXProject "PeriMeleon" */;
			compatibilityVersion = "Xcode 14.0";
			developmentRegion = en;
			hasScannedForEncodings = 0;
			knownRegions = (
				en,
				Base,
			);
			mainGroup = 27AAD02E2B815D7C000343C4;
			packageReferences = (
				27AAD1562B83F818000343C4 /* XCLocalSwiftPackageReference "../../PMDataTypes" */,
			);
			productRefGroup = 27AAD0382B815D7C000343C4 /* Products */;
			projectDirPath = "";
			projectRoot = "";
			targets = (
				27AAD0362B815D7C000343C4 /* PeriMeleon */,
			);
		};
/* End PBXProject section */

/* Begin PBXResourcesBuildPhase section */
		27AAD0352B815D7C000343C4 /* Resources */ = {
			isa = PBXResourcesBuildPhase;
			buildActionMask = 2147483647;
			files = (
				27AAD0462B815D7D000343C4 /* Preview Assets.xcassets in Resources */,
				27AAD0A82B83F6F8000343C4 /* Assets.xcassets in Resources */,
				27AAD1412B83F712000343C4 /* LICENSE.txt in Resources */,
			);
			runOnlyForDeploymentPostprocessing = 0;
		};
/* End PBXResourcesBuildPhase section */

/* Begin PBXSourcesBuildPhase section */
		27AAD0332B815D7C000343C4 /* Sources */ = {
			isa = PBXSourcesBuildPhase;
			buildActionMask = 2147483647;
			files = (
				27AAD1482B83F712000343C4 /* NewAdditionVerificationView.swift in Sources */,
				27AAD10F2B83F712000343C4 /* MemberMarriesProblemView.swift in Sources */,
				27AAD1212B83F712000343C4 /* TransactionsQuery.swift in Sources */,
				27AAD10B2B83F712000343C4 /* RemoveHouseholdView.swift in Sources */,
				27AAD07C2B83F6E6000343C4 /* FamilyJoinHouseholdPhaseView.swift in Sources */,
				27AAD10C2B83F712000343C4 /* MembersView.swift in Sources */,
				27AAD1242B83F712000343C4 /* RemoveHouseholdSheet.swift in Sources */,
				27AAD08A2B83F6E6000343C4 /* FamilyDismissedVerificationView.swift in Sources */,
				27AAD1122B83F712000343C4 /* MockedData.swift in Sources */,
				27AAD13C2B83F712000343C4 /* MembersByStatusResultsView.swift in Sources */,
				27AAD1092B83F712000343C4 /* MemberMarriesMemberAccumulator.swift in Sources */,
				27AAD09C2B83F6E6000343C4 /* HouseholdsView.swift in Sources */,
				27AAD0A52B83F6E6000343C4 /* FamilyJoinHeadPhaseView.swift in Sources */,
				27AAD0962B83F6E6000343C4 /* ContentView.swift in Sources */,
				27AAD1232B83F712000343C4 /* TransactionEditView.swift in Sources */,
				27AAD07F2B83F6E6000343C4 /* FamilyRelationship.swift in Sources */,
				27AAD09B2B83F6E6000343C4 /* FamilyJoinView.swift in Sources */,
				27AAD1262B83F712000343C4 /* ProfessionEntryView.swift in Sources */,
				27AAD1502B83F712000343C4 /* RoundedOutlineButton.swift in Sources */,
				27AAD1542B83F712000343C4 /* MembersByAgeView.swift in Sources */,
				27AAD0952B83F6E6000343C4 /* ExplainError.swift in Sources */,
				27AAD13E2B83F712000343C4 /* SearchField.swift in Sources */,
				27AAD1292B83F712000343C4 /* SolidButton.swift in Sources */,
				27AAD11B2B83F712000343C4 /* QueriesView.swift in Sources */,
				27AAD1082B83F712000343C4 /* MemberEditView.swift in Sources */,
				27AAD13D2B83F712000343C4 /* NewAdditionAccumulator.swift in Sources */,
				27AAD12A2B83F712000343C4 /* TransactionsQueryEntry.swift in Sources */,
				27AAD1202B83F712000343C4 /* MemberHouseholdChecker.swift in Sources */,
				27AAD07A2B83F6E6000343C4 /* HouseholdRowView.swift in Sources */,
				27AAD07B2B83F6E6000343C4 /* DateSelectionView.swift in Sources */,
				27AAD0902B83F6E6000343C4 /* FamilyJoinTransactionPhaseView.swift in Sources */,
				27AAD0A02B83F6E6000343C4 /* DocumentExportPicker.swift in Sources */,
				27AAD14F2B83F712000343C4 /* Model.swift in Sources */,
				27AAD1002B83F712000343C4 /* ProfessionAccumulator.swift in Sources */,
				27AAD1112B83F712000343C4 /* MembersByStatusEntryView.swift in Sources */,
				27AAD1422B83F712000343C4 /* NavigationStylingModifier.swift in Sources */,
				27AAD0982B83F6E6000343C4 /* FamilyDismissedView.swift in Sources */,
				27AAD1022B83F712000343C4 /* PhonelistEntryView.swift in Sources */,
				27AAD14D2B83F712000343C4 /* RepairHouseholdEditView.swift in Sources */,
				27AAD1052B83F712000343C4 /* WorkflowsView.swift in Sources */,
				27AAD1132B83F712000343C4 /* ShareSheet.swift in Sources */,
				27AAD0822B83F6E6000343C4 /* BaptismsView.swift in Sources */,
				27AAD11A2B83F712000343C4 /* MoveToHouseholdNewSheet.swift in Sources */,
				27AAD12D2B83F712000343C4 /* PreviewProviderModifier.swift in Sources */,
				27AAD0A22B83F6E6000343C4 /* ChooseMemberView.swift in Sources */,
				27AAD1312B83F712000343C4 /* NewAdditionEntryView.swift in Sources */,
				27AAD1102B83F712000343C4 /* RepairHouseholdView.swift in Sources */,
				27AAD0812B83F6E6000343C4 /* DataCheckReport.swift in Sources */,
				27AAD12F2B83F712000343C4 /* MemberView.swift in Sources */,
				27AAD10A2B83F712000343C4 /* MemberHouseholdCheckerView.swift in Sources */,
				27AAD0802B83F6E6000343C4 /* CryptoKey.swift in Sources */,
				27AAD08F2B83F6E6000343C4 /* BirthdaysEntryView.swift in Sources */,
				27AAD1392B83F712000343C4 /* RepairMemberView.swift in Sources */,
				27AAD1372B83F712000343C4 /* PhonelistView.swift in Sources */,
				27AAD1012B83F712000343C4 /* RepairMemberEditView.swift in Sources */,
				27AAD1042B83F712000343C4 /* MemberMarriesMember.swift in Sources */,
				27AAD1342B83F712000343C4 /* QueryResults.swift in Sources */,
				27AAD1192B83F712000343C4 /* RemoveMemberSheet.swift in Sources */,
				27AAD1452B83F712000343C4 /* NewAddition.swift in Sources */,
				27AAD0972B83F6E6000343C4 /* DataCheckerView.swift in Sources */,
				27AAD0942B83F6E6000343C4 /* DirectoryMaker.swift in Sources */,
				27AAD08D2B83F6E6000343C4 /* FileView.swift in Sources */,
				27AAD0932B83F6E6000343C4 /* EditOptionalDateView.swift in Sources */,
				27AAD1062B83F712000343C4 /* Transactions.swift in Sources */,
				27AAD1362B83F712000343C4 /* MemberMarriesEntryView.swift in Sources */,
				27AAD1322B83F712000343C4 /* PeriMeleonApp.swift in Sources */,
				27AAD08E2B83F6E6000343C4 /* AddressEditView.swift in Sources */,
				27AAD1032B83F712000343C4 /* TransactionsQueryResults.swift in Sources */,
				27AAD1532B83F712000343C4 /* RemoveHouseholdState.swift in Sources */,
				27AAD11F2B83F712000343C4 /* Member+isActive.swift in Sources */,
				27AAD14B2B83F712000343C4 /* NormalizedHousehold.swift in Sources */,
				27AAD09D2B83F6E6000343C4 /* DataChecker.swift in Sources */,
				27AAD0992B83F6E6000343C4 /* BaptismsResultsView.swift in Sources */,
				27AAD1252B83F712000343C4 /* MembersByAgeResultsView.swift in Sources */,
				27AAD09E2B83F6E6000343C4 /* EditBoolView.swift in Sources */,
				27AAD10D2B83F712000343C4 /* MembersByAgeEntryView.swift in Sources */,
				27AAD0892B83F6E6000343C4 /* FamilyDismissedTransactionView.swift in Sources */,
				27AAD14A2B83F712000343C4 /* MoveToHouseholdSheet.swift in Sources */,
				27AAD0862B83F6E6000343C4 /* CoreMemberView.swift in Sources */,
				27AAD07E2B83F6E6000343C4 /* DataCheckReportView.swift in Sources */,
				27AAD11D2B83F712000343C4 /* MemberDiesSheet.swift in Sources */,
				27AAD1492B83F712000343C4 /* ProfessionVerificationView.swift in Sources */,
				27AAD1182B83F712000343C4 /* MoveToHouseholdOtherSheet.swift in Sources */,
				27AAD10E2B83F712000343C4 /* RemoveMemberView.swift in Sources */,
				27AAD0882B83F6E6000343C4 /* DirectoryView.swift in Sources */,
				27AAD1172B83F712000343C4 /* MemberRowView.swift in Sources */,
				27AAD1222B83F712000343C4 /* ProfessionView.swift in Sources */,
				27AAD0842B83F6E6000343C4 /* EditDisplayView.swift in Sources */,
				27AAD0872B83F6E6000343C4 /* CompactToggleView.swift in Sources */,
				27AAD1432B83F712000343C4 /* SortedArray.swift in Sources */,
				27AAD1162B83F712000343C4 /* PasswordView.swift in Sources */,
				27AAD08C2B83F6E6000343C4 /* EditTextView.swift in Sources */,
				27AAD0A42B83F6E6000343C4 /* FamilyDismissedAccumulator.swift in Sources */,
				27AAD08B2B83F6E6000343C4 /* BirthdaysResultsView.swift in Sources */,
				27AAD12C2B83F712000343C4 /* TextAttributeView.swift in Sources */,
				27AAD1352B83F712000343C4 /* MoveToHouseholdState.swift in Sources */,
				27AAD1142B83F712000343C4 /* Keychain.swift in Sources */,
				27AAD0852B83F6E6000343C4 /* EditOptionalTextView.swift in Sources */,
				27AAD14C2B83F712000343C4 /* PhonelistMaker.swift in Sources */,
				27AAD12B2B83F712000343C4 /* MainView.swift in Sources */,
				27AAD12E2B83F712000343C4 /* NewPasswordView.swift in Sources */,
				27AAD11C2B83F712000343C4 /* ServiceEditView.swift in Sources */,
				27AAD0A62B83F6E6000343C4 /* HouseholdView.swift in Sources */,
				27AAD1552B83F712000343C4 /* MemberDiesView.swift in Sources */,
				27AAD1272B83F712000343C4 /* Services.swift in Sources */,
				27AAD1382B83F712000343C4 /* IntegerTextField.swift in Sources */,
				27AAD1402B83F712000343C4 /* PreviewShowoffView.swift in Sources */,
				27AAD0A12B83F6E6000343C4 /* EditOptionalParentView.swift in Sources */,
				27AAD1282B83F712000343C4 /* Sidebar.swift in Sources */,
				27AAD1462B83F712000343C4 /* MoveToHouseholdView.swift in Sources */,
				27AAD0832B83F6E6000343C4 /* BaptismsEntryView.swift in Sources */,
				27AAD0A32B83F6E6000343C4 /* FamilyJoinAccumulator.swift in Sources */,
				27AAD1152B83F712000343C4 /* MemberDiesState.swift in Sources */,
				27AAD09A2B83F6E6000343C4 /* EditSexView.swift in Sources */,
				27AAD1472B83F712000343C4 /* MemberMarriesVerificationView.swift in Sources */,
				27AAD1332B83F712000343C4 /* RemoveMemberState.swift in Sources */,
				27AAD13B2B83F712000343C4 /* PhonelistResultsView.swift in Sources */,
				27AAD1072B83F712000343C4 /* View+debug.swift in Sources */,
				27AAD11E2B83F712000343C4 /* SomeMembersView.swift in Sources */,
				27AAD13A2B83F712000343C4 /* MoveToHouseholdDubiousSheet.swift in Sources */,
				27AAD14E2B83F712000343C4 /* MembersByStatusView.swift in Sources */,
				27AAD09F2B83F6E6000343C4 /* ChooseHouseholdView.swift in Sources */,
				27AAD1512B83F712000343C4 /* MoveToHouseholdTarget.swift in Sources */,
				27AAD1442B83F712000343C4 /* Member+Age.swift in Sources */,
				27AAD0922B83F6E6000343C4 /* CheckboxToggleStyle.swift in Sources */,
				27AAD13F2B83F712000343C4 /* InformationView.swift in Sources */,
				27AAD1302B83F712000343C4 /* PeriMeleonDocument.swift in Sources */,
				27AAD07D2B83F6E6000343C4 /* BirthdaysView.swift in Sources */,
			);
			runOnlyForDeploymentPostprocessing = 0;
		};
/* End PBXSourcesBuildPhase section */

/* Begin XCBuildConfiguration section */
		27AAD0472B815D7D000343C4 /* Debug */ = {
			isa = XCBuildConfiguration;
			buildSettings = {
				ALWAYS_SEARCH_USER_PATHS = NO;
				ASSETCATALOG_COMPILER_GENERATE_SWIFT_ASSET_SYMBOL_EXTENSIONS = YES;
				CLANG_ANALYZER_NONNULL = YES;
				CLANG_ANALYZER_NUMBER_OBJECT_CONVERSION = YES_AGGRESSIVE;
				CLANG_CXX_LANGUAGE_STANDARD = "gnu++20";
				CLANG_ENABLE_MODULES = YES;
				CLANG_ENABLE_OBJC_ARC = YES;
				CLANG_ENABLE_OBJC_WEAK = YES;
				CLANG_WARN_BLOCK_CAPTURE_AUTORELEASING = YES;
				CLANG_WARN_BOOL_CONVERSION = YES;
				CLANG_WARN_COMMA = YES;
				CLANG_WARN_CONSTANT_CONVERSION = YES;
				CLANG_WARN_DEPRECATED_OBJC_IMPLEMENTATIONS = YES;
				CLANG_WARN_DIRECT_OBJC_ISA_USAGE = YES_ERROR;
				CLANG_WARN_DOCUMENTATION_COMMENTS = YES;
				CLANG_WARN_EMPTY_BODY = YES;
				CLANG_WARN_ENUM_CONVERSION = YES;
				CLANG_WARN_INFINITE_RECURSION = YES;
				CLANG_WARN_INT_CONVERSION = YES;
				CLANG_WARN_NON_LITERAL_NULL_CONVERSION = YES;
				CLANG_WARN_OBJC_IMPLICIT_RETAIN_SELF = YES;
				CLANG_WARN_OBJC_LITERAL_CONVERSION = YES;
				CLANG_WARN_OBJC_ROOT_CLASS = YES_ERROR;
				CLANG_WARN_QUOTED_INCLUDE_IN_FRAMEWORK_HEADER = YES;
				CLANG_WARN_RANGE_LOOP_ANALYSIS = YES;
				CLANG_WARN_STRICT_PROTOTYPES = YES;
				CLANG_WARN_SUSPICIOUS_MOVE = YES;
				CLANG_WARN_UNGUARDED_AVAILABILITY = YES_AGGRESSIVE;
				CLANG_WARN_UNREACHABLE_CODE = YES;
				CLANG_WARN__DUPLICATE_METHOD_MATCH = YES;
				COPY_PHASE_STRIP = NO;
				DEAD_CODE_STRIPPING = YES;
				DEBUG_INFORMATION_FORMAT = dwarf;
				ENABLE_STRICT_OBJC_MSGSEND = YES;
				ENABLE_TESTABILITY = YES;
				ENABLE_USER_SCRIPT_SANDBOXING = YES;
				GCC_C_LANGUAGE_STANDARD = gnu17;
				GCC_DYNAMIC_NO_PIC = NO;
				GCC_NO_COMMON_BLOCKS = YES;
				GCC_OPTIMIZATION_LEVEL = 0;
				GCC_PREPROCESSOR_DEFINITIONS = (
					"DEBUG=1",
					"$(inherited)",
				);
				GCC_WARN_64_TO_32_BIT_CONVERSION = YES;
				GCC_WARN_ABOUT_RETURN_TYPE = YES_ERROR;
				GCC_WARN_UNDECLARED_SELECTOR = YES;
				GCC_WARN_UNINITIALIZED_AUTOS = YES_AGGRESSIVE;
				GCC_WARN_UNUSED_FUNCTION = YES;
				GCC_WARN_UNUSED_VARIABLE = YES;
				LOCALIZATION_PREFERS_STRING_CATALOGS = YES;
				MTL_ENABLE_DEBUG_INFO = INCLUDE_SOURCE;
				MTL_FAST_MATH = YES;
				ONLY_ACTIVE_ARCH = YES;
				SWIFT_ACTIVE_COMPILATION_CONDITIONS = "DEBUG $(inherited)";
				SWIFT_OPTIMIZATION_LEVEL = "-Onone";
			};
			name = Debug;
		};
		27AAD0482B815D7D000343C4 /* Release */ = {
			isa = XCBuildConfiguration;
			buildSettings = {
				ALWAYS_SEARCH_USER_PATHS = NO;
				ASSETCATALOG_COMPILER_GENERATE_SWIFT_ASSET_SYMBOL_EXTENSIONS = YES;
				CLANG_ANALYZER_NONNULL = YES;
				CLANG_ANALYZER_NUMBER_OBJECT_CONVERSION = YES_AGGRESSIVE;
				CLANG_CXX_LANGUAGE_STANDARD = "gnu++20";
				CLANG_ENABLE_MODULES = YES;
				CLANG_ENABLE_OBJC_ARC = YES;
				CLANG_ENABLE_OBJC_WEAK = YES;
				CLANG_WARN_BLOCK_CAPTURE_AUTORELEASING = YES;
				CLANG_WARN_BOOL_CONVERSION = YES;
				CLANG_WARN_COMMA = YES;
				CLANG_WARN_CONSTANT_CONVERSION = YES;
				CLANG_WARN_DEPRECATED_OBJC_IMPLEMENTATIONS = YES;
				CLANG_WARN_DIRECT_OBJC_ISA_USAGE = YES_ERROR;
				CLANG_WARN_DOCUMENTATION_COMMENTS = YES;
				CLANG_WARN_EMPTY_BODY = YES;
				CLANG_WARN_ENUM_CONVERSION = YES;
				CLANG_WARN_INFINITE_RECURSION = YES;
				CLANG_WARN_INT_CONVERSION = YES;
				CLANG_WARN_NON_LITERAL_NULL_CONVERSION = YES;
				CLANG_WARN_OBJC_IMPLICIT_RETAIN_SELF = YES;
				CLANG_WARN_OBJC_LITERAL_CONVERSION = YES;
				CLANG_WARN_OBJC_ROOT_CLASS = YES_ERROR;
				CLANG_WARN_QUOTED_INCLUDE_IN_FRAMEWORK_HEADER = YES;
				CLANG_WARN_RANGE_LOOP_ANALYSIS = YES;
				CLANG_WARN_STRICT_PROTOTYPES = YES;
				CLANG_WARN_SUSPICIOUS_MOVE = YES;
				CLANG_WARN_UNGUARDED_AVAILABILITY = YES_AGGRESSIVE;
				CLANG_WARN_UNREACHABLE_CODE = YES;
				CLANG_WARN__DUPLICATE_METHOD_MATCH = YES;
				COPY_PHASE_STRIP = NO;
				DEAD_CODE_STRIPPING = YES;
				DEBUG_INFORMATION_FORMAT = "dwarf-with-dsym";
				ENABLE_NS_ASSERTIONS = NO;
				ENABLE_STRICT_OBJC_MSGSEND = YES;
				ENABLE_USER_SCRIPT_SANDBOXING = YES;
				GCC_C_LANGUAGE_STANDARD = gnu17;
				GCC_NO_COMMON_BLOCKS = YES;
				GCC_WARN_64_TO_32_BIT_CONVERSION = YES;
				GCC_WARN_ABOUT_RETURN_TYPE = YES_ERROR;
				GCC_WARN_UNDECLARED_SELECTOR = YES;
				GCC_WARN_UNINITIALIZED_AUTOS = YES_AGGRESSIVE;
				GCC_WARN_UNUSED_FUNCTION = YES;
				GCC_WARN_UNUSED_VARIABLE = YES;
				LOCALIZATION_PREFERS_STRING_CATALOGS = YES;
				MTL_ENABLE_DEBUG_INFO = NO;
				MTL_FAST_MATH = YES;
				SWIFT_COMPILATION_MODE = wholemodule;
			};
			name = Release;
		};
		27AAD04A2B815D7D000343C4 /* Debug */ = {
			isa = XCBuildConfiguration;
			buildSettings = {
				ASSETCATALOG_COMPILER_APPICON_NAME = AppIcon;
				ASSETCATALOG_COMPILER_GLOBAL_ACCENT_COLOR_NAME = AccentColor;
				CLANG_ENABLE_MODULES = YES;
				CODE_SIGN_ENTITLEMENTS = PeriMeleon/PeriMeleon.entitlements;
				CODE_SIGN_IDENTITY = "Apple Development";
				"CODE_SIGN_IDENTITY[sdk=macosx*]" = "Apple Development";
				CODE_SIGN_STYLE = Automatic;
				CURRENT_PROJECT_VERSION = 2;
				DEAD_CODE_STRIPPING = YES;
				DEVELOPMENT_ASSET_PATHS = "\"PeriMeleon/Preview Content\"";
				DEVELOPMENT_TEAM = KRGB7TX9DU;
				ENABLE_HARDENED_RUNTIME = YES;
				ENABLE_PREVIEWS = YES;
				GENERATE_INFOPLIST_FILE = YES;
				INFOPLIST_FILE = PeriMeleon/Info.plist;
				"INFOPLIST_KEY_UIApplicationSceneManifest_Generation[sdk=iphoneos*]" = YES;
				"INFOPLIST_KEY_UIApplicationSceneManifest_Generation[sdk=iphonesimulator*]" = YES;
				"INFOPLIST_KEY_UIApplicationSupportsIndirectInputEvents[sdk=iphoneos*]" = YES;
				"INFOPLIST_KEY_UIApplicationSupportsIndirectInputEvents[sdk=iphonesimulator*]" = YES;
				"INFOPLIST_KEY_UILaunchScreen_Generation[sdk=iphoneos*]" = YES;
				"INFOPLIST_KEY_UILaunchScreen_Generation[sdk=iphonesimulator*]" = YES;
				"INFOPLIST_KEY_UIStatusBarStyle[sdk=iphoneos*]" = UIStatusBarStyleDefault;
				"INFOPLIST_KEY_UIStatusBarStyle[sdk=iphonesimulator*]" = UIStatusBarStyleDefault;
				INFOPLIST_KEY_UISupportedInterfaceOrientations_iPad = "UIInterfaceOrientationPortrait UIInterfaceOrientationPortraitUpsideDown UIInterfaceOrientationLandscapeLeft UIInterfaceOrientationLandscapeRight";
				INFOPLIST_KEY_UISupportedInterfaceOrientations_iPhone = "UIInterfaceOrientationPortrait UIInterfaceOrientationLandscapeLeft UIInterfaceOrientationLandscapeRight";
				"INFOPLIST_KEY_UISupportsDocumentBrowser[sdk=iphoneos*]" = YES;
				"INFOPLIST_KEY_UISupportsDocumentBrowser[sdk=iphonesimulator*]" = YES;
				IPHONEOS_DEPLOYMENT_TARGET = 18.0;
				LD_RUNPATH_SEARCH_PATHS = "@executable_path/Frameworks";
				"LD_RUNPATH_SEARCH_PATHS[sdk=macosx*]" = "@executable_path/../Frameworks";
				MACOSX_DEPLOYMENT_TARGET = 14.2;
				MARKETING_VERSION = 1.6.3;
				PRODUCT_BUNDLE_IDENTIFIER = com.tyndalesoft.PeriMeleon;
				PRODUCT_NAME = "$(TARGET_NAME)";
				PROVISIONING_PROFILE_SPECIFIER = "";
				SDKROOT = auto;
				SUPPORTED_PLATFORMS = "iphoneos iphonesimulator";
				SUPPORTS_MACCATALYST = YES;
				SWIFT_EMIT_LOC_STRINGS = YES;
				SWIFT_OBJC_BRIDGING_HEADER = "PeriMeleon-Bridging-Header.h";
				SWIFT_OPTIMIZATION_LEVEL = "-Onone";
				SWIFT_VERSION = 5.0;
				TARGETED_DEVICE_FAMILY = 2;
			};
			name = Debug;
		};
		27AAD04B2B815D7D000343C4 /* Release */ = {
			isa = XCBuildConfiguration;
			buildSettings = {
				ASSETCATALOG_COMPILER_APPICON_NAME = AppIcon;
				ASSETCATALOG_COMPILER_GLOBAL_ACCENT_COLOR_NAME = AccentColor;
				CLANG_ENABLE_MODULES = YES;
				CODE_SIGN_ENTITLEMENTS = PeriMeleon/PeriMeleon.entitlements;
				CODE_SIGN_IDENTITY = "Apple Development";
				"CODE_SIGN_IDENTITY[sdk=macosx*]" = "Apple Development";
				CODE_SIGN_STYLE = Automatic;
				CURRENT_PROJECT_VERSION = 2;
				DEAD_CODE_STRIPPING = YES;
				DEVELOPMENT_ASSET_PATHS = "\"PeriMeleon/Preview Content\"";
				DEVELOPMENT_TEAM = KRGB7TX9DU;
				ENABLE_HARDENED_RUNTIME = YES;
				ENABLE_PREVIEWS = YES;
				GENERATE_INFOPLIST_FILE = YES;
				INFOPLIST_FILE = PeriMeleon/Info.plist;
				"INFOPLIST_KEY_UIApplicationSceneManifest_Generation[sdk=iphoneos*]" = YES;
				"INFOPLIST_KEY_UIApplicationSceneManifest_Generation[sdk=iphonesimulator*]" = YES;
				"INFOPLIST_KEY_UIApplicationSupportsIndirectInputEvents[sdk=iphoneos*]" = YES;
				"INFOPLIST_KEY_UIApplicationSupportsIndirectInputEvents[sdk=iphonesimulator*]" = YES;
				"INFOPLIST_KEY_UILaunchScreen_Generation[sdk=iphoneos*]" = YES;
				"INFOPLIST_KEY_UILaunchScreen_Generation[sdk=iphonesimulator*]" = YES;
				"INFOPLIST_KEY_UIStatusBarStyle[sdk=iphoneos*]" = UIStatusBarStyleDefault;
				"INFOPLIST_KEY_UIStatusBarStyle[sdk=iphonesimulator*]" = UIStatusBarStyleDefault;
				INFOPLIST_KEY_UISupportedInterfaceOrientations_iPad = "UIInterfaceOrientationPortrait UIInterfaceOrientationPortraitUpsideDown UIInterfaceOrientationLandscapeLeft UIInterfaceOrientationLandscapeRight";
				INFOPLIST_KEY_UISupportedInterfaceOrientations_iPhone = "UIInterfaceOrientationPortrait UIInterfaceOrientationLandscapeLeft UIInterfaceOrientationLandscapeRight";
				"INFOPLIST_KEY_UISupportsDocumentBrowser[sdk=iphoneos*]" = YES;
				"INFOPLIST_KEY_UISupportsDocumentBrowser[sdk=iphonesimulator*]" = YES;
				IPHONEOS_DEPLOYMENT_TARGET = 18.0;
				LD_RUNPATH_SEARCH_PATHS = "@executable_path/Frameworks";
				"LD_RUNPATH_SEARCH_PATHS[sdk=macosx*]" = "@executable_path/../Frameworks";
				MACOSX_DEPLOYMENT_TARGET = 14.2;
				MARKETING_VERSION = 1.6.3;
				PRODUCT_BUNDLE_IDENTIFIER = com.tyndalesoft.PeriMeleon;
				PRODUCT_NAME = "$(TARGET_NAME)";
				PROVISIONING_PROFILE_SPECIFIER = "";
				SDKROOT = auto;
				SUPPORTED_PLATFORMS = "iphoneos iphonesimulator";
				SUPPORTS_MACCATALYST = YES;
				SWIFT_EMIT_LOC_STRINGS = YES;
				SWIFT_OBJC_BRIDGING_HEADER = "PeriMeleon-Bridging-Header.h";
				SWIFT_VERSION = 5.0;
				TARGETED_DEVICE_FAMILY = 2;
			};
			name = Release;
		};
/* End XCBuildConfiguration section */

/* Begin XCConfigurationList section */
		27AAD0322B815D7C000343C4 /* Build configuration list for PBXProject "PeriMeleon" */ = {
			isa = XCConfigurationList;
			buildConfigurations = (
				27AAD0472B815D7D000343C4 /* Debug */,
				27AAD0482B815D7D000343C4 /* Release */,
			);
			defaultConfigurationIsVisible = 0;
			defaultConfigurationName = Release;
		};
		27AAD0492B815D7D000343C4 /* Build configuration list for PBXNativeTarget "PeriMeleon" */ = {
			isa = XCConfigurationList;
			buildConfigurations = (
				27AAD04A2B815D7D000343C4 /* Debug */,
				27AAD04B2B815D7D000343C4 /* Release */,
			);
			defaultConfigurationIsVisible = 0;
			defaultConfigurationName = Release;
		};
/* End XCConfigurationList section */

/* Begin XCLocalSwiftPackageReference section */
		27AAD1562B83F818000343C4 /* XCLocalSwiftPackageReference "../../PMDataTypes" */ = {
			isa = XCLocalSwiftPackageReference;
			relativePath = ../../PMDataTypes;
		};
/* End XCLocalSwiftPackageReference section */

/* Begin XCSwiftPackageProductDependency section */
		27AAD1572B83F818000343C4 /* PMDataTypes */ = {
			isa = XCSwiftPackageProductDependency;
			productName = PMDataTypes;
		};
/* End XCSwiftPackageProductDependency section */
	};
	rootObject = 27AAD02F2B815D7C000343C4 /* Project object */;
}
