// !$*UTF8*$!
{
	archiveVersion = 1;
	classes = {
	};
	objectVersion = 52;
	objects = {

/* Begin PBXBuildFile section */
		2703A95525001B2C00BB0061 /* PMDataTypes in Frameworks */ = {isa = PBXBuildFile; productRef = 2703A95425001B2C00BB0061 /* PMDataTypes */; };
		27235930254B51AE00137925 /* RoundedOutlineButton.swift in Sources */ = {isa = PBXBuildFile; fileRef = 2723592F254B51AE00137925 /* RoundedOutlineButton.swift */; };
		27235931254B51AE00137925 /* RoundedOutlineButton.swift in Sources */ = {isa = PBXBuildFile; fileRef = 2723592F254B51AE00137925 /* RoundedOutlineButton.swift */; };
		272F722E251533BD009E4CF3 /* CryptoKey.swift in Sources */ = {isa = PBXBuildFile; fileRef = 272F722D251533BD009E4CF3 /* CryptoKey.swift */; };
		272F722F251533BD009E4CF3 /* CryptoKey.swift in Sources */ = {isa = PBXBuildFile; fileRef = 272F722D251533BD009E4CF3 /* CryptoKey.swift */; };
		272F7235251672F8009E4CF3 /* PeriMeleonContent.swift in Sources */ = {isa = PBXBuildFile; fileRef = 272F7234251672F8009E4CF3 /* PeriMeleonContent.swift */; };
		272F7236251672F8009E4CF3 /* PeriMeleonContent.swift in Sources */ = {isa = PBXBuildFile; fileRef = 272F7234251672F8009E4CF3 /* PeriMeleonContent.swift */; };
		275D3CA32532029100D65992 /* EditDisplayView.swift in Sources */ = {isa = PBXBuildFile; fileRef = 275D3CA22532029100D65992 /* EditDisplayView.swift */; };
		275D3CA42532029100D65992 /* EditDisplayView.swift in Sources */ = {isa = PBXBuildFile; fileRef = 275D3CA22532029100D65992 /* EditDisplayView.swift */; };
		276B9746250008DB003E19BA /* Tests_iOS.swift in Sources */ = {isa = PBXBuildFile; fileRef = 276B9745250008DB003E19BA /* Tests_iOS.swift */; };
		276B9751250008DB003E19BA /* Tests_macOS.swift in Sources */ = {isa = PBXBuildFile; fileRef = 276B9750250008DB003E19BA /* Tests_macOS.swift */; };
		276B9753250008DB003E19BA /* PeriMeleonApp.swift in Sources */ = {isa = PBXBuildFile; fileRef = 276B9729250008DA003E19BA /* PeriMeleonApp.swift */; };
		276B9754250008DB003E19BA /* PeriMeleonApp.swift in Sources */ = {isa = PBXBuildFile; fileRef = 276B9729250008DA003E19BA /* PeriMeleonApp.swift */; };
		276B9755250008DB003E19BA /* PeriMeleonDocument.swift in Sources */ = {isa = PBXBuildFile; fileRef = 276B972A250008DA003E19BA /* PeriMeleonDocument.swift */; };
		276B9756250008DB003E19BA /* PeriMeleonDocument.swift in Sources */ = {isa = PBXBuildFile; fileRef = 276B972A250008DA003E19BA /* PeriMeleonDocument.swift */; };
		276B9757250008DB003E19BA /* ContentView.swift in Sources */ = {isa = PBXBuildFile; fileRef = 276B972B250008DA003E19BA /* ContentView.swift */; };
		276B9758250008DB003E19BA /* ContentView.swift in Sources */ = {isa = PBXBuildFile; fileRef = 276B972B250008DA003E19BA /* ContentView.swift */; };
		276B9759250008DB003E19BA /* Assets.xcassets in Resources */ = {isa = PBXBuildFile; fileRef = 276B972C250008DB003E19BA /* Assets.xcassets */; };
		276B975A250008DB003E19BA /* Assets.xcassets in Resources */ = {isa = PBXBuildFile; fileRef = 276B972C250008DB003E19BA /* Assets.xcassets */; };
		277C95112540DC230032638A /* PreviewProviderModifier.swift in Sources */ = {isa = PBXBuildFile; fileRef = 277C95102540DC230032638A /* PreviewProviderModifier.swift */; };
		277C95122540DC230032638A /* PreviewProviderModifier.swift in Sources */ = {isa = PBXBuildFile; fileRef = 277C95102540DC230032638A /* PreviewProviderModifier.swift */; };
		277C95182540DD6A0032638A /* PreviewShowoffView.swift in Sources */ = {isa = PBXBuildFile; fileRef = 277C95172540DD6A0032638A /* PreviewShowoffView.swift */; };
		277C95192540DD6A0032638A /* PreviewShowoffView.swift in Sources */ = {isa = PBXBuildFile; fileRef = 277C95172540DD6A0032638A /* PreviewShowoffView.swift */; };
		277C9528254223C20032638A /* Member+Age.swift in Sources */ = {isa = PBXBuildFile; fileRef = 277C9527254223C20032638A /* Member+Age.swift */; };
		277C9529254223C20032638A /* Member+Age.swift in Sources */ = {isa = PBXBuildFile; fileRef = 277C9527254223C20032638A /* Member+Age.swift */; };
		277C9530254333A50032638A /* CheckboxToggleStyle.swift in Sources */ = {isa = PBXBuildFile; fileRef = 277C952F254333A50032638A /* CheckboxToggleStyle.swift */; };
		277C9531254333A50032638A /* CheckboxToggleStyle.swift in Sources */ = {isa = PBXBuildFile; fileRef = 277C952F254333A50032638A /* CheckboxToggleStyle.swift */; };
		277C953F2544B4870032638A /* ShareSheet.swift in Sources */ = {isa = PBXBuildFile; fileRef = 277C953E2544B4860032638A /* ShareSheet.swift */; };
		277C95402544B4870032638A /* ShareSheet.swift in Sources */ = {isa = PBXBuildFile; fileRef = 277C953E2544B4860032638A /* ShareSheet.swift */; };
		277C954A2544BED40032638A /* QueryResults.swift in Sources */ = {isa = PBXBuildFile; fileRef = 277C95492544BED40032638A /* QueryResults.swift */; };
		277C954B2544BED40032638A /* QueryResults.swift in Sources */ = {isa = PBXBuildFile; fileRef = 277C95492544BED40032638A /* QueryResults.swift */; };
		27B20D812529106500C80696 /* HouseholdRowView.swift in Sources */ = {isa = PBXBuildFile; fileRef = 27B20D7E2529106500C80696 /* HouseholdRowView.swift */; };
		27B20D822529106500C80696 /* HouseholdRowView.swift in Sources */ = {isa = PBXBuildFile; fileRef = 27B20D7E2529106500C80696 /* HouseholdRowView.swift */; };
		27B20D832529106500C80696 /* HouseholdsView.swift in Sources */ = {isa = PBXBuildFile; fileRef = 27B20D7F2529106500C80696 /* HouseholdsView.swift */; };
		27B20D842529106500C80696 /* HouseholdsView.swift in Sources */ = {isa = PBXBuildFile; fileRef = 27B20D7F2529106500C80696 /* HouseholdsView.swift */; };
		27B20D852529106500C80696 /* HouseholdView.swift in Sources */ = {isa = PBXBuildFile; fileRef = 27B20D802529106500C80696 /* HouseholdView.swift */; };
		27B20D862529106500C80696 /* HouseholdView.swift in Sources */ = {isa = PBXBuildFile; fileRef = 27B20D802529106500C80696 /* HouseholdView.swift */; };
		27B20D982529113B00C80696 /* TextAttributeView.swift in Sources */ = {isa = PBXBuildFile; fileRef = 27B20D8C2529113A00C80696 /* TextAttributeView.swift */; };
		27B20D992529113B00C80696 /* TextAttributeView.swift in Sources */ = {isa = PBXBuildFile; fileRef = 27B20D8C2529113A00C80696 /* TextAttributeView.swift */; };
		27B20D9C2529113B00C80696 /* CoreMemberView.swift in Sources */ = {isa = PBXBuildFile; fileRef = 27B20D8E2529113A00C80696 /* CoreMemberView.swift */; };
		27B20D9D2529113B00C80696 /* CoreMemberView.swift in Sources */ = {isa = PBXBuildFile; fileRef = 27B20D8E2529113A00C80696 /* CoreMemberView.swift */; };
		27B20D9E2529113B00C80696 /* TransactionEditView.swift in Sources */ = {isa = PBXBuildFile; fileRef = 27B20D8F2529113B00C80696 /* TransactionEditView.swift */; };
		27B20D9F2529113B00C80696 /* TransactionEditView.swift in Sources */ = {isa = PBXBuildFile; fileRef = 27B20D8F2529113B00C80696 /* TransactionEditView.swift */; };
		27B20DA02529113B00C80696 /* Transactions.swift in Sources */ = {isa = PBXBuildFile; fileRef = 27B20D902529113B00C80696 /* Transactions.swift */; };
		27B20DA12529113B00C80696 /* Transactions.swift in Sources */ = {isa = PBXBuildFile; fileRef = 27B20D902529113B00C80696 /* Transactions.swift */; };
		27B20DA22529113B00C80696 /* MemberView.swift in Sources */ = {isa = PBXBuildFile; fileRef = 27B20D912529113B00C80696 /* MemberView.swift */; };
		27B20DA32529113B00C80696 /* MemberView.swift in Sources */ = {isa = PBXBuildFile; fileRef = 27B20D912529113B00C80696 /* MemberView.swift */; };
		27B20DA42529113B00C80696 /* MembersView.swift in Sources */ = {isa = PBXBuildFile; fileRef = 27B20D922529113B00C80696 /* MembersView.swift */; };
		27B20DA52529113B00C80696 /* MembersView.swift in Sources */ = {isa = PBXBuildFile; fileRef = 27B20D922529113B00C80696 /* MembersView.swift */; };
		27B20DA82529113B00C80696 /* Services.swift in Sources */ = {isa = PBXBuildFile; fileRef = 27B20D942529113B00C80696 /* Services.swift */; };
		27B20DA92529113B00C80696 /* Services.swift in Sources */ = {isa = PBXBuildFile; fileRef = 27B20D942529113B00C80696 /* Services.swift */; };
		27B20DAA2529113B00C80696 /* ServiceEditView.swift in Sources */ = {isa = PBXBuildFile; fileRef = 27B20D952529113B00C80696 /* ServiceEditView.swift */; };
		27B20DAB2529113B00C80696 /* ServiceEditView.swift in Sources */ = {isa = PBXBuildFile; fileRef = 27B20D952529113B00C80696 /* ServiceEditView.swift */; };
		27B20DAC2529113B00C80696 /* MemberEditView.swift in Sources */ = {isa = PBXBuildFile; fileRef = 27B20D962529113B00C80696 /* MemberEditView.swift */; };
		27B20DAD2529113B00C80696 /* MemberEditView.swift in Sources */ = {isa = PBXBuildFile; fileRef = 27B20D962529113B00C80696 /* MemberEditView.swift */; };
		27B20DAE2529113B00C80696 /* MemberRowView.swift in Sources */ = {isa = PBXBuildFile; fileRef = 27B20D972529113B00C80696 /* MemberRowView.swift */; };
		27B20DAF2529113B00C80696 /* MemberRowView.swift in Sources */ = {isa = PBXBuildFile; fileRef = 27B20D972529113B00C80696 /* MemberRowView.swift */; };
		27B20DC12529123400C80696 /* ChooseHouseholdView.swift in Sources */ = {isa = PBXBuildFile; fileRef = 27B20DB92529123400C80696 /* ChooseHouseholdView.swift */; };
		27B20DC22529123400C80696 /* ChooseHouseholdView.swift in Sources */ = {isa = PBXBuildFile; fileRef = 27B20DB92529123400C80696 /* ChooseHouseholdView.swift */; };
		27B20DC32529123400C80696 /* EditOptionalDateView.swift in Sources */ = {isa = PBXBuildFile; fileRef = 27B20DBA2529123400C80696 /* EditOptionalDateView.swift */; };
		27B20DC42529123400C80696 /* EditOptionalDateView.swift in Sources */ = {isa = PBXBuildFile; fileRef = 27B20DBA2529123400C80696 /* EditOptionalDateView.swift */; };
		27B20DC52529123400C80696 /* EditOptionalTextView.swift in Sources */ = {isa = PBXBuildFile; fileRef = 27B20DBB2529123400C80696 /* EditOptionalTextView.swift */; };
		27B20DC62529123400C80696 /* EditOptionalTextView.swift in Sources */ = {isa = PBXBuildFile; fileRef = 27B20DBB2529123400C80696 /* EditOptionalTextView.swift */; };
		27B20DC72529123400C80696 /* EditDateButton.swift in Sources */ = {isa = PBXBuildFile; fileRef = 27B20DBC2529123400C80696 /* EditDateButton.swift */; };
		27B20DC82529123400C80696 /* EditDateButton.swift in Sources */ = {isa = PBXBuildFile; fileRef = 27B20DBC2529123400C80696 /* EditDateButton.swift */; };
		27B20DC92529123400C80696 /* EditTextView.swift in Sources */ = {isa = PBXBuildFile; fileRef = 27B20DBD2529123400C80696 /* EditTextView.swift */; };
		27B20DCA2529123400C80696 /* EditTextView.swift in Sources */ = {isa = PBXBuildFile; fileRef = 27B20DBD2529123400C80696 /* EditTextView.swift */; };
		27B20DCB2529123400C80696 /* EditOptionalParentView.swift in Sources */ = {isa = PBXBuildFile; fileRef = 27B20DBE2529123400C80696 /* EditOptionalParentView.swift */; };
		27B20DCC2529123400C80696 /* EditOptionalParentView.swift in Sources */ = {isa = PBXBuildFile; fileRef = 27B20DBE2529123400C80696 /* EditOptionalParentView.swift */; };
		27B20DCD2529123400C80696 /* EditSexView.swift in Sources */ = {isa = PBXBuildFile; fileRef = 27B20DBF2529123400C80696 /* EditSexView.swift */; };
		27B20DCE2529123400C80696 /* EditSexView.swift in Sources */ = {isa = PBXBuildFile; fileRef = 27B20DBF2529123400C80696 /* EditSexView.swift */; };
		27B20DCF2529123400C80696 /* EditBoolView.swift in Sources */ = {isa = PBXBuildFile; fileRef = 27B20DC02529123400C80696 /* EditBoolView.swift */; };
		27B20DD02529123400C80696 /* EditBoolView.swift in Sources */ = {isa = PBXBuildFile; fileRef = 27B20DC02529123400C80696 /* EditBoolView.swift */; };
		27B20DE02529142900C80696 /* AddressEditView.swift in Sources */ = {isa = PBXBuildFile; fileRef = 27B20DDE2529142900C80696 /* AddressEditView.swift */; };
		27B20DE12529142900C80696 /* AddressEditView.swift in Sources */ = {isa = PBXBuildFile; fileRef = 27B20DDE2529142900C80696 /* AddressEditView.swift */; };
		27B20DE22529142900C80696 /* AddressView.swift in Sources */ = {isa = PBXBuildFile; fileRef = 27B20DDF2529142900C80696 /* AddressView.swift */; };
		27B20DE32529142900C80696 /* AddressView.swift in Sources */ = {isa = PBXBuildFile; fileRef = 27B20DDF2529142900C80696 /* AddressView.swift */; };
		27BC8CBF253B6B7700520F54 /* NormalizedHousehold.swift in Sources */ = {isa = PBXBuildFile; fileRef = 27BC8CBE253B6B7700520F54 /* NormalizedHousehold.swift */; };
		27BC8CC0253B6B7700520F54 /* NormalizedHousehold.swift in Sources */ = {isa = PBXBuildFile; fileRef = 27BC8CBE253B6B7700520F54 /* NormalizedHousehold.swift */; };
		27C55E112538CE0100923EE8 /* CompactToggleView.swift in Sources */ = {isa = PBXBuildFile; fileRef = 27C55E0C2538CE0100923EE8 /* CompactToggleView.swift */; };
		27C55E122538CE0100923EE8 /* CompactToggleView.swift in Sources */ = {isa = PBXBuildFile; fileRef = 27C55E0C2538CE0100923EE8 /* CompactToggleView.swift */; };
		27C55E132538CE0100923EE8 /* MembersByStatusResultsView.swift in Sources */ = {isa = PBXBuildFile; fileRef = 27C55E0D2538CE0100923EE8 /* MembersByStatusResultsView.swift */; };
		27C55E142538CE0100923EE8 /* MembersByStatusResultsView.swift in Sources */ = {isa = PBXBuildFile; fileRef = 27C55E0D2538CE0100923EE8 /* MembersByStatusResultsView.swift */; };
		27C55E152538CE0100923EE8 /* QueriesView.swift in Sources */ = {isa = PBXBuildFile; fileRef = 27C55E0E2538CE0100923EE8 /* QueriesView.swift */; };
		27C55E162538CE0100923EE8 /* QueriesView.swift in Sources */ = {isa = PBXBuildFile; fileRef = 27C55E0E2538CE0100923EE8 /* QueriesView.swift */; };
		27C55E172538CE0100923EE8 /* MembersByStatusEntryView.swift in Sources */ = {isa = PBXBuildFile; fileRef = 27C55E0F2538CE0100923EE8 /* MembersByStatusEntryView.swift */; };
		27C55E182538CE0100923EE8 /* MembersByStatusEntryView.swift in Sources */ = {isa = PBXBuildFile; fileRef = 27C55E0F2538CE0100923EE8 /* MembersByStatusEntryView.swift */; };
		27C55E192538CE0100923EE8 /* MembersByStatusView.swift in Sources */ = {isa = PBXBuildFile; fileRef = 27C55E102538CE0100923EE8 /* MembersByStatusView.swift */; };
		27C55E1A2538CE0100923EE8 /* MembersByStatusView.swift in Sources */ = {isa = PBXBuildFile; fileRef = 27C55E102538CE0100923EE8 /* MembersByStatusView.swift */; };
		27C55E252538CE9400923EE8 /* MockedData.swift in Sources */ = {isa = PBXBuildFile; fileRef = 27C55E242538CE9400923EE8 /* MockedData.swift */; };
		27C55E262538CE9400923EE8 /* MockedData.swift in Sources */ = {isa = PBXBuildFile; fileRef = 27C55E242538CE9400923EE8 /* MockedData.swift */; };
		27C55E2E2538E67700923EE8 /* MoveToHouseholdAccumulator.swift in Sources */ = {isa = PBXBuildFile; fileRef = 27C55E2B2538E67700923EE8 /* MoveToHouseholdAccumulator.swift */; };
		27C55E2F2538E67700923EE8 /* MoveToHouseholdAccumulator.swift in Sources */ = {isa = PBXBuildFile; fileRef = 27C55E2B2538E67700923EE8 /* MoveToHouseholdAccumulator.swift */; };
		27C55E302538E67700923EE8 /* DataTransactionsView.swift in Sources */ = {isa = PBXBuildFile; fileRef = 27C55E2C2538E67700923EE8 /* DataTransactionsView.swift */; };
		27C55E312538E67700923EE8 /* DataTransactionsView.swift in Sources */ = {isa = PBXBuildFile; fileRef = 27C55E2C2538E67700923EE8 /* DataTransactionsView.swift */; };
		27C55E322538E67700923EE8 /* MoveToHouseholdView.swift in Sources */ = {isa = PBXBuildFile; fileRef = 27C55E2D2538E67700923EE8 /* MoveToHouseholdView.swift */; };
		27C55E332538E67700923EE8 /* MoveToHouseholdView.swift in Sources */ = {isa = PBXBuildFile; fileRef = 27C55E2D2538E67700923EE8 /* MoveToHouseholdView.swift */; };
		27C55E3E2538E74300923EE8 /* FamilyJoinView.swift in Sources */ = {isa = PBXBuildFile; fileRef = 27C55E392538E74300923EE8 /* FamilyJoinView.swift */; };
		27C55E3F2538E74300923EE8 /* FamilyJoinView.swift in Sources */ = {isa = PBXBuildFile; fileRef = 27C55E392538E74300923EE8 /* FamilyJoinView.swift */; };
		27C55E402538E74300923EE8 /* FamilyJoinAccumulator.swift in Sources */ = {isa = PBXBuildFile; fileRef = 27C55E3A2538E74300923EE8 /* FamilyJoinAccumulator.swift */; };
		27C55E412538E74300923EE8 /* FamilyJoinAccumulator.swift in Sources */ = {isa = PBXBuildFile; fileRef = 27C55E3A2538E74300923EE8 /* FamilyJoinAccumulator.swift */; };
		27C55E422538E74300923EE8 /* FamilyJoinHouseholdPhaseView.swift in Sources */ = {isa = PBXBuildFile; fileRef = 27C55E3B2538E74300923EE8 /* FamilyJoinHouseholdPhaseView.swift */; };
		27C55E432538E74300923EE8 /* FamilyJoinHouseholdPhaseView.swift in Sources */ = {isa = PBXBuildFile; fileRef = 27C55E3B2538E74300923EE8 /* FamilyJoinHouseholdPhaseView.swift */; };
		27C55E442538E74300923EE8 /* FamilyJoinHeadPhaseView.swift in Sources */ = {isa = PBXBuildFile; fileRef = 27C55E3C2538E74300923EE8 /* FamilyJoinHeadPhaseView.swift */; };
		27C55E452538E74300923EE8 /* FamilyJoinHeadPhaseView.swift in Sources */ = {isa = PBXBuildFile; fileRef = 27C55E3C2538E74300923EE8 /* FamilyJoinHeadPhaseView.swift */; };
		27C55E462538E74300923EE8 /* FamilyJoinTransactionPhaseView.swift in Sources */ = {isa = PBXBuildFile; fileRef = 27C55E3D2538E74300923EE8 /* FamilyJoinTransactionPhaseView.swift */; };
		27C55E472538E74300923EE8 /* FamilyJoinTransactionPhaseView.swift in Sources */ = {isa = PBXBuildFile; fileRef = 27C55E3D2538E74300923EE8 /* FamilyJoinTransactionPhaseView.swift */; };
		27C55E512538E7A000923EE8 /* DataCheckerView.swift in Sources */ = {isa = PBXBuildFile; fileRef = 27C55E4D2538E7A000923EE8 /* DataCheckerView.swift */; };
		27C55E522538E7A000923EE8 /* DataCheckerView.swift in Sources */ = {isa = PBXBuildFile; fileRef = 27C55E4D2538E7A000923EE8 /* DataCheckerView.swift */; };
		27C55E532538E7A000923EE8 /* DataCheckReport.swift in Sources */ = {isa = PBXBuildFile; fileRef = 27C55E4E2538E7A000923EE8 /* DataCheckReport.swift */; };
		27C55E542538E7A000923EE8 /* DataCheckReport.swift in Sources */ = {isa = PBXBuildFile; fileRef = 27C55E4E2538E7A000923EE8 /* DataCheckReport.swift */; };
		27C55E552538E7A000923EE8 /* DataChecker.swift in Sources */ = {isa = PBXBuildFile; fileRef = 27C55E4F2538E7A000923EE8 /* DataChecker.swift */; };
		27C55E562538E7A000923EE8 /* DataChecker.swift in Sources */ = {isa = PBXBuildFile; fileRef = 27C55E4F2538E7A000923EE8 /* DataChecker.swift */; };
		27C55E572538E7A000923EE8 /* DataCheckReportView.swift in Sources */ = {isa = PBXBuildFile; fileRef = 27C55E502538E7A000923EE8 /* DataCheckReportView.swift */; };
		27C55E582538E7A000923EE8 /* DataCheckReportView.swift in Sources */ = {isa = PBXBuildFile; fileRef = 27C55E502538E7A000923EE8 /* DataCheckReportView.swift */; };
		27C6B4A42506ADD20086181F /* README.md in Resources */ = {isa = PBXBuildFile; fileRef = 27C6B4A32506ADD20086181F /* README.md */; };
		27C6B4A52506ADD20086181F /* README.md in Resources */ = {isa = PBXBuildFile; fileRef = 27C6B4A32506ADD20086181F /* README.md */; };
		27D7D7F32555D2B200A983AA /* PhonelistView.swift in Sources */ = {isa = PBXBuildFile; fileRef = 27D7D7F22555D2B200A983AA /* PhonelistView.swift */; };
		27EB130A254A0769008E8A8B /* PhonelistEntryView.swift in Sources */ = {isa = PBXBuildFile; fileRef = 27EB1309254A0769008E8A8B /* PhonelistEntryView.swift */; };
		27EB131A254A3B9C008E8A8B /* PhonelistResultsView.swift in Sources */ = {isa = PBXBuildFile; fileRef = 27EB1319254A3B9C008E8A8B /* PhonelistResultsView.swift */; };
		27FD5AE1254DDC4F0086F120 /* IntegerTextField.swift in Sources */ = {isa = PBXBuildFile; fileRef = 27FD5AE0254DDC4F0086F120 /* IntegerTextField.swift */; };
		27FD5AE2254DDC4F0086F120 /* IntegerTextField.swift in Sources */ = {isa = PBXBuildFile; fileRef = 27FD5AE0254DDC4F0086F120 /* IntegerTextField.swift */; };
		27FD5AE8254DE2CD0086F120 /* PhonelistMaker.swift in Sources */ = {isa = PBXBuildFile; fileRef = 27FD5AE7254DE2CD0086F120 /* PhonelistMaker.swift */; };
		27FD5AE9254DE2CD0086F120 /* PhonelistMaker.swift in Sources */ = {isa = PBXBuildFile; fileRef = 27FD5AE7254DE2CD0086F120 /* PhonelistMaker.swift */; };
/* End PBXBuildFile section */

/* Begin PBXContainerItemProxy section */
		276B9742250008DB003E19BA /* PBXContainerItemProxy */ = {
			isa = PBXContainerItemProxy;
			containerPortal = 276B9724250008DA003E19BA /* Project object */;
			proxyType = 1;
			remoteGlobalIDString = 276B9730250008DB003E19BA;
			remoteInfo = "PeriMeleon (iOS)";
		};
		276B974D250008DB003E19BA /* PBXContainerItemProxy */ = {
			isa = PBXContainerItemProxy;
			containerPortal = 276B9724250008DA003E19BA /* Project object */;
			proxyType = 1;
			remoteGlobalIDString = 276B9738250008DB003E19BA;
			remoteInfo = "PeriMeleon (macOS)";
		};
/* End PBXContainerItemProxy section */

/* Begin PBXFileReference section */
		2723592F254B51AE00137925 /* RoundedOutlineButton.swift */ = {isa = PBXFileReference; lastKnownFileType = sourcecode.swift; path = RoundedOutlineButton.swift; sourceTree = "<group>"; };
		272F722D251533BD009E4CF3 /* CryptoKey.swift */ = {isa = PBXFileReference; lastKnownFileType = sourcecode.swift; path = CryptoKey.swift; sourceTree = "<group>"; };
		272F7234251672F8009E4CF3 /* PeriMeleonContent.swift */ = {isa = PBXFileReference; lastKnownFileType = sourcecode.swift; path = PeriMeleonContent.swift; sourceTree = "<group>"; };
		275D3CA22532029100D65992 /* EditDisplayView.swift */ = {isa = PBXFileReference; fileEncoding = 4; lastKnownFileType = sourcecode.swift; path = EditDisplayView.swift; sourceTree = "<group>"; };
		276B9729250008DA003E19BA /* PeriMeleonApp.swift */ = {isa = PBXFileReference; lastKnownFileType = sourcecode.swift; path = PeriMeleonApp.swift; sourceTree = "<group>"; };
		276B972A250008DA003E19BA /* PeriMeleonDocument.swift */ = {isa = PBXFileReference; lastKnownFileType = sourcecode.swift; path = PeriMeleonDocument.swift; sourceTree = "<group>"; };
		276B972B250008DA003E19BA /* ContentView.swift */ = {isa = PBXFileReference; lastKnownFileType = sourcecode.swift; path = ContentView.swift; sourceTree = "<group>"; };
		276B972C250008DB003E19BA /* Assets.xcassets */ = {isa = PBXFileReference; lastKnownFileType = folder.assetcatalog; path = Assets.xcassets; sourceTree = "<group>"; };
		276B9731250008DB003E19BA /* PeriMeleon.app */ = {isa = PBXFileReference; explicitFileType = wrapper.application; includeInIndex = 0; path = PeriMeleon.app; sourceTree = BUILT_PRODUCTS_DIR; };
		276B9734250008DB003E19BA /* Info.plist */ = {isa = PBXFileReference; lastKnownFileType = text.plist.xml; path = Info.plist; sourceTree = "<group>"; };
		276B9739250008DB003E19BA /* PeriMeleon.app */ = {isa = PBXFileReference; explicitFileType = wrapper.application; includeInIndex = 0; path = PeriMeleon.app; sourceTree = BUILT_PRODUCTS_DIR; };
		276B973B250008DB003E19BA /* Info.plist */ = {isa = PBXFileReference; lastKnownFileType = text.plist.xml; path = Info.plist; sourceTree = "<group>"; };
		276B973C250008DB003E19BA /* macOS.entitlements */ = {isa = PBXFileReference; lastKnownFileType = text.plist.entitlements; path = macOS.entitlements; sourceTree = "<group>"; };
		276B9741250008DB003E19BA /* Tests iOS.xctest */ = {isa = PBXFileReference; explicitFileType = wrapper.cfbundle; includeInIndex = 0; path = "Tests iOS.xctest"; sourceTree = BUILT_PRODUCTS_DIR; };
		276B9745250008DB003E19BA /* Tests_iOS.swift */ = {isa = PBXFileReference; lastKnownFileType = sourcecode.swift; path = Tests_iOS.swift; sourceTree = "<group>"; };
		276B9747250008DB003E19BA /* Info.plist */ = {isa = PBXFileReference; lastKnownFileType = text.plist.xml; path = Info.plist; sourceTree = "<group>"; };
		276B974C250008DB003E19BA /* Tests macOS.xctest */ = {isa = PBXFileReference; explicitFileType = wrapper.cfbundle; includeInIndex = 0; path = "Tests macOS.xctest"; sourceTree = BUILT_PRODUCTS_DIR; };
		276B9750250008DB003E19BA /* Tests_macOS.swift */ = {isa = PBXFileReference; lastKnownFileType = sourcecode.swift; path = Tests_macOS.swift; sourceTree = "<group>"; };
		276B9752250008DB003E19BA /* Info.plist */ = {isa = PBXFileReference; lastKnownFileType = text.plist.xml; path = Info.plist; sourceTree = "<group>"; };
		277C95102540DC230032638A /* PreviewProviderModifier.swift */ = {isa = PBXFileReference; lastKnownFileType = sourcecode.swift; path = PreviewProviderModifier.swift; sourceTree = "<group>"; };
		277C95172540DD6A0032638A /* PreviewShowoffView.swift */ = {isa = PBXFileReference; lastKnownFileType = sourcecode.swift; path = PreviewShowoffView.swift; sourceTree = "<group>"; };
		277C9527254223C20032638A /* Member+Age.swift */ = {isa = PBXFileReference; lastKnownFileType = sourcecode.swift; path = "Member+Age.swift"; sourceTree = "<group>"; };
		277C952F254333A50032638A /* CheckboxToggleStyle.swift */ = {isa = PBXFileReference; lastKnownFileType = sourcecode.swift; path = CheckboxToggleStyle.swift; sourceTree = "<group>"; };
		277C953E2544B4860032638A /* ShareSheet.swift */ = {isa = PBXFileReference; lastKnownFileType = sourcecode.swift; path = ShareSheet.swift; sourceTree = "<group>"; };
		277C95492544BED40032638A /* QueryResults.swift */ = {isa = PBXFileReference; lastKnownFileType = sourcecode.swift; path = QueryResults.swift; sourceTree = "<group>"; };
		27B20D7E2529106500C80696 /* HouseholdRowView.swift */ = {isa = PBXFileReference; fileEncoding = 4; lastKnownFileType = sourcecode.swift; path = HouseholdRowView.swift; sourceTree = "<group>"; };
		27B20D7F2529106500C80696 /* HouseholdsView.swift */ = {isa = PBXFileReference; fileEncoding = 4; lastKnownFileType = sourcecode.swift; path = HouseholdsView.swift; sourceTree = "<group>"; };
		27B20D802529106500C80696 /* HouseholdView.swift */ = {isa = PBXFileReference; fileEncoding = 4; lastKnownFileType = sourcecode.swift; path = HouseholdView.swift; sourceTree = "<group>"; };
		27B20D8C2529113A00C80696 /* TextAttributeView.swift */ = {isa = PBXFileReference; fileEncoding = 4; lastKnownFileType = sourcecode.swift; path = TextAttributeView.swift; sourceTree = "<group>"; };
		27B20D8E2529113A00C80696 /* CoreMemberView.swift */ = {isa = PBXFileReference; fileEncoding = 4; lastKnownFileType = sourcecode.swift; path = CoreMemberView.swift; sourceTree = "<group>"; };
		27B20D8F2529113B00C80696 /* TransactionEditView.swift */ = {isa = PBXFileReference; fileEncoding = 4; lastKnownFileType = sourcecode.swift; path = TransactionEditView.swift; sourceTree = "<group>"; };
		27B20D902529113B00C80696 /* Transactions.swift */ = {isa = PBXFileReference; fileEncoding = 4; lastKnownFileType = sourcecode.swift; path = Transactions.swift; sourceTree = "<group>"; };
		27B20D912529113B00C80696 /* MemberView.swift */ = {isa = PBXFileReference; fileEncoding = 4; lastKnownFileType = sourcecode.swift; path = MemberView.swift; sourceTree = "<group>"; };
		27B20D922529113B00C80696 /* MembersView.swift */ = {isa = PBXFileReference; fileEncoding = 4; lastKnownFileType = sourcecode.swift; path = MembersView.swift; sourceTree = "<group>"; };
		27B20D942529113B00C80696 /* Services.swift */ = {isa = PBXFileReference; fileEncoding = 4; lastKnownFileType = sourcecode.swift; path = Services.swift; sourceTree = "<group>"; };
		27B20D952529113B00C80696 /* ServiceEditView.swift */ = {isa = PBXFileReference; fileEncoding = 4; lastKnownFileType = sourcecode.swift; path = ServiceEditView.swift; sourceTree = "<group>"; };
		27B20D962529113B00C80696 /* MemberEditView.swift */ = {isa = PBXFileReference; fileEncoding = 4; lastKnownFileType = sourcecode.swift; path = MemberEditView.swift; sourceTree = "<group>"; };
		27B20D972529113B00C80696 /* MemberRowView.swift */ = {isa = PBXFileReference; fileEncoding = 4; lastKnownFileType = sourcecode.swift; path = MemberRowView.swift; sourceTree = "<group>"; };
		27B20DB92529123400C80696 /* ChooseHouseholdView.swift */ = {isa = PBXFileReference; fileEncoding = 4; lastKnownFileType = sourcecode.swift; path = ChooseHouseholdView.swift; sourceTree = "<group>"; };
		27B20DBA2529123400C80696 /* EditOptionalDateView.swift */ = {isa = PBXFileReference; fileEncoding = 4; lastKnownFileType = sourcecode.swift; path = EditOptionalDateView.swift; sourceTree = "<group>"; };
		27B20DBB2529123400C80696 /* EditOptionalTextView.swift */ = {isa = PBXFileReference; fileEncoding = 4; lastKnownFileType = sourcecode.swift; path = EditOptionalTextView.swift; sourceTree = "<group>"; };
		27B20DBC2529123400C80696 /* EditDateButton.swift */ = {isa = PBXFileReference; fileEncoding = 4; lastKnownFileType = sourcecode.swift; path = EditDateButton.swift; sourceTree = "<group>"; };
		27B20DBD2529123400C80696 /* EditTextView.swift */ = {isa = PBXFileReference; fileEncoding = 4; lastKnownFileType = sourcecode.swift; path = EditTextView.swift; sourceTree = "<group>"; };
		27B20DBE2529123400C80696 /* EditOptionalParentView.swift */ = {isa = PBXFileReference; fileEncoding = 4; lastKnownFileType = sourcecode.swift; path = EditOptionalParentView.swift; sourceTree = "<group>"; };
		27B20DBF2529123400C80696 /* EditSexView.swift */ = {isa = PBXFileReference; fileEncoding = 4; lastKnownFileType = sourcecode.swift; path = EditSexView.swift; sourceTree = "<group>"; };
		27B20DC02529123400C80696 /* EditBoolView.swift */ = {isa = PBXFileReference; fileEncoding = 4; lastKnownFileType = sourcecode.swift; path = EditBoolView.swift; sourceTree = "<group>"; };
		27B20DDE2529142900C80696 /* AddressEditView.swift */ = {isa = PBXFileReference; fileEncoding = 4; lastKnownFileType = sourcecode.swift; path = AddressEditView.swift; sourceTree = "<group>"; };
		27B20DDF2529142900C80696 /* AddressView.swift */ = {isa = PBXFileReference; fileEncoding = 4; lastKnownFileType = sourcecode.swift; path = AddressView.swift; sourceTree = "<group>"; };
		27BC8CBE253B6B7700520F54 /* NormalizedHousehold.swift */ = {isa = PBXFileReference; lastKnownFileType = sourcecode.swift; path = NormalizedHousehold.swift; sourceTree = "<group>"; };
		27C55E0C2538CE0100923EE8 /* CompactToggleView.swift */ = {isa = PBXFileReference; fileEncoding = 4; lastKnownFileType = sourcecode.swift; path = CompactToggleView.swift; sourceTree = "<group>"; };
		27C55E0D2538CE0100923EE8 /* MembersByStatusResultsView.swift */ = {isa = PBXFileReference; fileEncoding = 4; lastKnownFileType = sourcecode.swift; path = MembersByStatusResultsView.swift; sourceTree = "<group>"; };
		27C55E0E2538CE0100923EE8 /* QueriesView.swift */ = {isa = PBXFileReference; fileEncoding = 4; lastKnownFileType = sourcecode.swift; path = QueriesView.swift; sourceTree = "<group>"; };
		27C55E0F2538CE0100923EE8 /* MembersByStatusEntryView.swift */ = {isa = PBXFileReference; fileEncoding = 4; lastKnownFileType = sourcecode.swift; path = MembersByStatusEntryView.swift; sourceTree = "<group>"; };
		27C55E102538CE0100923EE8 /* MembersByStatusView.swift */ = {isa = PBXFileReference; fileEncoding = 4; lastKnownFileType = sourcecode.swift; path = MembersByStatusView.swift; sourceTree = "<group>"; };
		27C55E242538CE9400923EE8 /* MockedData.swift */ = {isa = PBXFileReference; fileEncoding = 4; lastKnownFileType = sourcecode.swift; path = MockedData.swift; sourceTree = "<group>"; };
		27C55E2B2538E67700923EE8 /* MoveToHouseholdAccumulator.swift */ = {isa = PBXFileReference; fileEncoding = 4; lastKnownFileType = sourcecode.swift; path = MoveToHouseholdAccumulator.swift; sourceTree = "<group>"; };
		27C55E2C2538E67700923EE8 /* DataTransactionsView.swift */ = {isa = PBXFileReference; fileEncoding = 4; lastKnownFileType = sourcecode.swift; path = DataTransactionsView.swift; sourceTree = "<group>"; };
		27C55E2D2538E67700923EE8 /* MoveToHouseholdView.swift */ = {isa = PBXFileReference; fileEncoding = 4; lastKnownFileType = sourcecode.swift; path = MoveToHouseholdView.swift; sourceTree = "<group>"; };
		27C55E392538E74300923EE8 /* FamilyJoinView.swift */ = {isa = PBXFileReference; fileEncoding = 4; lastKnownFileType = sourcecode.swift; path = FamilyJoinView.swift; sourceTree = "<group>"; };
		27C55E3A2538E74300923EE8 /* FamilyJoinAccumulator.swift */ = {isa = PBXFileReference; fileEncoding = 4; lastKnownFileType = sourcecode.swift; path = FamilyJoinAccumulator.swift; sourceTree = "<group>"; };
		27C55E3B2538E74300923EE8 /* FamilyJoinHouseholdPhaseView.swift */ = {isa = PBXFileReference; fileEncoding = 4; lastKnownFileType = sourcecode.swift; path = FamilyJoinHouseholdPhaseView.swift; sourceTree = "<group>"; };
		27C55E3C2538E74300923EE8 /* FamilyJoinHeadPhaseView.swift */ = {isa = PBXFileReference; fileEncoding = 4; lastKnownFileType = sourcecode.swift; path = FamilyJoinHeadPhaseView.swift; sourceTree = "<group>"; };
		27C55E3D2538E74300923EE8 /* FamilyJoinTransactionPhaseView.swift */ = {isa = PBXFileReference; fileEncoding = 4; lastKnownFileType = sourcecode.swift; path = FamilyJoinTransactionPhaseView.swift; sourceTree = "<group>"; };
		27C55E4D2538E7A000923EE8 /* DataCheckerView.swift */ = {isa = PBXFileReference; fileEncoding = 4; lastKnownFileType = sourcecode.swift; path = DataCheckerView.swift; sourceTree = "<group>"; };
		27C55E4E2538E7A000923EE8 /* DataCheckReport.swift */ = {isa = PBXFileReference; fileEncoding = 4; lastKnownFileType = sourcecode.swift; path = DataCheckReport.swift; sourceTree = "<group>"; };
		27C55E4F2538E7A000923EE8 /* DataChecker.swift */ = {isa = PBXFileReference; fileEncoding = 4; lastKnownFileType = sourcecode.swift; path = DataChecker.swift; sourceTree = "<group>"; };
		27C55E502538E7A000923EE8 /* DataCheckReportView.swift */ = {isa = PBXFileReference; fileEncoding = 4; lastKnownFileType = sourcecode.swift; path = DataCheckReportView.swift; sourceTree = "<group>"; };
		27C6B4A32506ADD20086181F /* README.md */ = {isa = PBXFileReference; fileEncoding = 4; lastKnownFileType = net.daringfireball.markdown; path = README.md; sourceTree = SOURCE_ROOT; };
		27D7D7F22555D2B200A983AA /* PhonelistView.swift */ = {isa = PBXFileReference; fileEncoding = 4; lastKnownFileType = sourcecode.swift; path = PhonelistView.swift; sourceTree = "<group>"; };
		27EB1309254A0769008E8A8B /* PhonelistEntryView.swift */ = {isa = PBXFileReference; lastKnownFileType = sourcecode.swift; path = PhonelistEntryView.swift; sourceTree = "<group>"; };
		27EB1319254A3B9C008E8A8B /* PhonelistResultsView.swift */ = {isa = PBXFileReference; lastKnownFileType = sourcecode.swift; path = PhonelistResultsView.swift; sourceTree = "<group>"; };
		27FD5AE0254DDC4F0086F120 /* IntegerTextField.swift */ = {isa = PBXFileReference; lastKnownFileType = sourcecode.swift; path = IntegerTextField.swift; sourceTree = "<group>"; };
		27FD5AE7254DE2CD0086F120 /* PhonelistMaker.swift */ = {isa = PBXFileReference; lastKnownFileType = sourcecode.swift; path = PhonelistMaker.swift; sourceTree = "<group>"; };
/* End PBXFileReference section */

/* Begin PBXFrameworksBuildPhase section */
		276B972E250008DB003E19BA /* Frameworks */ = {
			isa = PBXFrameworksBuildPhase;
			buildActionMask = 2147483647;
			files = (
				2703A95525001B2C00BB0061 /* PMDataTypes in Frameworks */,
			);
			runOnlyForDeploymentPostprocessing = 0;
		};
		276B9736250008DB003E19BA /* Frameworks */ = {
			isa = PBXFrameworksBuildPhase;
			buildActionMask = 2147483647;
			files = (
			);
			runOnlyForDeploymentPostprocessing = 0;
		};
		276B973E250008DB003E19BA /* Frameworks */ = {
			isa = PBXFrameworksBuildPhase;
			buildActionMask = 2147483647;
			files = (
			);
			runOnlyForDeploymentPostprocessing = 0;
		};
		276B9749250008DB003E19BA /* Frameworks */ = {
			isa = PBXFrameworksBuildPhase;
			buildActionMask = 2147483647;
			files = (
			);
			runOnlyForDeploymentPostprocessing = 0;
		};
/* End PBXFrameworksBuildPhase section */

/* Begin PBXGroup section */
		276B9723250008DA003E19BA = {
			isa = PBXGroup;
			children = (
				276B9728250008DA003E19BA /* Shared */,
				276B9733250008DB003E19BA /* iOS */,
				276B973A250008DB003E19BA /* macOS */,
				276B9744250008DB003E19BA /* Tests iOS */,
				276B974F250008DB003E19BA /* Tests macOS */,
				276B9732250008DB003E19BA /* Products */,
			);
			sourceTree = "<group>";
		};
		276B9728250008DA003E19BA /* Shared */ = {
			isa = PBXGroup;
			children = (
				276B972B250008DA003E19BA /* ContentView.swift */,
				277C9526254223110032638A /* Document */,
				27C55E5D2538E7A400923EE8 /* DataChecker */,
				27C55E4C2538E74900923EE8 /* Family Join */,
				27C55E382538E67D00923EE8 /* Transactions */,
				27C55E1F2538CE0700923EE8 /* Queries */,
				27B20DE82529143000C80696 /* Address */,
				276B972C250008DB003E19BA /* Assets.xcassets */,
				27B20DD52529123C00C80696 /* EditFields */,
				27B20D8B2529107200C80696 /* Households */,
				27B20DB42529116B00C80696 /* Members */,
				277C952E254333760032638A /* Styling */,
				276B9729250008DA003E19BA /* PeriMeleonApp.swift */,
				27C6B4A32506ADD20086181F /* README.md */,
				27C55E242538CE9400923EE8 /* MockedData.swift */,
			);
			path = Shared;
			sourceTree = "<group>";
		};
		276B9732250008DB003E19BA /* Products */ = {
			isa = PBXGroup;
			children = (
				276B9731250008DB003E19BA /* PeriMeleon.app */,
				276B9739250008DB003E19BA /* PeriMeleon.app */,
				276B9741250008DB003E19BA /* Tests iOS.xctest */,
				276B974C250008DB003E19BA /* Tests macOS.xctest */,
			);
			name = Products;
			sourceTree = "<group>";
		};
		276B9733250008DB003E19BA /* iOS */ = {
			isa = PBXGroup;
			children = (
				276B9734250008DB003E19BA /* Info.plist */,
			);
			path = iOS;
			sourceTree = "<group>";
		};
		276B973A250008DB003E19BA /* macOS */ = {
			isa = PBXGroup;
			children = (
				276B973B250008DB003E19BA /* Info.plist */,
				276B973C250008DB003E19BA /* macOS.entitlements */,
			);
			path = macOS;
			sourceTree = "<group>";
		};
		276B9744250008DB003E19BA /* Tests iOS */ = {
			isa = PBXGroup;
			children = (
				276B9745250008DB003E19BA /* Tests_iOS.swift */,
				276B9747250008DB003E19BA /* Info.plist */,
			);
			path = "Tests iOS";
			sourceTree = "<group>";
		};
		276B974F250008DB003E19BA /* Tests macOS */ = {
			isa = PBXGroup;
			children = (
				276B9750250008DB003E19BA /* Tests_macOS.swift */,
				276B9752250008DB003E19BA /* Info.plist */,
			);
			path = "Tests macOS";
			sourceTree = "<group>";
		};
		277C9526254223110032638A /* Document */ = {
			isa = PBXGroup;
			children = (
				276B972A250008DA003E19BA /* PeriMeleonDocument.swift */,
				272F7234251672F8009E4CF3 /* PeriMeleonContent.swift */,
				272F722D251533BD009E4CF3 /* CryptoKey.swift */,
			);
			name = Document;
			sourceTree = "<group>";
		};
		277C952E254333760032638A /* Styling */ = {
			isa = PBXGroup;
			children = (
				27C55E0C2538CE0100923EE8 /* CompactToggleView.swift */,
				277C95172540DD6A0032638A /* PreviewShowoffView.swift */,
				277C95102540DC230032638A /* PreviewProviderModifier.swift */,
				277C952F254333A50032638A /* CheckboxToggleStyle.swift */,
				277C953E2544B4860032638A /* ShareSheet.swift */,
				2723592F254B51AE00137925 /* RoundedOutlineButton.swift */,
				27FD5AE0254DDC4F0086F120 /* IntegerTextField.swift */,
			);
			name = Styling;
			sourceTree = "<group>";
		};
		27B20D8B2529107200C80696 /* Households */ = {
			isa = PBXGroup;
			children = (
				27B20D7E2529106500C80696 /* HouseholdRowView.swift */,
				27B20D7F2529106500C80696 /* HouseholdsView.swift */,
				27B20D802529106500C80696 /* HouseholdView.swift */,
				27BC8CBE253B6B7700520F54 /* NormalizedHousehold.swift */,
			);
			name = Households;
			sourceTree = "<group>";
		};
		27B20DB42529116B00C80696 /* Members */ = {
			isa = PBXGroup;
			children = (
				27B20D8E2529113A00C80696 /* CoreMemberView.swift */,
				27B20D962529113B00C80696 /* MemberEditView.swift */,
				27B20D972529113B00C80696 /* MemberRowView.swift */,
				27B20D922529113B00C80696 /* MembersView.swift */,
				27B20D912529113B00C80696 /* MemberView.swift */,
				27B20D952529113B00C80696 /* ServiceEditView.swift */,
				27B20D942529113B00C80696 /* Services.swift */,
				27B20D8C2529113A00C80696 /* TextAttributeView.swift */,
				27B20D8F2529113B00C80696 /* TransactionEditView.swift */,
				27B20D902529113B00C80696 /* Transactions.swift */,
				277C9527254223C20032638A /* Member+Age.swift */,
			);
			name = Members;
			sourceTree = "<group>";
		};
		27B20DD52529123C00C80696 /* EditFields */ = {
			isa = PBXGroup;
			children = (
				275D3CA22532029100D65992 /* EditDisplayView.swift */,
				27B20DB92529123400C80696 /* ChooseHouseholdView.swift */,
				27B20DC02529123400C80696 /* EditBoolView.swift */,
				27B20DBC2529123400C80696 /* EditDateButton.swift */,
				27B20DBA2529123400C80696 /* EditOptionalDateView.swift */,
				27B20DBE2529123400C80696 /* EditOptionalParentView.swift */,
				27B20DBB2529123400C80696 /* EditOptionalTextView.swift */,
				27B20DBF2529123400C80696 /* EditSexView.swift */,
				27B20DBD2529123400C80696 /* EditTextView.swift */,
			);
			name = EditFields;
			sourceTree = "<group>";
		};
		27B20DE82529143000C80696 /* Address */ = {
			isa = PBXGroup;
			children = (
				27B20DDE2529142900C80696 /* AddressEditView.swift */,
				27B20DDF2529142900C80696 /* AddressView.swift */,
			);
			name = Address;
			sourceTree = "<group>";
		};
		27C55E1F2538CE0700923EE8 /* Queries */ = {
			isa = PBXGroup;
			children = (
				27EB1308254A071A008E8A8B /* Phonelist */,
				27EB1307254A06F7008E8A8B /* MembersByStatus */,
				27C55E0E2538CE0100923EE8 /* QueriesView.swift */,
				277C95492544BED40032638A /* QueryResults.swift */,
			);
			name = Queries;
			sourceTree = "<group>";
		};
		27C55E382538E67D00923EE8 /* Transactions */ = {
			isa = PBXGroup;
			children = (
				27C55E2C2538E67700923EE8 /* DataTransactionsView.swift */,
				27C55E2B2538E67700923EE8 /* MoveToHouseholdAccumulator.swift */,
				27C55E2D2538E67700923EE8 /* MoveToHouseholdView.swift */,
			);
			name = Transactions;
			sourceTree = "<group>";
		};
		27C55E4C2538E74900923EE8 /* Family Join */ = {
			isa = PBXGroup;
			children = (
				27C55E3A2538E74300923EE8 /* FamilyJoinAccumulator.swift */,
				27C55E3C2538E74300923EE8 /* FamilyJoinHeadPhaseView.swift */,
				27C55E3B2538E74300923EE8 /* FamilyJoinHouseholdPhaseView.swift */,
				27C55E3D2538E74300923EE8 /* FamilyJoinTransactionPhaseView.swift */,
				27C55E392538E74300923EE8 /* FamilyJoinView.swift */,
			);
			name = "Family Join";
			sourceTree = "<group>";
		};
		27C55E5D2538E7A400923EE8 /* DataChecker */ = {
			isa = PBXGroup;
			children = (
				27C55E4F2538E7A000923EE8 /* DataChecker.swift */,
				27C55E4D2538E7A000923EE8 /* DataCheckerView.swift */,
				27C55E4E2538E7A000923EE8 /* DataCheckReport.swift */,
				27C55E502538E7A000923EE8 /* DataCheckReportView.swift */,
			);
			name = DataChecker;
			sourceTree = "<group>";
		};
		27EB1307254A06F7008E8A8B /* MembersByStatus */ = {
			isa = PBXGroup;
			children = (
				27C55E0F2538CE0100923EE8 /* MembersByStatusEntryView.swift */,
				27C55E0D2538CE0100923EE8 /* MembersByStatusResultsView.swift */,
				27C55E102538CE0100923EE8 /* MembersByStatusView.swift */,
			);
			name = MembersByStatus;
			sourceTree = "<group>";
		};
		27EB1308254A071A008E8A8B /* Phonelist */ = {
			isa = PBXGroup;
			children = (
				27D7D7F22555D2B200A983AA /* PhonelistView.swift */,
				27EB1309254A0769008E8A8B /* PhonelistEntryView.swift */,
				27EB1319254A3B9C008E8A8B /* PhonelistResultsView.swift */,
				27FD5AE7254DE2CD0086F120 /* PhonelistMaker.swift */,
			);
			name = Phonelist;
			sourceTree = "<group>";
		};
/* End PBXGroup section */

/* Begin PBXNativeTarget section */
		276B9730250008DB003E19BA /* PeriMeleon (iOS) */ = {
			isa = PBXNativeTarget;
			buildConfigurationList = 276B975D250008DB003E19BA /* Build configuration list for PBXNativeTarget "PeriMeleon (iOS)" */;
			buildPhases = (
				276B972D250008DB003E19BA /* Sources */,
				276B972E250008DB003E19BA /* Frameworks */,
				276B972F250008DB003E19BA /* Resources */,
			);
			buildRules = (
			);
			dependencies = (
			);
			name = "PeriMeleon (iOS)";
			packageProductDependencies = (
				2703A95425001B2C00BB0061 /* PMDataTypes */,
			);
			productName = "PeriMeleon (iOS)";
			productReference = 276B9731250008DB003E19BA /* PeriMeleon.app */;
			productType = "com.apple.product-type.application";
		};
		276B9738250008DB003E19BA /* PeriMeleon (macOS) */ = {
			isa = PBXNativeTarget;
			buildConfigurationList = 276B9760250008DB003E19BA /* Build configuration list for PBXNativeTarget "PeriMeleon (macOS)" */;
			buildPhases = (
				276B9735250008DB003E19BA /* Sources */,
				276B9736250008DB003E19BA /* Frameworks */,
				276B9737250008DB003E19BA /* Resources */,
			);
			buildRules = (
			);
			dependencies = (
			);
			name = "PeriMeleon (macOS)";
			productName = "PeriMeleon (macOS)";
			productReference = 276B9739250008DB003E19BA /* PeriMeleon.app */;
			productType = "com.apple.product-type.application";
		};
		276B9740250008DB003E19BA /* Tests iOS */ = {
			isa = PBXNativeTarget;
			buildConfigurationList = 276B9763250008DB003E19BA /* Build configuration list for PBXNativeTarget "Tests iOS" */;
			buildPhases = (
				276B973D250008DB003E19BA /* Sources */,
				276B973E250008DB003E19BA /* Frameworks */,
				276B973F250008DB003E19BA /* Resources */,
			);
			buildRules = (
			);
			dependencies = (
				276B9743250008DB003E19BA /* PBXTargetDependency */,
			);
			name = "Tests iOS";
			productName = "Tests iOS";
			productReference = 276B9741250008DB003E19BA /* Tests iOS.xctest */;
			productType = "com.apple.product-type.bundle.ui-testing";
		};
		276B974B250008DB003E19BA /* Tests macOS */ = {
			isa = PBXNativeTarget;
			buildConfigurationList = 276B9766250008DB003E19BA /* Build configuration list for PBXNativeTarget "Tests macOS" */;
			buildPhases = (
				276B9748250008DB003E19BA /* Sources */,
				276B9749250008DB003E19BA /* Frameworks */,
				276B974A250008DB003E19BA /* Resources */,
			);
			buildRules = (
			);
			dependencies = (
				276B974E250008DB003E19BA /* PBXTargetDependency */,
			);
			name = "Tests macOS";
			productName = "Tests macOS";
			productReference = 276B974C250008DB003E19BA /* Tests macOS.xctest */;
			productType = "com.apple.product-type.bundle.ui-testing";
		};
/* End PBXNativeTarget section */

/* Begin PBXProject section */
		276B9724250008DA003E19BA /* Project object */ = {
			isa = PBXProject;
			attributes = {
				LastSwiftUpdateCheck = 1200;
				LastUpgradeCheck = 1210;
				TargetAttributes = {
					276B9730250008DB003E19BA = {
						CreatedOnToolsVersion = 12.0;
					};
					276B9738250008DB003E19BA = {
						CreatedOnToolsVersion = 12.0;
					};
					276B9740250008DB003E19BA = {
						CreatedOnToolsVersion = 12.0;
						TestTargetID = 276B9730250008DB003E19BA;
					};
					276B974B250008DB003E19BA = {
						CreatedOnToolsVersion = 12.0;
						TestTargetID = 276B9738250008DB003E19BA;
					};
				};
			};
			buildConfigurationList = 276B9727250008DA003E19BA /* Build configuration list for PBXProject "PeriMeleon" */;
			compatibilityVersion = "Xcode 9.3";
			developmentRegion = en;
			hasScannedForEncodings = 0;
			knownRegions = (
				en,
				Base,
			);
			mainGroup = 276B9723250008DA003E19BA;
			packageReferences = (
				2703A95325001B2C00BB0061 /* XCRemoteSwiftPackageReference "PMDataTypes" */,
			);
			productRefGroup = 276B9732250008DB003E19BA /* Products */;
			projectDirPath = "";
			projectRoot = "";
			targets = (
				276B9730250008DB003E19BA /* PeriMeleon (iOS) */,
				276B9738250008DB003E19BA /* PeriMeleon (macOS) */,
				276B9740250008DB003E19BA /* Tests iOS */,
				276B974B250008DB003E19BA /* Tests macOS */,
			);
		};
/* End PBXProject section */

/* Begin PBXResourcesBuildPhase section */
		276B972F250008DB003E19BA /* Resources */ = {
			isa = PBXResourcesBuildPhase;
			buildActionMask = 2147483647;
			files = (
				27C6B4A42506ADD20086181F /* README.md in Resources */,
				276B9759250008DB003E19BA /* Assets.xcassets in Resources */,
			);
			runOnlyForDeploymentPostprocessing = 0;
		};
		276B9737250008DB003E19BA /* Resources */ = {
			isa = PBXResourcesBuildPhase;
			buildActionMask = 2147483647;
			files = (
				27C6B4A52506ADD20086181F /* README.md in Resources */,
				276B975A250008DB003E19BA /* Assets.xcassets in Resources */,
			);
			runOnlyForDeploymentPostprocessing = 0;
		};
		276B973F250008DB003E19BA /* Resources */ = {
			isa = PBXResourcesBuildPhase;
			buildActionMask = 2147483647;
			files = (
			);
			runOnlyForDeploymentPostprocessing = 0;
		};
		276B974A250008DB003E19BA /* Resources */ = {
			isa = PBXResourcesBuildPhase;
			buildActionMask = 2147483647;
			files = (
			);
			runOnlyForDeploymentPostprocessing = 0;
		};
/* End PBXResourcesBuildPhase section */

/* Begin PBXSourcesBuildPhase section */
		276B972D250008DB003E19BA /* Sources */ = {
			isa = PBXSourcesBuildPhase;
			buildActionMask = 2147483647;
			files = (
				27235930254B51AE00137925 /* RoundedOutlineButton.swift in Sources */,
				27C55E462538E74300923EE8 /* FamilyJoinTransactionPhaseView.swift in Sources */,
				277C9528254223C20032638A /* Member+Age.swift in Sources */,
				27B20DC12529123400C80696 /* ChooseHouseholdView.swift in Sources */,
				275D3CA32532029100D65992 /* EditDisplayView.swift in Sources */,
				27B20DA82529113B00C80696 /* Services.swift in Sources */,
				272F7235251672F8009E4CF3 /* PeriMeleonContent.swift in Sources */,
				27C55E422538E74300923EE8 /* FamilyJoinHouseholdPhaseView.swift in Sources */,
				27C55E512538E7A000923EE8 /* DataCheckerView.swift in Sources */,
				27B20DA02529113B00C80696 /* Transactions.swift in Sources */,
				27C55E252538CE9400923EE8 /* MockedData.swift in Sources */,
				27C55E152538CE0100923EE8 /* QueriesView.swift in Sources */,
				27B20DC92529123400C80696 /* EditTextView.swift in Sources */,
				27B20DC52529123400C80696 /* EditOptionalTextView.swift in Sources */,
				27C55E532538E7A000923EE8 /* DataCheckReport.swift in Sources */,
				27FD5AE1254DDC4F0086F120 /* IntegerTextField.swift in Sources */,
				27EB131A254A3B9C008E8A8B /* PhonelistResultsView.swift in Sources */,
				27C55E132538CE0100923EE8 /* MembersByStatusResultsView.swift in Sources */,
				27B20DA22529113B00C80696 /* MemberView.swift in Sources */,
				272F722E251533BD009E4CF3 /* CryptoKey.swift in Sources */,
				277C95182540DD6A0032638A /* PreviewShowoffView.swift in Sources */,
				27B20DCD2529123400C80696 /* EditSexView.swift in Sources */,
				27C55E3E2538E74300923EE8 /* FamilyJoinView.swift in Sources */,
				27B20D982529113B00C80696 /* TextAttributeView.swift in Sources */,
				27C55E192538CE0100923EE8 /* MembersByStatusView.swift in Sources */,
				27BC8CBF253B6B7700520F54 /* NormalizedHousehold.swift in Sources */,
				27B20DA42529113B00C80696 /* MembersView.swift in Sources */,
				27B20DAC2529113B00C80696 /* MemberEditView.swift in Sources */,
				27B20D832529106500C80696 /* HouseholdsView.swift in Sources */,
				277C9530254333A50032638A /* CheckboxToggleStyle.swift in Sources */,
				27B20DAE2529113B00C80696 /* MemberRowView.swift in Sources */,
				27C55E302538E67700923EE8 /* DataTransactionsView.swift in Sources */,
				27FD5AE8254DE2CD0086F120 /* PhonelistMaker.swift in Sources */,
				276B9755250008DB003E19BA /* PeriMeleonDocument.swift in Sources */,
				277C95112540DC230032638A /* PreviewProviderModifier.swift in Sources */,
				27C55E112538CE0100923EE8 /* CompactToggleView.swift in Sources */,
				27C55E322538E67700923EE8 /* MoveToHouseholdView.swift in Sources */,
				27B20DE22529142900C80696 /* AddressView.swift in Sources */,
				27C55E552538E7A000923EE8 /* DataChecker.swift in Sources */,
				27B20D9C2529113B00C80696 /* CoreMemberView.swift in Sources */,
				27B20DC72529123400C80696 /* EditDateButton.swift in Sources */,
				27B20DCF2529123400C80696 /* EditBoolView.swift in Sources */,
				27C55E402538E74300923EE8 /* FamilyJoinAccumulator.swift in Sources */,
				27C55E442538E74300923EE8 /* FamilyJoinHeadPhaseView.swift in Sources */,
				277C953F2544B4870032638A /* ShareSheet.swift in Sources */,
				27B20D852529106500C80696 /* HouseholdView.swift in Sources */,
				27C55E572538E7A000923EE8 /* DataCheckReportView.swift in Sources */,
				27D7D7F32555D2B200A983AA /* PhonelistView.swift in Sources */,
				27B20DAA2529113B00C80696 /* ServiceEditView.swift in Sources */,
				27B20DC32529123400C80696 /* EditOptionalDateView.swift in Sources */,
				27EB130A254A0769008E8A8B /* PhonelistEntryView.swift in Sources */,
				27C55E2E2538E67700923EE8 /* MoveToHouseholdAccumulator.swift in Sources */,
				27B20DCB2529123400C80696 /* EditOptionalParentView.swift in Sources */,
				277C954A2544BED40032638A /* QueryResults.swift in Sources */,
				27B20DE02529142900C80696 /* AddressEditView.swift in Sources */,
				276B9753250008DB003E19BA /* PeriMeleonApp.swift in Sources */,
				276B9757250008DB003E19BA /* ContentView.swift in Sources */,
				27B20D812529106500C80696 /* HouseholdRowView.swift in Sources */,
				27C55E172538CE0100923EE8 /* MembersByStatusEntryView.swift in Sources */,
				27B20D9E2529113B00C80696 /* TransactionEditView.swift in Sources */,
			);
			runOnlyForDeploymentPostprocessing = 0;
		};
		276B9735250008DB003E19BA /* Sources */ = {
			isa = PBXSourcesBuildPhase;
			buildActionMask = 2147483647;
			files = (
				27FD5AE2254DDC4F0086F120 /* IntegerTextField.swift in Sources */,
				27C55E472538E74300923EE8 /* FamilyJoinTransactionPhaseView.swift in Sources */,
				277C9529254223C20032638A /* Member+Age.swift in Sources */,
				27B20DC22529123400C80696 /* ChooseHouseholdView.swift in Sources */,
				275D3CA42532029100D65992 /* EditDisplayView.swift in Sources */,
				27B20DA92529113B00C80696 /* Services.swift in Sources */,
				272F722F251533BD009E4CF3 /* CryptoKey.swift in Sources */,
				27235931254B51AE00137925 /* RoundedOutlineButton.swift in Sources */,
				27C55E432538E74300923EE8 /* FamilyJoinHouseholdPhaseView.swift in Sources */,
				27FD5AE9254DE2CD0086F120 /* PhonelistMaker.swift in Sources */,
				27C55E522538E7A000923EE8 /* DataCheckerView.swift in Sources */,
				27B20DA12529113B00C80696 /* Transactions.swift in Sources */,
				27C55E262538CE9400923EE8 /* MockedData.swift in Sources */,
				27C55E162538CE0100923EE8 /* QueriesView.swift in Sources */,
				27B20DCA2529123400C80696 /* EditTextView.swift in Sources */,
				27B20DC62529123400C80696 /* EditOptionalTextView.swift in Sources */,
				27C55E542538E7A000923EE8 /* DataCheckReport.swift in Sources */,
				27C55E142538CE0100923EE8 /* MembersByStatusResultsView.swift in Sources */,
				27B20DA32529113B00C80696 /* MemberView.swift in Sources */,
				276B9756250008DB003E19BA /* PeriMeleonDocument.swift in Sources */,
				277C95192540DD6A0032638A /* PreviewShowoffView.swift in Sources */,
				27B20DCE2529123400C80696 /* EditSexView.swift in Sources */,
				27C55E3F2538E74300923EE8 /* FamilyJoinView.swift in Sources */,
				27B20D992529113B00C80696 /* TextAttributeView.swift in Sources */,
				27C55E1A2538CE0100923EE8 /* MembersByStatusView.swift in Sources */,
				27BC8CC0253B6B7700520F54 /* NormalizedHousehold.swift in Sources */,
				27B20DA52529113B00C80696 /* MembersView.swift in Sources */,
				27B20DAD2529113B00C80696 /* MemberEditView.swift in Sources */,
				27B20D842529106500C80696 /* HouseholdsView.swift in Sources */,
				277C9531254333A50032638A /* CheckboxToggleStyle.swift in Sources */,
				27B20DAF2529113B00C80696 /* MemberRowView.swift in Sources */,
				27C55E312538E67700923EE8 /* DataTransactionsView.swift in Sources */,
				272F7236251672F8009E4CF3 /* PeriMeleonContent.swift in Sources */,
				277C95122540DC230032638A /* PreviewProviderModifier.swift in Sources */,
				27C55E122538CE0100923EE8 /* CompactToggleView.swift in Sources */,
				27C55E332538E67700923EE8 /* MoveToHouseholdView.swift in Sources */,
				27B20DE32529142900C80696 /* AddressView.swift in Sources */,
				27C55E562538E7A000923EE8 /* DataChecker.swift in Sources */,
				27B20D9D2529113B00C80696 /* CoreMemberView.swift in Sources */,
				27B20DC82529123400C80696 /* EditDateButton.swift in Sources */,
				27B20DD02529123400C80696 /* EditBoolView.swift in Sources */,
				27C55E412538E74300923EE8 /* FamilyJoinAccumulator.swift in Sources */,
				27C55E452538E74300923EE8 /* FamilyJoinHeadPhaseView.swift in Sources */,
				277C95402544B4870032638A /* ShareSheet.swift in Sources */,
				27B20D862529106500C80696 /* HouseholdView.swift in Sources */,
				27C55E582538E7A000923EE8 /* DataCheckReportView.swift in Sources */,
				27B20DAB2529113B00C80696 /* ServiceEditView.swift in Sources */,
				27B20DC42529123400C80696 /* EditOptionalDateView.swift in Sources */,
				27C55E2F2538E67700923EE8 /* MoveToHouseholdAccumulator.swift in Sources */,
				27B20DCC2529123400C80696 /* EditOptionalParentView.swift in Sources */,
				277C954B2544BED40032638A /* QueryResults.swift in Sources */,
				27B20DE12529142900C80696 /* AddressEditView.swift in Sources */,
				276B9754250008DB003E19BA /* PeriMeleonApp.swift in Sources */,
				276B9758250008DB003E19BA /* ContentView.swift in Sources */,
				27B20D822529106500C80696 /* HouseholdRowView.swift in Sources */,
				27C55E182538CE0100923EE8 /* MembersByStatusEntryView.swift in Sources */,
				27B20D9F2529113B00C80696 /* TransactionEditView.swift in Sources */,
			);
			runOnlyForDeploymentPostprocessing = 0;
		};
		276B973D250008DB003E19BA /* Sources */ = {
			isa = PBXSourcesBuildPhase;
			buildActionMask = 2147483647;
			files = (
				276B9746250008DB003E19BA /* Tests_iOS.swift in Sources */,
			);
			runOnlyForDeploymentPostprocessing = 0;
		};
		276B9748250008DB003E19BA /* Sources */ = {
			isa = PBXSourcesBuildPhase;
			buildActionMask = 2147483647;
			files = (
				276B9751250008DB003E19BA /* Tests_macOS.swift in Sources */,
			);
			runOnlyForDeploymentPostprocessing = 0;
		};
/* End PBXSourcesBuildPhase section */

/* Begin PBXTargetDependency section */
		276B9743250008DB003E19BA /* PBXTargetDependency */ = {
			isa = PBXTargetDependency;
			target = 276B9730250008DB003E19BA /* PeriMeleon (iOS) */;
			targetProxy = 276B9742250008DB003E19BA /* PBXContainerItemProxy */;
		};
		276B974E250008DB003E19BA /* PBXTargetDependency */ = {
			isa = PBXTargetDependency;
			target = 276B9738250008DB003E19BA /* PeriMeleon (macOS) */;
			targetProxy = 276B974D250008DB003E19BA /* PBXContainerItemProxy */;
		};
/* End PBXTargetDependency section */

/* Begin XCBuildConfiguration section */
		276B975B250008DB003E19BA /* Debug */ = {
			isa = XCBuildConfiguration;
			buildSettings = {
				ALWAYS_SEARCH_USER_PATHS = NO;
				CLANG_ANALYZER_NONNULL = YES;
				CLANG_ANALYZER_NUMBER_OBJECT_CONVERSION = YES_AGGRESSIVE;
				CLANG_CXX_LANGUAGE_STANDARD = "gnu++14";
				CLANG_CXX_LIBRARY = "libc++";
				CLANG_ENABLE_MODULES = YES;
				CLANG_ENABLE_OBJC_ARC = YES;
				CLANG_ENABLE_OBJC_WEAK = YES;
				CLANG_WARN_BLOCK_CAPTURE_AUTORELEASING = YES;
				CLANG_WARN_BOOL_CONVERSION = YES;
				CLANG_WARN_COMMA = YES;
				CLANG_WARN_CONSTANT_CONVERSION = YES;
				CLANG_WARN_DEPRECATED_OBJC_IMPLEMENTATIONS = YES;
				CLANG_WARN_DIRECT_OBJC_ISA_USAGE = YES_ERROR;
				CLANG_WARN_DOCUMENTATION_COMMENTS = YES;
				CLANG_WARN_EMPTY_BODY = YES;
				CLANG_WARN_ENUM_CONVERSION = YES;
				CLANG_WARN_INFINITE_RECURSION = YES;
				CLANG_WARN_INT_CONVERSION = YES;
				CLANG_WARN_NON_LITERAL_NULL_CONVERSION = YES;
				CLANG_WARN_OBJC_IMPLICIT_RETAIN_SELF = YES;
				CLANG_WARN_OBJC_LITERAL_CONVERSION = YES;
				CLANG_WARN_OBJC_ROOT_CLASS = YES_ERROR;
				CLANG_WARN_QUOTED_INCLUDE_IN_FRAMEWORK_HEADER = YES;
				CLANG_WARN_RANGE_LOOP_ANALYSIS = YES;
				CLANG_WARN_STRICT_PROTOTYPES = YES;
				CLANG_WARN_SUSPICIOUS_MOVE = YES;
				CLANG_WARN_UNGUARDED_AVAILABILITY = YES_AGGRESSIVE;
				CLANG_WARN_UNREACHABLE_CODE = YES;
				CLANG_WARN__DUPLICATE_METHOD_MATCH = YES;
				COPY_PHASE_STRIP = NO;
				DEBUG_INFORMATION_FORMAT = dwarf;
				ENABLE_STRICT_OBJC_MSGSEND = YES;
				ENABLE_TESTABILITY = YES;
				GCC_C_LANGUAGE_STANDARD = gnu11;
				GCC_DYNAMIC_NO_PIC = NO;
				GCC_NO_COMMON_BLOCKS = YES;
				GCC_OPTIMIZATION_LEVEL = 0;
				GCC_PREPROCESSOR_DEFINITIONS = (
					"DEBUG=1",
					"$(inherited)",
				);
				GCC_WARN_64_TO_32_BIT_CONVERSION = YES;
				GCC_WARN_ABOUT_RETURN_TYPE = YES_ERROR;
				GCC_WARN_UNDECLARED_SELECTOR = YES;
				GCC_WARN_UNINITIALIZED_AUTOS = YES_AGGRESSIVE;
				GCC_WARN_UNUSED_FUNCTION = YES;
				GCC_WARN_UNUSED_VARIABLE = YES;
				MTL_ENABLE_DEBUG_INFO = INCLUDE_SOURCE;
				MTL_FAST_MATH = YES;
				ONLY_ACTIVE_ARCH = YES;
				SWIFT_ACTIVE_COMPILATION_CONDITIONS = DEBUG;
				SWIFT_OPTIMIZATION_LEVEL = "-Onone";
			};
			name = Debug;
		};
		276B975C250008DB003E19BA /* Release */ = {
			isa = XCBuildConfiguration;
			buildSettings = {
				ALWAYS_SEARCH_USER_PATHS = NO;
				CLANG_ANALYZER_NONNULL = YES;
				CLANG_ANALYZER_NUMBER_OBJECT_CONVERSION = YES_AGGRESSIVE;
				CLANG_CXX_LANGUAGE_STANDARD = "gnu++14";
				CLANG_CXX_LIBRARY = "libc++";
				CLANG_ENABLE_MODULES = YES;
				CLANG_ENABLE_OBJC_ARC = YES;
				CLANG_ENABLE_OBJC_WEAK = YES;
				CLANG_WARN_BLOCK_CAPTURE_AUTORELEASING = YES;
				CLANG_WARN_BOOL_CONVERSION = YES;
				CLANG_WARN_COMMA = YES;
				CLANG_WARN_CONSTANT_CONVERSION = YES;
				CLANG_WARN_DEPRECATED_OBJC_IMPLEMENTATIONS = YES;
				CLANG_WARN_DIRECT_OBJC_ISA_USAGE = YES_ERROR;
				CLANG_WARN_DOCUMENTATION_COMMENTS = YES;
				CLANG_WARN_EMPTY_BODY = YES;
				CLANG_WARN_ENUM_CONVERSION = YES;
				CLANG_WARN_INFINITE_RECURSION = YES;
				CLANG_WARN_INT_CONVERSION = YES;
				CLANG_WARN_NON_LITERAL_NULL_CONVERSION = YES;
				CLANG_WARN_OBJC_IMPLICIT_RETAIN_SELF = YES;
				CLANG_WARN_OBJC_LITERAL_CONVERSION = YES;
				CLANG_WARN_OBJC_ROOT_CLASS = YES_ERROR;
				CLANG_WARN_QUOTED_INCLUDE_IN_FRAMEWORK_HEADER = YES;
				CLANG_WARN_RANGE_LOOP_ANALYSIS = YES;
				CLANG_WARN_STRICT_PROTOTYPES = YES;
				CLANG_WARN_SUSPICIOUS_MOVE = YES;
				CLANG_WARN_UNGUARDED_AVAILABILITY = YES_AGGRESSIVE;
				CLANG_WARN_UNREACHABLE_CODE = YES;
				CLANG_WARN__DUPLICATE_METHOD_MATCH = YES;
				COPY_PHASE_STRIP = NO;
				DEBUG_INFORMATION_FORMAT = "dwarf-with-dsym";
				ENABLE_NS_ASSERTIONS = NO;
				ENABLE_STRICT_OBJC_MSGSEND = YES;
				GCC_C_LANGUAGE_STANDARD = gnu11;
				GCC_NO_COMMON_BLOCKS = YES;
				GCC_WARN_64_TO_32_BIT_CONVERSION = YES;
				GCC_WARN_ABOUT_RETURN_TYPE = YES_ERROR;
				GCC_WARN_UNDECLARED_SELECTOR = YES;
				GCC_WARN_UNINITIALIZED_AUTOS = YES_AGGRESSIVE;
				GCC_WARN_UNUSED_FUNCTION = YES;
				GCC_WARN_UNUSED_VARIABLE = YES;
				MTL_ENABLE_DEBUG_INFO = NO;
				MTL_FAST_MATH = YES;
				SWIFT_COMPILATION_MODE = wholemodule;
				SWIFT_OPTIMIZATION_LEVEL = "-O";
			};
			name = Release;
		};
		276B975E250008DB003E19BA /* Debug */ = {
			isa = XCBuildConfiguration;
			buildSettings = {
				ASSETCATALOG_COMPILER_APPICON_NAME = AppIcon;
				ASSETCATALOG_COMPILER_GLOBAL_ACCENT_COLOR_NAME = AccentColor;
				CODE_SIGN_STYLE = Automatic;
				DEVELOPMENT_TEAM = KRGB7TX9DU;
				ENABLE_PREVIEWS = YES;
				INFOPLIST_FILE = iOS/Info.plist;
				IPHONEOS_DEPLOYMENT_TARGET = 14.0;
				LD_RUNPATH_SEARCH_PATHS = (
					"$(inherited)",
					"@executable_path/Frameworks",
				);
				PRODUCT_BUNDLE_IDENTIFIER = com.tyndalesoft.PeriMeleon;
				PRODUCT_NAME = PeriMeleon;
				SDKROOT = iphoneos;
				SWIFT_VERSION = 5.0;
				TARGETED_DEVICE_FAMILY = 2;
			};
			name = Debug;
		};
		276B975F250008DB003E19BA /* Release */ = {
			isa = XCBuildConfiguration;
			buildSettings = {
				ASSETCATALOG_COMPILER_APPICON_NAME = AppIcon;
				ASSETCATALOG_COMPILER_GLOBAL_ACCENT_COLOR_NAME = AccentColor;
				CODE_SIGN_STYLE = Automatic;
				DEVELOPMENT_TEAM = KRGB7TX9DU;
				ENABLE_PREVIEWS = YES;
				INFOPLIST_FILE = iOS/Info.plist;
				IPHONEOS_DEPLOYMENT_TARGET = 14.0;
				LD_RUNPATH_SEARCH_PATHS = (
					"$(inherited)",
					"@executable_path/Frameworks",
				);
				PRODUCT_BUNDLE_IDENTIFIER = com.tyndalesoft.PeriMeleon;
				PRODUCT_NAME = PeriMeleon;
				SDKROOT = iphoneos;
				SWIFT_VERSION = 5.0;
				TARGETED_DEVICE_FAMILY = 2;
				VALIDATE_PRODUCT = YES;
			};
			name = Release;
		};
		276B9761250008DB003E19BA /* Debug */ = {
			isa = XCBuildConfiguration;
			buildSettings = {
				ASSETCATALOG_COMPILER_APPICON_NAME = AppIcon;
				ASSETCATALOG_COMPILER_GLOBAL_ACCENT_COLOR_NAME = AccentColor;
				CODE_SIGN_ENTITLEMENTS = macOS/macOS.entitlements;
				CODE_SIGN_IDENTITY = "-";
				CODE_SIGN_STYLE = Automatic;
				COMBINE_HIDPI_IMAGES = YES;
				DEVELOPMENT_TEAM = KRGB7TX9DU;
				ENABLE_HARDENED_RUNTIME = YES;
				ENABLE_PREVIEWS = YES;
				INFOPLIST_FILE = macOS/Info.plist;
				LD_RUNPATH_SEARCH_PATHS = (
					"$(inherited)",
					"@executable_path/../Frameworks",
				);
				MACOSX_DEPLOYMENT_TARGET = 10.15;
				PRODUCT_BUNDLE_IDENTIFIER = com.tyndalesoft.PeriMeleon;
				PRODUCT_NAME = PeriMeleon;
				SDKROOT = macosx;
				SWIFT_VERSION = 5.0;
			};
			name = Debug;
		};
		276B9762250008DB003E19BA /* Release */ = {
			isa = XCBuildConfiguration;
			buildSettings = {
				ASSETCATALOG_COMPILER_APPICON_NAME = AppIcon;
				ASSETCATALOG_COMPILER_GLOBAL_ACCENT_COLOR_NAME = AccentColor;
				CODE_SIGN_ENTITLEMENTS = macOS/macOS.entitlements;
				CODE_SIGN_IDENTITY = "-";
				CODE_SIGN_STYLE = Automatic;
				COMBINE_HIDPI_IMAGES = YES;
				DEVELOPMENT_TEAM = KRGB7TX9DU;
				ENABLE_HARDENED_RUNTIME = YES;
				ENABLE_PREVIEWS = YES;
				INFOPLIST_FILE = macOS/Info.plist;
				LD_RUNPATH_SEARCH_PATHS = (
					"$(inherited)",
					"@executable_path/../Frameworks",
				);
				MACOSX_DEPLOYMENT_TARGET = 10.15;
				PRODUCT_BUNDLE_IDENTIFIER = com.tyndalesoft.PeriMeleon;
				PRODUCT_NAME = PeriMeleon;
				SDKROOT = macosx;
				SWIFT_VERSION = 5.0;
			};
			name = Release;
		};
		276B9764250008DB003E19BA /* Debug */ = {
			isa = XCBuildConfiguration;
			buildSettings = {
				ALWAYS_EMBED_SWIFT_STANDARD_LIBRARIES = YES;
				CODE_SIGN_STYLE = Automatic;
				DEVELOPMENT_TEAM = KRGB7TX9DU;
				INFOPLIST_FILE = "Tests iOS/Info.plist";
				IPHONEOS_DEPLOYMENT_TARGET = 14.0;
				LD_RUNPATH_SEARCH_PATHS = (
					"$(inherited)",
					"@executable_path/Frameworks",
					"@loader_path/Frameworks",
				);
				PRODUCT_BUNDLE_IDENTIFIER = "com.tyndalesoft.Tests-iOS";
				PRODUCT_NAME = "$(TARGET_NAME)";
				SDKROOT = iphoneos;
				SWIFT_VERSION = 5.0;
				TARGETED_DEVICE_FAMILY = "1,2";
				TEST_TARGET_NAME = "PeriMeleon (iOS)";
			};
			name = Debug;
		};
		276B9765250008DB003E19BA /* Release */ = {
			isa = XCBuildConfiguration;
			buildSettings = {
				ALWAYS_EMBED_SWIFT_STANDARD_LIBRARIES = YES;
				CODE_SIGN_STYLE = Automatic;
				DEVELOPMENT_TEAM = KRGB7TX9DU;
				INFOPLIST_FILE = "Tests iOS/Info.plist";
				IPHONEOS_DEPLOYMENT_TARGET = 14.0;
				LD_RUNPATH_SEARCH_PATHS = (
					"$(inherited)",
					"@executable_path/Frameworks",
					"@loader_path/Frameworks",
				);
				PRODUCT_BUNDLE_IDENTIFIER = "com.tyndalesoft.Tests-iOS";
				PRODUCT_NAME = "$(TARGET_NAME)";
				SDKROOT = iphoneos;
				SWIFT_VERSION = 5.0;
				TARGETED_DEVICE_FAMILY = "1,2";
				TEST_TARGET_NAME = "PeriMeleon (iOS)";
				VALIDATE_PRODUCT = YES;
			};
			name = Release;
		};
		276B9767250008DB003E19BA /* Debug */ = {
			isa = XCBuildConfiguration;
			buildSettings = {
				ALWAYS_EMBED_SWIFT_STANDARD_LIBRARIES = YES;
				CODE_SIGN_STYLE = Automatic;
				COMBINE_HIDPI_IMAGES = YES;
				DEVELOPMENT_TEAM = KRGB7TX9DU;
				INFOPLIST_FILE = "Tests macOS/Info.plist";
				LD_RUNPATH_SEARCH_PATHS = (
					"$(inherited)",
					"@executable_path/../Frameworks",
					"@loader_path/../Frameworks",
				);
				MACOSX_DEPLOYMENT_TARGET = 10.15;
				PRODUCT_BUNDLE_IDENTIFIER = "com.tyndalesoft.Tests-macOS";
				PRODUCT_NAME = "$(TARGET_NAME)";
				SDKROOT = macosx;
				SWIFT_VERSION = 5.0;
				TEST_TARGET_NAME = "PeriMeleon (macOS)";
			};
			name = Debug;
		};
		276B9768250008DB003E19BA /* Release */ = {
			isa = XCBuildConfiguration;
			buildSettings = {
				ALWAYS_EMBED_SWIFT_STANDARD_LIBRARIES = YES;
				CODE_SIGN_STYLE = Automatic;
				COMBINE_HIDPI_IMAGES = YES;
				DEVELOPMENT_TEAM = KRGB7TX9DU;
				INFOPLIST_FILE = "Tests macOS/Info.plist";
				LD_RUNPATH_SEARCH_PATHS = (
					"$(inherited)",
					"@executable_path/../Frameworks",
					"@loader_path/../Frameworks",
				);
				MACOSX_DEPLOYMENT_TARGET = 10.15;
				PRODUCT_BUNDLE_IDENTIFIER = "com.tyndalesoft.Tests-macOS";
				PRODUCT_NAME = "$(TARGET_NAME)";
				SDKROOT = macosx;
				SWIFT_VERSION = 5.0;
				TEST_TARGET_NAME = "PeriMeleon (macOS)";
			};
			name = Release;
		};
/* End XCBuildConfiguration section */

/* Begin XCConfigurationList section */
		276B9727250008DA003E19BA /* Build configuration list for PBXProject "PeriMeleon" */ = {
			isa = XCConfigurationList;
			buildConfigurations = (
				276B975B250008DB003E19BA /* Debug */,
				276B975C250008DB003E19BA /* Release */,
			);
			defaultConfigurationIsVisible = 0;
			defaultConfigurationName = Release;
		};
		276B975D250008DB003E19BA /* Build configuration list for PBXNativeTarget "PeriMeleon (iOS)" */ = {
			isa = XCConfigurationList;
			buildConfigurations = (
				276B975E250008DB003E19BA /* Debug */,
				276B975F250008DB003E19BA /* Release */,
			);
			defaultConfigurationIsVisible = 0;
			defaultConfigurationName = Release;
		};
		276B9760250008DB003E19BA /* Build configuration list for PBXNativeTarget "PeriMeleon (macOS)" */ = {
			isa = XCConfigurationList;
			buildConfigurations = (
				276B9761250008DB003E19BA /* Debug */,
				276B9762250008DB003E19BA /* Release */,
			);
			defaultConfigurationIsVisible = 0;
			defaultConfigurationName = Release;
		};
		276B9763250008DB003E19BA /* Build configuration list for PBXNativeTarget "Tests iOS" */ = {
			isa = XCConfigurationList;
			buildConfigurations = (
				276B9764250008DB003E19BA /* Debug */,
				276B9765250008DB003E19BA /* Release */,
			);
			defaultConfigurationIsVisible = 0;
			defaultConfigurationName = Release;
		};
		276B9766250008DB003E19BA /* Build configuration list for PBXNativeTarget "Tests macOS" */ = {
			isa = XCConfigurationList;
			buildConfigurations = (
				276B9767250008DB003E19BA /* Debug */,
				276B9768250008DB003E19BA /* Release */,
			);
			defaultConfigurationIsVisible = 0;
			defaultConfigurationName = Release;
		};
/* End XCConfigurationList section */

/* Begin XCRemoteSwiftPackageReference section */
		2703A95325001B2C00BB0061 /* XCRemoteSwiftPackageReference "PMDataTypes" */ = {
			isa = XCRemoteSwiftPackageReference;
			repositoryURL = "git@github.com:fkuhl/PMDataTypes.git";
			requirement = {
				kind = upToNextMajorVersion;
				minimumVersion = 4.0.0;
			};
		};
/* End XCRemoteSwiftPackageReference section */

/* Begin XCSwiftPackageProductDependency section */
		2703A95425001B2C00BB0061 /* PMDataTypes */ = {
			isa = XCSwiftPackageProductDependency;
			package = 2703A95325001B2C00BB0061 /* XCRemoteSwiftPackageReference "PMDataTypes" */;
			productName = PMDataTypes;
		};
/* End XCSwiftPackageProductDependency section */
	};
	rootObject = 276B9724250008DA003E19BA /* Project object */;
}
